PODS:
  - Alister (0.1.0):
    - Alister/ANKeyboardHandler (= 0.1.0)
    - Alister/ANListController (= 0.1.0)
    - Alister/ANPrototypingUIKit (= 0.1.0)
    - Alister/ANStorage (= 0.1.0)
  - Alister/ANKeyboardHandler (0.1.0)
  - Alister/ANListController (0.1.0):
    - Alister/ANKeyboardHandler
    - Alister/ANStorage
  - Alister/ANPrototypingUIKit (0.1.0):
    - Alister/ANKeyboardHandler
    - Alister/ANListController
    - libextobjc
    - Masonry
  - Alister/ANStorage (0.1.0)
  - Expecta (1.0.5)
  - libextobjc (0.4.1):
    - libextobjc/EXTADT (= 0.4.1)
    - libextobjc/EXTConcreteProtocol (= 0.4.1)
    - libextobjc/EXTKeyPathCoding (= 0.4.1)
    - libextobjc/EXTNil (= 0.4.1)
    - libextobjc/EXTSafeCategory (= 0.4.1)
    - libextobjc/EXTScope (= 0.4.1)
    - libextobjc/EXTSelectorChecking (= 0.4.1)
    - libextobjc/EXTSynthesize (= 0.4.1)
    - libextobjc/NSInvocation+EXT (= 0.4.1)
    - libextobjc/NSMethodSignature+EXT (= 0.4.1)
    - libextobjc/RuntimeExtensions (= 0.4.1)
    - libextobjc/UmbrellaHeader (= 0.4.1)
  - libextobjc/EXTADT (0.4.1):
    - libextobjc/RuntimeExtensions
  - libextobjc/EXTConcreteProtocol (0.4.1):
    - libextobjc/RuntimeExtensions
  - libextobjc/EXTKeyPathCoding (0.4.1):
    - libextobjc/RuntimeExtensions
  - libextobjc/EXTNil (0.4.1):
    - libextobjc/RuntimeExtensions
  - libextobjc/EXTSafeCategory (0.4.1):
    - libextobjc/RuntimeExtensions
  - libextobjc/EXTScope (0.4.1):
    - libextobjc/RuntimeExtensions
  - libextobjc/EXTSelectorChecking (0.4.1):
    - libextobjc/RuntimeExtensions
  - libextobjc/EXTSynthesize (0.4.1):
    - libextobjc/RuntimeExtensions
  - libextobjc/NSInvocation+EXT (0.4.1):
    - libextobjc/RuntimeExtensions
  - libextobjc/NSMethodSignature+EXT (0.4.1):
    - libextobjc/RuntimeExtensions
  - libextobjc/RuntimeExtensions (0.4.1)
  - libextobjc/UmbrellaHeader (0.4.1)
  - Masonry (1.0.2)
  - OCMock (3.3.1)
  - Reveal-iOS-SDK (1.6.2)
  - Specta (1.0.5)

DEPENDENCIES:
  - Alister (from `../`)
  - Expecta
  - Masonry
  - OCMock
  - Reveal-iOS-SDK (~> 1.6.1)
  - Specta

EXTERNAL SOURCES:
  Alister:
    :path: "../"

SPEC CHECKSUMS:
  Alister: d73b25b91b48de5a7ee04d55d5f2f45d901dd718
  Expecta: e1c022fcd33910b6be89c291d2775b3fe27a89fe
  libextobjc: a650fc1bf489a3d3a9bc2e621efa3e1006fc5471
  Masonry: 7c429b56da9d4ee0bbb3ed77a5ea710d6a5df39e
  OCMock: f3f61e6eaa16038c30caa5798c5e49d3307b6f22
  Reveal-iOS-SDK: e2250b3c155bcfac53ae223ddc1f76d08f206c33
  Specta: ac94d110b865115fe60ff2c6d7281053c6f8e8a2

PODFILE CHECKSUM: 03b70d37adeca8da4c8a5cffbec1fcfbf33d49b0

COCOAPODS: 1.0.1
