// !$*UTF8*$!
{
	archiveVersion = 1;
	classes = {
	};
	objectVersion = 46;
	objects = {

/* Begin PBXBuildFile section */
		071B292F1D2748ED00D96B18 /* ANTestTableCell.m in Sources */ = {isa = PBXBuildFile; fileRef = 071B292E1D2748ED00D96B18 /* ANTestTableCell.m */; };
		071B29311D274B5300D96B18 /* ANCollectionControllerTest.m in Sources */ = {isa = PBXBuildFile; fileRef = 071B29301D274B5300D96B18 /* ANCollectionControllerTest.m */; };
		071B29371D27CB0000D96B18 /* ANTestTableHeaderFooter.m in Sources */ = {isa = PBXBuildFile; fileRef = 071B29361D27CB0000D96B18 /* ANTestTableHeaderFooter.m */; };
		071B29391D27D6B900D96B18 /* ANStorageControllerCRUDTest.m in Sources */ = {isa = PBXBuildFile; fileRef = 071B29381D27D6B900D96B18 /* ANStorageControllerCRUDTest.m */; };
		078303071D274404002BA640 /* ANTableControllerTest.m in Sources */ = {isa = PBXBuildFile; fileRef = 078303061D274404002BA640 /* ANTableControllerTest.m */; };
		07EA424E1D2AF42500299133 /* ANTableControllerReusableTest.m in Sources */ = {isa = PBXBuildFile; fileRef = 07EA424D1D2AF42500299133 /* ANTableControllerReusableTest.m */; };
		07EA42511D2AF84F00299133 /* ANTestViewModel.m in Sources */ = {isa = PBXBuildFile; fileRef = 07EA42501D2AF84F00299133 /* ANTestViewModel.m */; };
		45F13B917C04C9A9BD173424 /* Pods_Alister_Example.framework in Frameworks */ = {isa = PBXBuildFile; fileRef = 0FFD7AD8016875FDF566DD65 /* Pods_Alister_Example.framework */; };
		5E8FF65BFDC4FB21B34FFF53 /* Pods_Alister_Example_Tests.framework in Frameworks */ = {isa = PBXBuildFile; fileRef = 874A1E50001ADBC954B23312 /* Pods_Alister_Example_Tests.framework */; };
		6003F58E195388D20070C39A /* Foundation.framework in Frameworks */ = {isa = PBXBuildFile; fileRef = 6003F58D195388D20070C39A /* Foundation.framework */; };
		6003F590195388D20070C39A /* CoreGraphics.framework in Frameworks */ = {isa = PBXBuildFile; fileRef = 6003F58F195388D20070C39A /* CoreGraphics.framework */; };
		6003F592195388D20070C39A /* UIKit.framework in Frameworks */ = {isa = PBXBuildFile; fileRef = 6003F591195388D20070C39A /* UIKit.framework */; };
		6003F5B0195388D20070C39A /* XCTest.framework in Frameworks */ = {isa = PBXBuildFile; fileRef = 6003F5AF195388D20070C39A /* XCTest.framework */; };
		6003F5B1195388D20070C39A /* Foundation.framework in Frameworks */ = {isa = PBXBuildFile; fileRef = 6003F58D195388D20070C39A /* Foundation.framework */; };
		6003F5B2195388D20070C39A /* UIKit.framework in Frameworks */ = {isa = PBXBuildFile; fileRef = 6003F591195388D20070C39A /* UIKit.framework */; };
		6003F5BA195388D20070C39A /* InfoPlist.strings in Resources */ = {isa = PBXBuildFile; fileRef = 6003F5B8195388D20070C39A /* InfoPlist.strings */; };
		D7EC43B21D50C7DE00128012 /* (null) in Resources */ = {isa = PBXBuildFile; };
		D7EC43B31D50C7DE00128012 /* (null) in Resources */ = {isa = PBXBuildFile; };
		D7EC43B61D50C7EB00128012 /* (null) in Resources */ = {isa = PBXBuildFile; };
		D7EC43B71D50C7EB00128012 /* (null) in Resources */ = {isa = PBXBuildFile; };
		D7EC43BC1D50C9A300128012 /* main.m in Sources */ = {isa = PBXBuildFile; fileRef = D7EC43BA1D50C9A300128012 /* main.m */; };
		D7EC43C41D50C9AE00128012 /* ANAppDelegate.m in Sources */ = {isa = PBXBuildFile; fileRef = D7EC43BE1D50C9AE00128012 /* ANAppDelegate.m */; };
		D7EC43C51D50C9AE00128012 /* ANExampleTableViewCell.m in Sources */ = {isa = PBXBuildFile; fileRef = D7EC43C01D50C9AE00128012 /* ANExampleTableViewCell.m */; };
		D7EC43C61D50C9AE00128012 /* ANViewController.m in Sources */ = {isa = PBXBuildFile; fileRef = D7EC43C21D50C9AE00128012 /* ANViewController.m */; };
		D7EC43C71D50C9AE00128012 /* Images.xcassets in Resources */ = {isa = PBXBuildFile; fileRef = D7EC43C31D50C9AE00128012 /* Images.xcassets */; };
		D7FC32E11D2C0452002F9727 /* ANStorageSectionModelTest.m in Sources */ = {isa = PBXBuildFile; fileRef = D7FC32E01D2C0452002F9727 /* ANStorageSectionModelTest.m */; };
		D7FDD5A61D32D31E006A2758 /* ANStorageModelTest.m in Sources */ = {isa = PBXBuildFile; fileRef = D7FDD5A51D32D31E006A2758 /* ANStorageModelTest.m */; };
		D7FDD5A81D32ED2D006A2758 /* ANStorageUpdateModelTest.m in Sources */ = {isa = PBXBuildFile; fileRef = D7FDD5A71D32ED2D006A2758 /* ANStorageUpdateModelTest.m */; };
/* End PBXBuildFile section */

/* Begin PBXContainerItemProxy section */
		6003F5B3195388D20070C39A /* PBXContainerItemProxy */ = {
			isa = PBXContainerItemProxy;
			containerPortal = 6003F582195388D10070C39A /* Project object */;
			proxyType = 1;
			remoteGlobalIDString = 6003F589195388D20070C39A;
			remoteInfo = Alister;
		};
/* End PBXContainerItemProxy section */

/* Begin PBXFileReference section */
		071B292D1D2748ED00D96B18 /* ANTestTableCell.h */ = {isa = PBXFileReference; fileEncoding = 4; lastKnownFileType = sourcecode.c.h; path = ANTestTableCell.h; sourceTree = "<group>"; };
		071B292E1D2748ED00D96B18 /* ANTestTableCell.m */ = {isa = PBXFileReference; fileEncoding = 4; lastKnownFileType = sourcecode.c.objc; path = ANTestTableCell.m; sourceTree = "<group>"; };
		071B29301D274B5300D96B18 /* ANCollectionControllerTest.m */ = {isa = PBXFileReference; fileEncoding = 4; lastKnownFileType = sourcecode.c.objc; path = ANCollectionControllerTest.m; sourceTree = "<group>"; };
		071B29351D27CB0000D96B18 /* ANTestTableHeaderFooter.h */ = {isa = PBXFileReference; fileEncoding = 4; lastKnownFileType = sourcecode.c.h; path = ANTestTableHeaderFooter.h; sourceTree = "<group>"; };
		071B29361D27CB0000D96B18 /* ANTestTableHeaderFooter.m */ = {isa = PBXFileReference; fileEncoding = 4; lastKnownFileType = sourcecode.c.objc; path = ANTestTableHeaderFooter.m; sourceTree = "<group>"; };
		071B29381D27D6B900D96B18 /* ANStorageControllerCRUDTest.m */ = {isa = PBXFileReference; fileEncoding = 4; lastKnownFileType = sourcecode.c.objc; path = ANStorageControllerCRUDTest.m; sourceTree = "<group>"; };
		078303061D274404002BA640 /* ANTableControllerTest.m */ = {isa = PBXFileReference; fileEncoding = 4; lastKnownFileType = sourcecode.c.objc; path = ANTableControllerTest.m; sourceTree = "<group>"; };
		07EA424D1D2AF42500299133 /* ANTableControllerReusableTest.m */ = {isa = PBXFileReference; fileEncoding = 4; lastKnownFileType = sourcecode.c.objc; path = ANTableControllerReusableTest.m; sourceTree = "<group>"; };
		07EA424F1D2AF84F00299133 /* ANTestViewModel.h */ = {isa = PBXFileReference; fileEncoding = 4; lastKnownFileType = sourcecode.c.h; path = ANTestViewModel.h; sourceTree = "<group>"; };
		07EA42501D2AF84F00299133 /* ANTestViewModel.m */ = {isa = PBXFileReference; fileEncoding = 4; lastKnownFileType = sourcecode.c.objc; path = ANTestViewModel.m; sourceTree = "<group>"; };
		0E8CBD321A1CE4028E8CAB00 /* Pods-Alister-Example.debug.xcconfig */ = {isa = PBXFileReference; includeInIndex = 1; lastKnownFileType = text.xcconfig; name = "Pods-Alister-Example.debug.xcconfig"; path = "Pods/Target Support Files/Pods-Alister-Example/Pods-Alister-Example.debug.xcconfig"; sourceTree = "<group>"; };
		0FFD7AD8016875FDF566DD65 /* Pods_Alister_Example.framework */ = {isa = PBXFileReference; explicitFileType = wrapper.framework; includeInIndex = 0; path = Pods_Alister_Example.framework; sourceTree = BUILT_PRODUCTS_DIR; };
		12C7B2C3A579D51E17C98434 /* README.md */ = {isa = PBXFileReference; includeInIndex = 1; lastKnownFileType = net.daringfireball.markdown; name = README.md; path = ../README.md; sourceTree = "<group>"; };
		6003F58A195388D20070C39A /* Alister-Example_Example.app */ = {isa = PBXFileReference; explicitFileType = wrapper.application; includeInIndex = 0; path = "Alister-Example_Example.app"; sourceTree = BUILT_PRODUCTS_DIR; };
		6003F58D195388D20070C39A /* Foundation.framework */ = {isa = PBXFileReference; lastKnownFileType = wrapper.framework; name = Foundation.framework; path = System/Library/Frameworks/Foundation.framework; sourceTree = SDKROOT; };
		6003F58F195388D20070C39A /* CoreGraphics.framework */ = {isa = PBXFileReference; lastKnownFileType = wrapper.framework; name = CoreGraphics.framework; path = System/Library/Frameworks/CoreGraphics.framework; sourceTree = SDKROOT; };
		6003F591195388D20070C39A /* UIKit.framework */ = {isa = PBXFileReference; lastKnownFileType = wrapper.framework; name = UIKit.framework; path = System/Library/Frameworks/UIKit.framework; sourceTree = SDKROOT; };
		6003F5AE195388D20070C39A /* Alister-Example_Example.xctest */ = {isa = PBXFileReference; explicitFileType = wrapper.cfbundle; includeInIndex = 0; path = "Alister-Example_Example.xctest"; sourceTree = BUILT_PRODUCTS_DIR; };
		6003F5AF195388D20070C39A /* XCTest.framework */ = {isa = PBXFileReference; lastKnownFileType = wrapper.framework; name = XCTest.framework; path = Library/Frameworks/XCTest.framework; sourceTree = DEVELOPER_DIR; };
		6003F5B7195388D20070C39A /* Tests-Info.plist */ = {isa = PBXFileReference; lastKnownFileType = text.plist.xml; path = "Tests-Info.plist"; sourceTree = "<group>"; };
		6003F5B9195388D20070C39A /* en */ = {isa = PBXFileReference; lastKnownFileType = text.plist.strings; name = en; path = en.lproj/InfoPlist.strings; sourceTree = "<group>"; };
		606FC2411953D9B200FFA9A0 /* Tests-Prefix.pch */ = {isa = PBXFileReference; lastKnownFileType = sourcecode.c.h; path = "Tests-Prefix.pch"; sourceTree = "<group>"; };
		874A1E50001ADBC954B23312 /* Pods_Alister_Example_Tests.framework */ = {isa = PBXFileReference; explicitFileType = wrapper.framework; includeInIndex = 0; path = Pods_Alister_Example_Tests.framework; sourceTree = BUILT_PRODUCTS_DIR; };
		88C6AB3BADB1BB7DA68B22F2 /* Pods-Alister-Example_Tests.debug.xcconfig */ = {isa = PBXFileReference; includeInIndex = 1; lastKnownFileType = text.xcconfig; name = "Pods-Alister-Example_Tests.debug.xcconfig"; path = "Pods/Target Support Files/Pods-Alister-Example_Tests/Pods-Alister-Example_Tests.debug.xcconfig"; sourceTree = "<group>"; };
		A8D594C6A1CAF9F8A83D2691 /* LICENSE */ = {isa = PBXFileReference; includeInIndex = 1; lastKnownFileType = text; name = LICENSE; path = ../LICENSE; sourceTree = "<group>"; };
		A9FF7910D254F73167AC3301 /* Pods-Alister-Example.release.xcconfig */ = {isa = PBXFileReference; includeInIndex = 1; lastKnownFileType = text.xcconfig; name = "Pods-Alister-Example.release.xcconfig"; path = "Pods/Target Support Files/Pods-Alister-Example/Pods-Alister-Example.release.xcconfig"; sourceTree = "<group>"; };
		C311AAEBEC484EEDA940550B /* Pods-Alister-Example_Tests.release.xcconfig */ = {isa = PBXFileReference; includeInIndex = 1; lastKnownFileType = text.xcconfig; name = "Pods-Alister-Example_Tests.release.xcconfig"; path = "Pods/Target Support Files/Pods-Alister-Example_Tests/Pods-Alister-Example_Tests.release.xcconfig"; sourceTree = "<group>"; };
		D7EC43B81D50C9A300128012 /* Alister-Example-Info.plist */ = {isa = PBXFileReference; fileEncoding = 4; lastKnownFileType = text.plist.xml; name = "Alister-Example-Info.plist"; path = "Alister-Example/Alister-Example-Info.plist"; sourceTree = SOURCE_ROOT; };
		D7EC43B91D50C9A300128012 /* Alister-Example-Prefix.pch */ = {isa = PBXFileReference; fileEncoding = 4; lastKnownFileType = sourcecode.c.h; name = "Alister-Example-Prefix.pch"; path = "Alister-Example/Alister-Example-Prefix.pch"; sourceTree = SOURCE_ROOT; };
		D7EC43BA1D50C9A300128012 /* main.m */ = {isa = PBXFileReference; fileEncoding = 4; lastKnownFileType = sourcecode.c.objc; name = main.m; path = "Alister-Example/main.m"; sourceTree = SOURCE_ROOT; };
		D7EC43BD1D50C9AE00128012 /* ANAppDelegate.h */ = {isa = PBXFileReference; fileEncoding = 4; lastKnownFileType = sourcecode.c.h; name = ANAppDelegate.h; path = "Alister-Example/ANAppDelegate.h"; sourceTree = SOURCE_ROOT; };
		D7EC43BE1D50C9AE00128012 /* ANAppDelegate.m */ = {isa = PBXFileReference; fileEncoding = 4; lastKnownFileType = sourcecode.c.objc; name = ANAppDelegate.m; path = "Alister-Example/ANAppDelegate.m"; sourceTree = SOURCE_ROOT; };
		D7EC43BF1D50C9AE00128012 /* ANExampleTableViewCell.h */ = {isa = PBXFileReference; fileEncoding = 4; lastKnownFileType = sourcecode.c.h; name = ANExampleTableViewCell.h; path = "Alister-Example/ANExampleTableViewCell.h"; sourceTree = SOURCE_ROOT; };
		D7EC43C01D50C9AE00128012 /* ANExampleTableViewCell.m */ = {isa = PBXFileReference; fileEncoding = 4; lastKnownFileType = sourcecode.c.objc; name = ANExampleTableViewCell.m; path = "Alister-Example/ANExampleTableViewCell.m"; sourceTree = SOURCE_ROOT; };
		D7EC43C11D50C9AE00128012 /* ANViewController.h */ = {isa = PBXFileReference; fileEncoding = 4; lastKnownFileType = sourcecode.c.h; name = ANViewController.h; path = "Alister-Example/ANViewController.h"; sourceTree = SOURCE_ROOT; };
		D7EC43C21D50C9AE00128012 /* ANViewController.m */ = {isa = PBXFileReference; fileEncoding = 4; lastKnownFileType = sourcecode.c.objc; name = ANViewController.m; path = "Alister-Example/ANViewController.m"; sourceTree = SOURCE_ROOT; };
		D7EC43C31D50C9AE00128012 /* Images.xcassets */ = {isa = PBXFileReference; lastKnownFileType = folder.assetcatalog; name = Images.xcassets; path = "Alister-Example/Images.xcassets"; sourceTree = SOURCE_ROOT; };
		D7FC32E01D2C0452002F9727 /* ANStorageSectionModelTest.m */ = {isa = PBXFileReference; fileEncoding = 4; lastKnownFileType = sourcecode.c.objc; path = ANStorageSectionModelTest.m; sourceTree = "<group>"; };
		D7FDD5A51D32D31E006A2758 /* ANStorageModelTest.m */ = {isa = PBXFileReference; fileEncoding = 4; lastKnownFileType = sourcecode.c.objc; path = ANStorageModelTest.m; sourceTree = "<group>"; };
		D7FDD5A71D32ED2D006A2758 /* ANStorageUpdateModelTest.m */ = {isa = PBXFileReference; fileEncoding = 4; lastKnownFileType = sourcecode.c.objc; path = ANStorageUpdateModelTest.m; sourceTree = "<group>"; };
		E301602B7936D5180834423D /* Alister.podspec */ = {isa = PBXFileReference; includeInIndex = 1; lastKnownFileType = text; name = Alister.podspec; path = ../Alister.podspec; sourceTree = "<group>"; xcLanguageSpecificationIdentifier = xcode.lang.ruby; };
/* End PBXFileReference section */

/* Begin PBXFrameworksBuildPhase section */
		6003F587195388D20070C39A /* Frameworks */ = {
			isa = PBXFrameworksBuildPhase;
			buildActionMask = 2147483647;
			files = (
				6003F590195388D20070C39A /* CoreGraphics.framework in Frameworks */,
				6003F592195388D20070C39A /* UIKit.framework in Frameworks */,
				6003F58E195388D20070C39A /* Foundation.framework in Frameworks */,
				45F13B917C04C9A9BD173424 /* Pods_Alister_Example.framework in Frameworks */,
			);
			runOnlyForDeploymentPostprocessing = 0;
		};
		6003F5AB195388D20070C39A /* Frameworks */ = {
			isa = PBXFrameworksBuildPhase;
			buildActionMask = 2147483647;
			files = (
				6003F5B0195388D20070C39A /* XCTest.framework in Frameworks */,
				6003F5B2195388D20070C39A /* UIKit.framework in Frameworks */,
				6003F5B1195388D20070C39A /* Foundation.framework in Frameworks */,
				5E8FF65BFDC4FB21B34FFF53 /* Pods_Alister_Example_Tests.framework in Frameworks */,
			);
			runOnlyForDeploymentPostprocessing = 0;
		};
/* End PBXFrameworksBuildPhase section */

/* Begin PBXGroup section */
		23031CC17AFBD1B5BF256538 /* Pods */ = {
			isa = PBXGroup;
			children = (
				0E8CBD321A1CE4028E8CAB00 /* Pods-Alister-Example.debug.xcconfig */,
				A9FF7910D254F73167AC3301 /* Pods-Alister-Example.release.xcconfig */,
				88C6AB3BADB1BB7DA68B22F2 /* Pods-Alister-Example_Tests.debug.xcconfig */,
				C311AAEBEC484EEDA940550B /* Pods-Alister-Example_Tests.release.xcconfig */,
			);
			name = Pods;
			sourceTree = "<group>";
		};
		6003F581195388D10070C39A = {
			isa = PBXGroup;
			children = (
				60FF7A9C1954A5C5007DD14C /* Podspec Metadata */,
				6003F593195388D20070C39A /* Example for Alister */,
				6003F5B5195388D20070C39A /* Tests */,
				6003F58C195388D20070C39A /* Frameworks */,
				6003F58B195388D20070C39A /* Products */,
				23031CC17AFBD1B5BF256538 /* Pods */,
			);
			sourceTree = "<group>";
		};
		6003F58B195388D20070C39A /* Products */ = {
			isa = PBXGroup;
			children = (
				6003F58A195388D20070C39A /* Alister-Example_Example.app */,
				6003F5AE195388D20070C39A /* Alister-Example_Example.xctest */,
			);
			name = Products;
			sourceTree = "<group>";
		};
		6003F58C195388D20070C39A /* Frameworks */ = {
			isa = PBXGroup;
			children = (
				6003F58D195388D20070C39A /* Foundation.framework */,
				6003F58F195388D20070C39A /* CoreGraphics.framework */,
				6003F591195388D20070C39A /* UIKit.framework */,
				6003F5AF195388D20070C39A /* XCTest.framework */,
				0FFD7AD8016875FDF566DD65 /* Pods_Alister_Example.framework */,
				874A1E50001ADBC954B23312 /* Pods_Alister_Example_Tests.framework */,
			);
			name = Frameworks;
			sourceTree = "<group>";
		};
		6003F593195388D20070C39A /* Example for Alister */ = {
			isa = PBXGroup;
			children = (
				D7EC43BD1D50C9AE00128012 /* ANAppDelegate.h */,
				D7EC43BE1D50C9AE00128012 /* ANAppDelegate.m */,
				D7EC43BF1D50C9AE00128012 /* ANExampleTableViewCell.h */,
				D7EC43C01D50C9AE00128012 /* ANExampleTableViewCell.m */,
				D7EC43C11D50C9AE00128012 /* ANViewController.h */,
				D7EC43C21D50C9AE00128012 /* ANViewController.m */,
				D7EC43C31D50C9AE00128012 /* Images.xcassets */,
				6003F594195388D20070C39A /* Supporting Files */,
			);
			name = "Example for Alister";
			path = Alister;
			sourceTree = "<group>";
		};
		6003F594195388D20070C39A /* Supporting Files */ = {
			isa = PBXGroup;
			children = (
				D7EC43B81D50C9A300128012 /* Alister-Example-Info.plist */,
				D7EC43B91D50C9A300128012 /* Alister-Example-Prefix.pch */,
				D7EC43BA1D50C9A300128012 /* main.m */,
			);
			name = "Supporting Files";
			sourceTree = "<group>";
		};
		6003F5B5195388D20070C39A /* Tests */ = {
			isa = PBXGroup;
			children = (
				6003F5B6195388D20070C39A /* Supporting Files */,
				D7FDD5A71D32ED2D006A2758 /* ANStorageUpdateModelTest.m */,
				D7FDD5A51D32D31E006A2758 /* ANStorageModelTest.m */,
				D7FC32E01D2C0452002F9727 /* ANStorageSectionModelTest.m */,
				07EA424D1D2AF42500299133 /* ANTableControllerReusableTest.m */,
				078303061D274404002BA640 /* ANTableControllerTest.m */,
				071B29381D27D6B900D96B18 /* ANStorageControllerCRUDTest.m */,
				071B29301D274B5300D96B18 /* ANCollectionControllerTest.m */,
				071B292D1D2748ED00D96B18 /* ANTestTableCell.h */,
				071B292E1D2748ED00D96B18 /* ANTestTableCell.m */,
				071B29351D27CB0000D96B18 /* ANTestTableHeaderFooter.h */,
				071B29361D27CB0000D96B18 /* ANTestTableHeaderFooter.m */,
				07EA424F1D2AF84F00299133 /* ANTestViewModel.h */,
				07EA42501D2AF84F00299133 /* ANTestViewModel.m */,
			);
			path = Tests;
			sourceTree = "<group>";
		};
		6003F5B6195388D20070C39A /* Supporting Files */ = {
			isa = PBXGroup;
			children = (
				6003F5B7195388D20070C39A /* Tests-Info.plist */,
				6003F5B8195388D20070C39A /* InfoPlist.strings */,
				606FC2411953D9B200FFA9A0 /* Tests-Prefix.pch */,
			);
			name = "Supporting Files";
			sourceTree = "<group>";
		};
		60FF7A9C1954A5C5007DD14C /* Podspec Metadata */ = {
			isa = PBXGroup;
			children = (
				E301602B7936D5180834423D /* Alister.podspec */,
				12C7B2C3A579D51E17C98434 /* README.md */,
				A8D594C6A1CAF9F8A83D2691 /* LICENSE */,
			);
			name = "Podspec Metadata";
			sourceTree = "<group>";
		};
/* End PBXGroup section */

/* Begin PBXNativeTarget section */
		6003F589195388D20070C39A /* Alister-Example */ = {
			isa = PBXNativeTarget;
			buildConfigurationList = 6003F5BF195388D20070C39A /* Build configuration list for PBXNativeTarget "Alister-Example" */;
			buildPhases = (
				59A0B9A8A89BB973779AF899 /* [CP] Check Pods Manifest.lock */,
				6003F586195388D20070C39A /* Sources */,
				6003F587195388D20070C39A /* Frameworks */,
				6003F588195388D20070C39A /* Resources */,
				6D237E929AC908222EA8BC93 /* [CP] Embed Pods Frameworks */,
				7026C6C66CCE5A847CEDB1A9 /* [CP] Copy Pods Resources */,
			);
			buildRules = (
			);
			dependencies = (
			);
			name = "Alister-Example";
			productName = Alister;
			productReference = 6003F58A195388D20070C39A /* Alister-Example_Example.app */;
			productType = "com.apple.product-type.application";
		};
		6003F5AD195388D20070C39A /* Alister-Example_Tests */ = {
			isa = PBXNativeTarget;
			buildConfigurationList = 6003F5C2195388D20070C39A /* Build configuration list for PBXNativeTarget "Alister-Example_Tests" */;
			buildPhases = (
				512DB135A01CE385538F46D3 /* [CP] Check Pods Manifest.lock */,
				6003F5AA195388D20070C39A /* Sources */,
				6003F5AB195388D20070C39A /* Frameworks */,
				6003F5AC195388D20070C39A /* Resources */,
				4FF50A88E7F9848E72A11ECF /* [CP] Embed Pods Frameworks */,
				45423898BDD007DAB79E0DB2 /* [CP] Copy Pods Resources */,
			);
			buildRules = (
			);
			dependencies = (
				6003F5B4195388D20070C39A /* PBXTargetDependency */,
			);
			name = "Alister-Example_Tests";
			productName = AlisterTests;
			productReference = 6003F5AE195388D20070C39A /* Alister-Example_Example.xctest */;
			productType = "com.apple.product-type.bundle.unit-test";
		};
/* End PBXNativeTarget section */

/* Begin PBXProject section */
		6003F582195388D10070C39A /* Project object */ = {
			isa = PBXProject;
			attributes = {
				CLASSPREFIX = AN;
				LastUpgradeCheck = 0720;
				ORGANIZATIONNAME = "Oksana Kovalchuk";
				TargetAttributes = {
					6003F5AD195388D20070C39A = {
						TestTargetID = 6003F589195388D20070C39A;
					};
				};
			};
			buildConfigurationList = 6003F585195388D10070C39A /* Build configuration list for PBXProject "Alister-Example" */;
			compatibilityVersion = "Xcode 3.2";
			developmentRegion = English;
			hasScannedForEncodings = 0;
			knownRegions = (
				en,
				Base,
			);
			mainGroup = 6003F581195388D10070C39A;
			productRefGroup = 6003F58B195388D20070C39A /* Products */;
			projectDirPath = "";
			projectRoot = "";
			targets = (
				6003F589195388D20070C39A /* Alister-Example */,
				6003F5AD195388D20070C39A /* Alister-Example_Tests */,
			);
		};
/* End PBXProject section */

/* Begin PBXResourcesBuildPhase section */
		6003F588195388D20070C39A /* Resources */ = {
			isa = PBXResourcesBuildPhase;
			buildActionMask = 2147483647;
			files = (
				D7EC43B71D50C7EB00128012 /* (null) in Resources */,
				D7EC43B61D50C7EB00128012 /* (null) in Resources */,
				D7EC43B21D50C7DE00128012 /* (null) in Resources */,
				D7EC43C71D50C9AE00128012 /* Images.xcassets in Resources */,
				D7EC43B31D50C7DE00128012 /* (null) in Resources */,
			);
			runOnlyForDeploymentPostprocessing = 0;
		};
		6003F5AC195388D20070C39A /* Resources */ = {
			isa = PBXResourcesBuildPhase;
			buildActionMask = 2147483647;
			files = (
				6003F5BA195388D20070C39A /* InfoPlist.strings in Resources */,
			);
			runOnlyForDeploymentPostprocessing = 0;
		};
/* End PBXResourcesBuildPhase section */

/* Begin PBXShellScriptBuildPhase section */
		45423898BDD007DAB79E0DB2 /* [CP] Copy Pods Resources */ = {
			isa = PBXShellScriptBuildPhase;
			buildActionMask = 2147483647;
			files = (
			);
			inputPaths = (
			);
			name = "[CP] Copy Pods Resources";
			outputPaths = (
			);
			runOnlyForDeploymentPostprocessing = 0;
			shellPath = /bin/sh;
			shellScript = "\"${SRCROOT}/Pods/Target Support Files/Pods-Alister-Example_Tests/Pods-Alister-Example_Tests-resources.sh\"\n";
			showEnvVarsInLog = 0;
		};
		4FF50A88E7F9848E72A11ECF /* [CP] Embed Pods Frameworks */ = {
			isa = PBXShellScriptBuildPhase;
			buildActionMask = 2147483647;
			files = (
			);
			inputPaths = (
			);
			name = "[CP] Embed Pods Frameworks";
			outputPaths = (
			);
			runOnlyForDeploymentPostprocessing = 0;
			shellPath = /bin/sh;
			shellScript = "\"${SRCROOT}/Pods/Target Support Files/Pods-Alister-Example_Tests/Pods-Alister-Example_Tests-frameworks.sh\"\n";
			showEnvVarsInLog = 0;
		};
		512DB135A01CE385538F46D3 /* [CP] Check Pods Manifest.lock */ = {
			isa = PBXShellScriptBuildPhase;
			buildActionMask = 2147483647;
			files = (
			);
			inputPaths = (
			);
			name = "[CP] Check Pods Manifest.lock";
			outputPaths = (
			);
			runOnlyForDeploymentPostprocessing = 0;
			shellPath = /bin/sh;
			shellScript = "diff \"${PODS_ROOT}/../Podfile.lock\" \"${PODS_ROOT}/Manifest.lock\" > /dev/null\nif [[ $? != 0 ]] ; then\n    cat << EOM\nerror: The sandbox is not in sync with the Podfile.lock. Run 'pod install' or update your CocoaPods installation.\nEOM\n    exit 1\nfi\n";
			showEnvVarsInLog = 0;
		};
		59A0B9A8A89BB973779AF899 /* [CP] Check Pods Manifest.lock */ = {
			isa = PBXShellScriptBuildPhase;
			buildActionMask = 2147483647;
			files = (
			);
			inputPaths = (
			);
			name = "[CP] Check Pods Manifest.lock";
			outputPaths = (
			);
			runOnlyForDeploymentPostprocessing = 0;
			shellPath = /bin/sh;
			shellScript = "diff \"${PODS_ROOT}/../Podfile.lock\" \"${PODS_ROOT}/Manifest.lock\" > /dev/null\nif [[ $? != 0 ]] ; then\n    cat << EOM\nerror: The sandbox is not in sync with the Podfile.lock. Run 'pod install' or update your CocoaPods installation.\nEOM\n    exit 1\nfi\n";
			showEnvVarsInLog = 0;
		};
		6D237E929AC908222EA8BC93 /* [CP] Embed Pods Frameworks */ = {
			isa = PBXShellScriptBuildPhase;
			buildActionMask = 2147483647;
			files = (
			);
			inputPaths = (
			);
			name = "[CP] Embed Pods Frameworks";
			outputPaths = (
			);
			runOnlyForDeploymentPostprocessing = 0;
			shellPath = /bin/sh;
			shellScript = "\"${SRCROOT}/Pods/Target Support Files/Pods-Alister-Example/Pods-Alister-Example-frameworks.sh\"\n";
			showEnvVarsInLog = 0;
		};
		7026C6C66CCE5A847CEDB1A9 /* [CP] Copy Pods Resources */ = {
			isa = PBXShellScriptBuildPhase;
			buildActionMask = 2147483647;
			files = (
			);
			inputPaths = (
			);
			name = "[CP] Copy Pods Resources";
			outputPaths = (
			);
			runOnlyForDeploymentPostprocessing = 0;
			shellPath = /bin/sh;
			shellScript = "\"${SRCROOT}/Pods/Target Support Files/Pods-Alister-Example/Pods-Alister-Example-resources.sh\"\n";
			showEnvVarsInLog = 0;
		};
/* End PBXShellScriptBuildPhase section */

/* Begin PBXSourcesBuildPhase section */
		6003F586195388D20070C39A /* Sources */ = {
			isa = PBXSourcesBuildPhase;
			buildActionMask = 2147483647;
			files = (
				071B292F1D2748ED00D96B18 /* ANTestTableCell.m in Sources */,
				D7EC43C61D50C9AE00128012 /* ANViewController.m in Sources */,
				D7EC43C51D50C9AE00128012 /* ANExampleTableViewCell.m in Sources */,
				D7EC43C41D50C9AE00128012 /* ANAppDelegate.m in Sources */,
				D7EC43BC1D50C9A300128012 /* main.m in Sources */,
				071B29371D27CB0000D96B18 /* ANTestTableHeaderFooter.m in Sources */,
			);
			runOnlyForDeploymentPostprocessing = 0;
		};
		6003F5AA195388D20070C39A /* Sources */ = {
			isa = PBXSourcesBuildPhase;
			buildActionMask = 2147483647;
			files = (
				D7FDD5A61D32D31E006A2758 /* ANStorageModelTest.m in Sources */,
				D7FDD5A81D32ED2D006A2758 /* ANStorageUpdateModelTest.m in Sources */,
				07EA42511D2AF84F00299133 /* ANTestViewModel.m in Sources */,
				071B29311D274B5300D96B18 /* ANCollectionControllerTest.m in Sources */,
				078303071D274404002BA640 /* ANTableControllerTest.m in Sources */,
				071B29391D27D6B900D96B18 /* ANStorageControllerCRUDTest.m in Sources */,
				D7FC32E11D2C0452002F9727 /* ANStorageSectionModelTest.m in Sources */,
				07EA424E1D2AF42500299133 /* ANTableControllerReusableTest.m in Sources */,
			);
			runOnlyForDeploymentPostprocessing = 0;
		};
/* End PBXSourcesBuildPhase section */

/* Begin PBXTargetDependency section */
		6003F5B4195388D20070C39A /* PBXTargetDependency */ = {
			isa = PBXTargetDependency;
			target = 6003F589195388D20070C39A /* Alister-Example */;
			targetProxy = 6003F5B3195388D20070C39A /* PBXContainerItemProxy */;
		};
/* End PBXTargetDependency section */

/* Begin PBXVariantGroup section */
		6003F5B8195388D20070C39A /* InfoPlist.strings */ = {
			isa = PBXVariantGroup;
			children = (
				6003F5B9195388D20070C39A /* en */,
			);
			name = InfoPlist.strings;
			sourceTree = "<group>";
		};
/* End PBXVariantGroup section */

/* Begin XCBuildConfiguration section */
		6003F5BD195388D20070C39A /* Debug */ = {
			isa = XCBuildConfiguration;
			buildSettings = {
				ALWAYS_SEARCH_USER_PATHS = NO;
				CLANG_CXX_LANGUAGE_STANDARD = "gnu++0x";
				CLANG_CXX_LIBRARY = "libc++";
				CLANG_ENABLE_MODULES = YES;
				CLANG_ENABLE_OBJC_ARC = YES;
				CLANG_WARN_ASSIGN_ENUM = YES;
				CLANG_WARN_BOOL_CONVERSION = YES;
				CLANG_WARN_CONSTANT_CONVERSION = YES;
				CLANG_WARN_CXX0X_EXTENSIONS = YES;
				CLANG_WARN_DEPRECATED_OBJC_IMPLEMENTATIONS = YES;
				CLANG_WARN_DIRECT_OBJC_ISA_USAGE = YES_ERROR;
				CLANG_WARN_DOCUMENTATION_COMMENTS = YES;
				CLANG_WARN_EMPTY_BODY = YES;
				CLANG_WARN_ENUM_CONVERSION = YES;
				CLANG_WARN_INT_CONVERSION = YES;
				CLANG_WARN_OBJC_IMPLICIT_ATOMIC_PROPERTIES = YES;
				CLANG_WARN_OBJC_MISSING_PROPERTY_SYNTHESIS = YES;
				CLANG_WARN_OBJC_ROOT_CLASS = YES_ERROR;
				CLANG_WARN_SUSPICIOUS_IMPLICIT_CONVERSION = YES;
				CLANG_WARN_UNREACHABLE_CODE = YES;
				CLANG_WARN__DUPLICATE_METHOD_MATCH = YES;
				CLANG_WARN__EXIT_TIME_DESTRUCTORS = YES;
				"CODE_SIGN_IDENTITY[sdk=iphoneos*]" = "iPhone Developer";
				COPY_PHASE_STRIP = NO;
				ENABLE_TESTABILITY = YES;
				GCC_C_LANGUAGE_STANDARD = gnu99;
				GCC_DYNAMIC_NO_PIC = NO;
				GCC_OPTIMIZATION_LEVEL = 0;
				GCC_PREPROCESSOR_DEFINITIONS = (
					"DEBUG=1",
					"$(inherited)",
				);
				GCC_SYMBOLS_PRIVATE_EXTERN = NO;
				GCC_TREAT_IMPLICIT_FUNCTION_DECLARATIONS_AS_ERRORS = NO;
				GCC_TREAT_INCOMPATIBLE_POINTER_TYPE_WARNINGS_AS_ERRORS = YES;
				GCC_WARN_64_TO_32_BIT_CONVERSION = YES;
				GCC_WARN_ABOUT_MISSING_FIELD_INITIALIZERS = YES;
				GCC_WARN_ABOUT_MISSING_NEWLINE = YES;
				GCC_WARN_ABOUT_MISSING_PROTOTYPES = NO;
				GCC_WARN_ABOUT_RETURN_TYPE = YES_ERROR;
				GCC_WARN_FOUR_CHARACTER_CONSTANTS = YES;
				GCC_WARN_HIDDEN_VIRTUAL_FUNCTIONS = YES;
				GCC_WARN_NON_VIRTUAL_DESTRUCTOR = YES;
				GCC_WARN_SHADOW = YES;
				GCC_WARN_SIGN_COMPARE = YES;
				GCC_WARN_STRICT_SELECTOR_MATCH = YES;
				GCC_WARN_UNDECLARED_SELECTOR = YES;
				GCC_WARN_UNINITIALIZED_AUTOS = YES_AGGRESSIVE;
				GCC_WARN_UNKNOWN_PRAGMAS = YES;
				GCC_WARN_UNUSED_FUNCTION = YES;
				GCC_WARN_UNUSED_LABEL = YES;
				GCC_WARN_UNUSED_PARAMETER = NO;
				GCC_WARN_UNUSED_VARIABLE = YES;
				IPHONEOS_DEPLOYMENT_TARGET = 9.0;
				ONLY_ACTIVE_ARCH = YES;
				SDKROOT = iphoneos;
				TARGETED_DEVICE_FAMILY = "1,2";
			};
			name = Debug;
		};
		6003F5BE195388D20070C39A /* Release */ = {
			isa = XCBuildConfiguration;
			buildSettings = {
				ALWAYS_SEARCH_USER_PATHS = NO;
				CLANG_CXX_LANGUAGE_STANDARD = "gnu++0x";
				CLANG_CXX_LIBRARY = "libc++";
				CLANG_ENABLE_MODULES = YES;
				CLANG_ENABLE_OBJC_ARC = YES;
				CLANG_WARN_ASSIGN_ENUM = YES;
				CLANG_WARN_BOOL_CONVERSION = YES;
				CLANG_WARN_CONSTANT_CONVERSION = YES;
				CLANG_WARN_CXX0X_EXTENSIONS = YES;
				CLANG_WARN_DEPRECATED_OBJC_IMPLEMENTATIONS = YES;
				CLANG_WARN_DIRECT_OBJC_ISA_USAGE = YES_ERROR;
				CLANG_WARN_DOCUMENTATION_COMMENTS = YES;
				CLANG_WARN_EMPTY_BODY = YES;
				CLANG_WARN_ENUM_CONVERSION = YES;
				CLANG_WARN_INT_CONVERSION = YES;
				CLANG_WARN_OBJC_IMPLICIT_ATOMIC_PROPERTIES = YES;
				CLANG_WARN_OBJC_MISSING_PROPERTY_SYNTHESIS = YES;
				CLANG_WARN_OBJC_ROOT_CLASS = YES_ERROR;
				CLANG_WARN_SUSPICIOUS_IMPLICIT_CONVERSION = YES;
				CLANG_WARN_UNREACHABLE_CODE = YES;
				CLANG_WARN__DUPLICATE_METHOD_MATCH = YES;
				CLANG_WARN__EXIT_TIME_DESTRUCTORS = YES;
				"CODE_SIGN_IDENTITY[sdk=iphoneos*]" = "iPhone Developer";
				COPY_PHASE_STRIP = YES;
				ENABLE_NS_ASSERTIONS = NO;
				GCC_C_LANGUAGE_STANDARD = gnu99;
				GCC_TREAT_IMPLICIT_FUNCTION_DECLARATIONS_AS_ERRORS = NO;
				GCC_TREAT_INCOMPATIBLE_POINTER_TYPE_WARNINGS_AS_ERRORS = YES;
				GCC_WARN_64_TO_32_BIT_CONVERSION = YES;
				GCC_WARN_ABOUT_MISSING_FIELD_INITIALIZERS = YES;
				GCC_WARN_ABOUT_MISSING_NEWLINE = YES;
				GCC_WARN_ABOUT_MISSING_PROTOTYPES = NO;
				GCC_WARN_ABOUT_RETURN_TYPE = YES_ERROR;
				GCC_WARN_FOUR_CHARACTER_CONSTANTS = YES;
				GCC_WARN_HIDDEN_VIRTUAL_FUNCTIONS = YES;
				GCC_WARN_NON_VIRTUAL_DESTRUCTOR = YES;
				GCC_WARN_SHADOW = YES;
				GCC_WARN_SIGN_COMPARE = YES;
				GCC_WARN_STRICT_SELECTOR_MATCH = YES;
				GCC_WARN_UNDECLARED_SELECTOR = YES;
				GCC_WARN_UNINITIALIZED_AUTOS = YES_AGGRESSIVE;
				GCC_WARN_UNKNOWN_PRAGMAS = YES;
				GCC_WARN_UNUSED_FUNCTION = YES;
				GCC_WARN_UNUSED_LABEL = YES;
				GCC_WARN_UNUSED_PARAMETER = NO;
				GCC_WARN_UNUSED_VARIABLE = YES;
				IPHONEOS_DEPLOYMENT_TARGET = 9.0;
				SDKROOT = iphoneos;
				TARGETED_DEVICE_FAMILY = "1,2";
				VALIDATE_PRODUCT = YES;
			};
			name = Release;
		};
		6003F5C0195388D20070C39A /* Debug */ = {
			isa = XCBuildConfiguration;
			baseConfigurationReference = 0E8CBD321A1CE4028E8CAB00 /* Pods-Alister-Example.debug.xcconfig */;
			buildSettings = {
				ASSETCATALOG_COMPILER_APPICON_NAME = AppIcon;
				ASSETCATALOG_COMPILER_LAUNCHIMAGE_NAME = LaunchImage;
				CLANG_ANALYZER_SECURITY_FLOATLOOPCOUNTER = YES;
				CLANG_ANALYZER_SECURITY_INSECUREAPI_RAND = YES;
				CLANG_ANALYZER_SECURITY_INSECUREAPI_STRCPY = YES;
				CLANG_STATIC_ANALYZER_MODE = deep;
				CLANG_WARN_ASSIGN_ENUM = YES;
				CLANG_WARN_CXX0X_EXTENSIONS = YES;
				CLANG_WARN_DEPRECATED_OBJC_IMPLEMENTATIONS = YES;
				CLANG_WARN_DOCUMENTATION_COMMENTS = YES;
				CLANG_WARN_IMPLICIT_SIGN_CONVERSION = YES;
				CLANG_WARN_NULLABLE_TO_NONNULL_CONVERSION = YES;
				CLANG_WARN_OBJC_EXPLICIT_OWNERSHIP_TYPE = YES;
				CLANG_WARN_OBJC_IMPLICIT_ATOMIC_PROPERTIES = YES;
				CLANG_WARN_OBJC_IMPLICIT_RETAIN_SELF = YES;
				CLANG_WARN_OBJC_MISSING_PROPERTY_SYNTHESIS = NO;
				CLANG_WARN_OBJC_REPEATED_USE_OF_WEAK = YES;
				CLANG_WARN_SUSPICIOUS_IMPLICIT_CONVERSION = YES;
				CLANG_WARN_UNREACHABLE_CODE = YES_AGGRESSIVE;
				CLANG_WARN__EXIT_TIME_DESTRUCTORS = YES;
				GCC_PRECOMPILE_PREFIX_HEADER = YES;
				GCC_PREFIX_HEADER = "Alister-Example/Alister-Example-Prefix.pch";
				GCC_TREAT_IMPLICIT_FUNCTION_DECLARATIONS_AS_ERRORS = YES;
				GCC_TREAT_INCOMPATIBLE_POINTER_TYPE_WARNINGS_AS_ERRORS = YES;
				GCC_WARN_ABOUT_MISSING_FIELD_INITIALIZERS = YES;
				GCC_WARN_ABOUT_MISSING_NEWLINE = YES;
				GCC_WARN_ABOUT_MISSING_PROTOTYPES = YES;
				GCC_WARN_FOUR_CHARACTER_CONSTANTS = YES;
				GCC_WARN_HIDDEN_VIRTUAL_FUNCTIONS = YES;
				GCC_WARN_INITIALIZER_NOT_FULLY_BRACKETED = YES;
				GCC_WARN_NON_VIRTUAL_DESTRUCTOR = YES;
				GCC_WARN_SHADOW = YES;
				GCC_WARN_SIGN_COMPARE = YES;
				GCC_WARN_STRICT_SELECTOR_MATCH = YES;
				GCC_WARN_UNKNOWN_PRAGMAS = YES;
				GCC_WARN_UNUSED_LABEL = YES;
				GCC_WARN_UNUSED_PARAMETER = YES;
				INFOPLIST_FILE = "$(SRCROOT)/Alister-Example/Alister-Example-Info.plist";
				IPHONEOS_DEPLOYMENT_TARGET = 9.0;
				MODULE_NAME = ExampleApp;
				PRODUCT_BUNDLE_IDENTIFIER = "mobi.anoda.Alister-Example";
				PRODUCT_NAME = "Alister-Example_Example";
				RUN_CLANG_STATIC_ANALYZER = YES;
				WRAPPER_EXTENSION = app;
			};
			name = Debug;
		};
		6003F5C1195388D20070C39A /* Release */ = {
			isa = XCBuildConfiguration;
			baseConfigurationReference = A9FF7910D254F73167AC3301 /* Pods-Alister-Example.release.xcconfig */;
			buildSettings = {
				ASSETCATALOG_COMPILER_APPICON_NAME = AppIcon;
				ASSETCATALOG_COMPILER_LAUNCHIMAGE_NAME = LaunchImage;
				CLANG_ANALYZER_SECURITY_FLOATLOOPCOUNTER = YES;
				CLANG_ANALYZER_SECURITY_INSECUREAPI_RAND = YES;
				CLANG_ANALYZER_SECURITY_INSECUREAPI_STRCPY = YES;
				CLANG_STATIC_ANALYZER_MODE = deep;
				CLANG_WARN_ASSIGN_ENUM = YES;
				CLANG_WARN_CXX0X_EXTENSIONS = YES;
				CLANG_WARN_DEPRECATED_OBJC_IMPLEMENTATIONS = YES;
				CLANG_WARN_DOCUMENTATION_COMMENTS = YES;
				CLANG_WARN_IMPLICIT_SIGN_CONVERSION = YES;
				CLANG_WARN_NULLABLE_TO_NONNULL_CONVERSION = YES;
				CLANG_WARN_OBJC_EXPLICIT_OWNERSHIP_TYPE = YES;
				CLANG_WARN_OBJC_IMPLICIT_ATOMIC_PROPERTIES = YES;
				CLANG_WARN_OBJC_IMPLICIT_RETAIN_SELF = YES;
				CLANG_WARN_OBJC_MISSING_PROPERTY_SYNTHESIS = NO;
				CLANG_WARN_OBJC_REPEATED_USE_OF_WEAK = YES;
				CLANG_WARN_SUSPICIOUS_IMPLICIT_CONVERSION = YES;
				CLANG_WARN_UNREACHABLE_CODE = YES_AGGRESSIVE;
				CLANG_WARN__EXIT_TIME_DESTRUCTORS = YES;
				GCC_PRECOMPILE_PREFIX_HEADER = YES;
				GCC_PREFIX_HEADER = "Alister-Example/Alister-Example-Prefix.pch";
				GCC_TREAT_IMPLICIT_FUNCTION_DECLARATIONS_AS_ERRORS = YES;
				GCC_TREAT_INCOMPATIBLE_POINTER_TYPE_WARNINGS_AS_ERRORS = YES;
				GCC_WARN_ABOUT_MISSING_FIELD_INITIALIZERS = YES;
				GCC_WARN_ABOUT_MISSING_NEWLINE = YES;
				GCC_WARN_ABOUT_MISSING_PROTOTYPES = YES;
				GCC_WARN_FOUR_CHARACTER_CONSTANTS = YES;
				GCC_WARN_HIDDEN_VIRTUAL_FUNCTIONS = YES;
				GCC_WARN_INITIALIZER_NOT_FULLY_BRACKETED = YES;
				GCC_WARN_NON_VIRTUAL_DESTRUCTOR = YES;
				GCC_WARN_SHADOW = YES;
				GCC_WARN_SIGN_COMPARE = YES;
				GCC_WARN_STRICT_SELECTOR_MATCH = YES;
				GCC_WARN_UNKNOWN_PRAGMAS = YES;
				GCC_WARN_UNUSED_LABEL = YES;
				GCC_WARN_UNUSED_PARAMETER = YES;
				INFOPLIST_FILE = "$(SRCROOT)/Alister-Example/Alister-Example-Info.plist";
				IPHONEOS_DEPLOYMENT_TARGET = 9.0;
				MODULE_NAME = ExampleApp;
				PRODUCT_BUNDLE_IDENTIFIER = "mobi.anoda.Alister-Example";
				PRODUCT_NAME = "Alister-Example_Example";
				RUN_CLANG_STATIC_ANALYZER = YES;
				WRAPPER_EXTENSION = app;
			};
			name = Release;
		};
		6003F5C3195388D20070C39A /* Debug */ = {
			isa = XCBuildConfiguration;
			baseConfigurationReference = 88C6AB3BADB1BB7DA68B22F2 /* Pods-Alister-Example_Tests.debug.xcconfig */;
			buildSettings = {
				BUNDLE_LOADER = "$(TEST_HOST)";
				CLANG_ANALYZER_OBJC_RETAIN_COUNT = YES;
				CLANG_WARN_OBJC_MISSING_PROPERTY_SYNTHESIS = NO;
				FRAMEWORK_SEARCH_PATHS = (
					"$(SDKROOT)/Developer/Library/Frameworks",
					"$(inherited)",
					"$(DEVELOPER_FRAMEWORKS_DIR)",
				);
				GCC_PRECOMPILE_PREFIX_HEADER = YES;
				GCC_PREFIX_HEADER = "Tests/Tests-Prefix.pch";
				GCC_PREPROCESSOR_DEFINITIONS = (
					"DEBUG=1",
					"$(inherited)",
				);
				INFOPLIST_FILE = "Tests/Tests-Info.plist";
				PRODUCT_BUNDLE_IDENTIFIER = "org.cocoapods.demo.${PRODUCT_NAME:rfc1034identifier}";
				PRODUCT_NAME = "Alister-Example_Example";
				TEST_HOST = "$(BUILT_PRODUCTS_DIR)/Alister-Example_Example.app/Alister-Example_Example";
				WRAPPER_EXTENSION = xctest;
			};
			name = Debug;
		};
		6003F5C4195388D20070C39A /* Release */ = {
			isa = XCBuildConfiguration;
			baseConfigurationReference = C311AAEBEC484EEDA940550B /* Pods-Alister-Example_Tests.release.xcconfig */;
			buildSettings = {
				BUNDLE_LOADER = "$(TEST_HOST)";
				CLANG_ANALYZER_OBJC_RETAIN_COUNT = YES;
				CLANG_WARN_OBJC_MISSING_PROPERTY_SYNTHESIS = NO;
				FRAMEWORK_SEARCH_PATHS = (
					"$(SDKROOT)/Developer/Library/Frameworks",
					"$(inherited)",
					"$(DEVELOPER_FRAMEWORKS_DIR)",
				);
				GCC_PRECOMPILE_PREFIX_HEADER = YES;
				GCC_PREFIX_HEADER = "Tests/Tests-Prefix.pch";
				INFOPLIST_FILE = "Tests/Tests-Info.plist";
				PRODUCT_BUNDLE_IDENTIFIER = "org.cocoapods.demo.${PRODUCT_NAME:rfc1034identifier}";
				PRODUCT_NAME = "Alister-Example_Example";
				TEST_HOST = "$(BUILT_PRODUCTS_DIR)/Alister-Example_Example.app/Alister-Example_Example";
				WRAPPER_EXTENSION = xctest;
			};
			name = Release;
		};
/* End XCBuildConfiguration section */

/* Begin XCConfigurationList section */
		6003F585195388D10070C39A /* Build configuration list for PBXProject "Alister-Example" */ = {
			isa = XCConfigurationList;
			buildConfigurations = (
				6003F5BD195388D20070C39A /* Debug */,
				6003F5BE195388D20070C39A /* Release */,
			);
			defaultConfigurationIsVisible = 0;
			defaultConfigurationName = Release;
		};
		6003F5BF195388D20070C39A /* Build configuration list for PBXNativeTarget "Alister-Example" */ = {
			isa = XCConfigurationList;
			buildConfigurations = (
				6003F5C0195388D20070C39A /* Debug */,
				6003F5C1195388D20070C39A /* Release */,
			);
			defaultConfigurationIsVisible = 0;
			defaultConfigurationName = Release;
		};
		6003F5C2195388D20070C39A /* Build configuration list for PBXNativeTarget "Alister-Example_Tests" */ = {
			isa = XCConfigurationList;
			buildConfigurations = (
				6003F5C3195388D20070C39A /* Debug */,
				6003F5C4195388D20070C39A /* Release */,
			);
			defaultConfigurationIsVisible = 0;
			defaultConfigurationName = Release;
		};
/* End XCConfigurationList section */
	};
	rootObject = 6003F582195388D10070C39A /* Project object */;
}
