// !$*UTF8*$!
{
	archiveVersion = 1;
	classes = {
	};
	objectVersion = 46;
	objects = {

/* Begin PBXBuildFile section */
		07025B361D7F79FB00C65012 /* XCTestCase+Springboard.m in Sources */ = {isa = PBXBuildFile; fileRef = 07025B351D7F79FB00C65012 /* XCTestCase+Springboard.m */; };
		078A75801D7F40CB003DD106 /* ANTestableCollectionUpdateOperation.m in Sources */ = {isa = PBXBuildFile; fileRef = 078A75401D7F40CB003DD106 /* ANTestableCollectionUpdateOperation.m */; };
		078A75811D7F40CB003DD106 /* ANTestableCollectionView.m in Sources */ = {isa = PBXBuildFile; fileRef = 078A75421D7F40CB003DD106 /* ANTestableCollectionView.m */; };
		078A75821D7F40CB003DD106 /* ANTestableListControllerReloadOperationDelegate.m in Sources */ = {isa = PBXBuildFile; fileRef = 078A75441D7F40CB003DD106 /* ANTestableListControllerReloadOperationDelegate.m */; };
		078A75831D7F40CB003DD106 /* ANTestableListControllerUpdateOperationDelegate.m in Sources */ = {isa = PBXBuildFile; fileRef = 078A75461D7F40CB003DD106 /* ANTestableListControllerUpdateOperationDelegate.m */; };
		078A75841D7F40CB003DD106 /* ANTestableListView.m in Sources */ = {isa = PBXBuildFile; fileRef = 078A75481D7F40CB003DD106 /* ANTestableListView.m */; };
		078A75851D7F40CB003DD106 /* ANTestableStorageUpateOperation.m in Sources */ = {isa = PBXBuildFile; fileRef = 078A754A1D7F40CB003DD106 /* ANTestableStorageUpateOperation.m */; };
		078A75861D7F40CB003DD106 /* ANTestableTableUpdateOperation.m in Sources */ = {isa = PBXBuildFile; fileRef = 078A754C1D7F40CB003DD106 /* ANTestableTableUpdateOperation.m */; };
		078A75871D7F40CB003DD106 /* ANTestableTableView.m in Sources */ = {isa = PBXBuildFile; fileRef = 078A754E1D7F40CB003DD106 /* ANTestableTableView.m */; };
		078A75881D7F40CB003DD106 /* ANTestableTextField.m in Sources */ = {isa = PBXBuildFile; fileRef = 078A75501D7F40CB003DD106 /* ANTestableTextField.m */; };
		078A75891D7F40CB003DD106 /* ANTestableTouch.m in Sources */ = {isa = PBXBuildFile; fileRef = 078A75521D7F40CB003DD106 /* ANTestableTouch.m */; };
		078A758A1D7F40CB003DD106 /* ANTestKeyboardHandlerDelegate.m in Sources */ = {isa = PBXBuildFile; fileRef = 078A75541D7F40CB003DD106 /* ANTestKeyboardHandlerDelegate.m */; };
		078A758B1D7F40CB003DD106 /* ANTestTableCell.m in Sources */ = {isa = PBXBuildFile; fileRef = 078A75561D7F40CB003DD106 /* ANTestTableCell.m */; };
		078A758C1D7F40CB003DD106 /* ANTestViewModel.m in Sources */ = {isa = PBXBuildFile; fileRef = 078A75581D7F40CB003DD106 /* ANTestViewModel.m */; };
		078A758D1D7F40CB003DD106 /* ANCollectionUpdateOperationTests.m in Sources */ = {isa = PBXBuildFile; fileRef = 078A755B1D7F40CB003DD106 /* ANCollectionUpdateOperationTests.m */; };
		078A758E1D7F40CB003DD106 /* ANKeyboardHandlerTest.m in Sources */ = {isa = PBXBuildFile; fileRef = 078A755D1D7F40CB003DD106 /* ANKeyboardHandlerTest.m */; };
		078A758F1D7F40CB003DD106 /* ANCollectionControllerConfigurationModelTest.m in Sources */ = {isa = PBXBuildFile; fileRef = 078A755F1D7F40CB003DD106 /* ANCollectionControllerConfigurationModelTest.m */; };
		078A75901D7F40CB003DD106 /* ANCollectionControllerTest.m in Sources */ = {isa = PBXBuildFile; fileRef = 078A75601D7F40CB003DD106 /* ANCollectionControllerTest.m */; };
		078A75911D7F40CB003DD106 /* ANListControllerConfigurationModelTest.m in Sources */ = {isa = PBXBuildFile; fileRef = 078A75611D7F40CB003DD106 /* ANListControllerConfigurationModelTest.m */; };
		078A75921D7F40CB003DD106 /* ANListControllerMappingModelTest.m in Sources */ = {isa = PBXBuildFile; fileRef = 078A75621D7F40CB003DD106 /* ANListControllerMappingModelTest.m */; };
		078A75931D7F40CB003DD106 /* ANTableControllerReusableTest.m in Sources */ = {isa = PBXBuildFile; fileRef = 078A75631D7F40CB003DD106 /* ANTableControllerReusableTest.m */; };
		078A75941D7F40CB003DD106 /* ANTableControllerTest.m in Sources */ = {isa = PBXBuildFile; fileRef = 078A75641D7F40CB003DD106 /* ANTableControllerTest.m */; };
		078A75951D7F40CB003DD106 /* ANListControllerReloadOperationTests.m in Sources */ = {isa = PBXBuildFile; fileRef = 078A75661D7F40CB003DD106 /* ANListControllerReloadOperationTests.m */; };
		078A75961D7F40CB003DD106 /* ANListControllerSearchManagerTest.m in Sources */ = {isa = PBXBuildFile; fileRef = 078A75681D7F40CB003DD106 /* ANListControllerSearchManagerTest.m */; };
		078A75971D7F40CB003DD106 /* ANBaseTableFooterViewTests.m in Sources */ = {isa = PBXBuildFile; fileRef = 078A756A1D7F40CB003DD106 /* ANBaseTableFooterViewTests.m */; };
		078A75981D7F40CB003DD106 /* ANBaseTableViewHeaderFooterViewTests.m in Sources */ = {isa = PBXBuildFile; fileRef = 078A756B1D7F40CB003DD106 /* ANBaseTableViewHeaderFooterViewTests.m */; };
		078A75991D7F40CB003DD106 /* ANCollectionReusableViewTests.m in Sources */ = {isa = PBXBuildFile; fileRef = 078A756C1D7F40CB003DD106 /* ANCollectionReusableViewTests.m */; };
		078A759A1D7F40CB003DD106 /* ANCollectionViewCellTests.m in Sources */ = {isa = PBXBuildFile; fileRef = 078A756D1D7F40CB003DD106 /* ANCollectionViewCellTests.m */; };
		078A759B1D7F40CB003DD106 /* ANCollectionViewTest.m in Sources */ = {isa = PBXBuildFile; fileRef = 078A756E1D7F40CB003DD106 /* ANCollectionViewTest.m */; };
		078A759C1D7F40CB003DD106 /* ANTableContainerViewTest.m in Sources */ = {isa = PBXBuildFile; fileRef = 078A756F1D7F40CB003DD106 /* ANTableContainerViewTest.m */; };
		078A759D1D7F40CB003DD106 /* ANTableViewTests.m in Sources */ = {isa = PBXBuildFile; fileRef = 078A75701D7F40CB003DD106 /* ANTableViewTests.m */; };
		078A759E1D7F40CB003DD106 /* ANTestTableHeaderFooter.m in Sources */ = {isa = PBXBuildFile; fileRef = 078A75721D7F40CB003DD106 /* ANTestTableHeaderFooter.m */; };
		078A759F1D7F40CB003DD106 /* ANStorageControllerCRUDTest.m in Sources */ = {isa = PBXBuildFile; fileRef = 078A75741D7F40CB003DD106 /* ANStorageControllerCRUDTest.m */; };
		078A75A01D7F40CB003DD106 /* ANStorageModelTest.m in Sources */ = {isa = PBXBuildFile; fileRef = 078A75751D7F40CB003DD106 /* ANStorageModelTest.m */; };
		078A75A11D7F40CB003DD106 /* ANStorageModelTestAlternative.m in Sources */ = {isa = PBXBuildFile; fileRef = 078A75761D7F40CB003DD106 /* ANStorageModelTestAlternative.m */; };
		078A75A21D7F40CB003DD106 /* ANStorageMovedIndexPathModelTest.m in Sources */ = {isa = PBXBuildFile; fileRef = 078A75771D7F40CB003DD106 /* ANStorageMovedIndexPathModelTest.m */; };
		078A75A31D7F40CB003DD106 /* ANStorageRemoverTest.m in Sources */ = {isa = PBXBuildFile; fileRef = 078A75781D7F40CB003DD106 /* ANStorageRemoverTest.m */; };
		078A75A41D7F40CB003DD106 /* ANStorageSectionModelTest.m in Sources */ = {isa = PBXBuildFile; fileRef = 078A75791D7F40CB003DD106 /* ANStorageSectionModelTest.m */; };
		078A75A51D7F40CB003DD106 /* ANStorageUpdateModelTest.m in Sources */ = {isa = PBXBuildFile; fileRef = 078A757A1D7F40CB003DD106 /* ANStorageUpdateModelTest.m */; };
		078A75A61D7F40CB003DD106 /* ANStorageUpdaterTests.m in Sources */ = {isa = PBXBuildFile; fileRef = 078A757B1D7F40CB003DD106 /* ANStorageUpdaterTests.m */; };
		078A75A71D7F40CB003DD106 /* ANStorageUpdateOperationTests.m in Sources */ = {isa = PBXBuildFile; fileRef = 078A757D1D7F40CB003DD106 /* ANStorageUpdateOperationTests.m */; };
		078A75A81D7F40CB003DD106 /* ANTableControllerUpdateOperationTests.m in Sources */ = {isa = PBXBuildFile; fileRef = 078A757F1D7F40CB003DD106 /* ANTableControllerUpdateOperationTests.m */; };
		078A75B01D7F60BE003DD106 /* Alister_Example_ExampleUITests.m in Sources */ = {isa = PBXBuildFile; fileRef = 078A75AF1D7F60BE003DD106 /* Alister_Example_ExampleUITests.m */; };
		18A4D7C303F7904DE27F85F4 /* Pods_Alister_Example_Tests.framework in Frameworks */ = {isa = PBXBuildFile; fileRef = F19F56DDDEE034DD40E4A09E /* Pods_Alister_Example_Tests.framework */; };
		5A95A8A6EACB63F3DAF75428 /* Pods_Alister_Example.framework in Frameworks */ = {isa = PBXBuildFile; fileRef = AFB91A3C0505789B7F9CF1F3 /* Pods_Alister_Example.framework */; };
		6003F58E195388D20070C39A /* Foundation.framework in Frameworks */ = {isa = PBXBuildFile; fileRef = 6003F58D195388D20070C39A /* Foundation.framework */; };
		6003F590195388D20070C39A /* CoreGraphics.framework in Frameworks */ = {isa = PBXBuildFile; fileRef = 6003F58F195388D20070C39A /* CoreGraphics.framework */; };
		6003F592195388D20070C39A /* UIKit.framework in Frameworks */ = {isa = PBXBuildFile; fileRef = 6003F591195388D20070C39A /* UIKit.framework */; };
		D7EC43B21D50C7DE00128012 /* (null) in Resources */ = {isa = PBXBuildFile; };
		D7EC43B31D50C7DE00128012 /* (null) in Resources */ = {isa = PBXBuildFile; };
		D7EC43B61D50C7EB00128012 /* (null) in Resources */ = {isa = PBXBuildFile; };
		D7EC43B71D50C7EB00128012 /* (null) in Resources */ = {isa = PBXBuildFile; };
		D7EC43BC1D50C9A300128012 /* main.m in Sources */ = {isa = PBXBuildFile; fileRef = D7EC43BA1D50C9A300128012 /* main.m */; };
		D7EC43C41D50C9AE00128012 /* ANAppDelegate.m in Sources */ = {isa = PBXBuildFile; fileRef = D7EC43BE1D50C9AE00128012 /* ANAppDelegate.m */; };
		D7EC43C51D50C9AE00128012 /* ANExampleTableViewCell.m in Sources */ = {isa = PBXBuildFile; fileRef = D7EC43C01D50C9AE00128012 /* ANExampleTableViewCell.m */; };
		D7EC43C61D50C9AE00128012 /* ANViewController.m in Sources */ = {isa = PBXBuildFile; fileRef = D7EC43C21D50C9AE00128012 /* ANViewController.m */; };
		D7EC43C71D50C9AE00128012 /* Images.xcassets in Resources */ = {isa = PBXBuildFile; fileRef = D7EC43C31D50C9AE00128012 /* Images.xcassets */; };
/* End PBXBuildFile section */

/* Begin PBXContainerItemProxy section */
		078A75B21D7F60BE003DD106 /* PBXContainerItemProxy */ = {
			isa = PBXContainerItemProxy;
			containerPortal = 6003F582195388D10070C39A /* Project object */;
			proxyType = 1;
			remoteGlobalIDString = 6003F589195388D20070C39A;
			remoteInfo = "Alister-Example";
		};
		D7EC43D11D512EE300128012 /* PBXContainerItemProxy */ = {
			isa = PBXContainerItemProxy;
			containerPortal = 6003F582195388D10070C39A /* Project object */;
			proxyType = 1;
			remoteGlobalIDString = 6003F589195388D20070C39A;
			remoteInfo = "Alister-Example";
		};
/* End PBXContainerItemProxy section */

/* Begin PBXFileReference section */
		019F2C73D93E6032B674EAE3 /* Pods-Alister-Example-Tests.debug.xcconfig */ = {isa = PBXFileReference; includeInIndex = 1; lastKnownFileType = text.xcconfig; name = "Pods-Alister-Example-Tests.debug.xcconfig"; path = "Pods/Target Support Files/Pods-Alister-Example-Tests/Pods-Alister-Example-Tests.debug.xcconfig"; sourceTree = "<group>"; };
		07025B341D7F79FB00C65012 /* XCTestCase+Springboard.h */ = {isa = PBXFileReference; fileEncoding = 4; lastKnownFileType = sourcecode.c.h; path = "XCTestCase+Springboard.h"; sourceTree = "<group>"; };
		07025B351D7F79FB00C65012 /* XCTestCase+Springboard.m */ = {isa = PBXFileReference; fileEncoding = 4; lastKnownFileType = sourcecode.c.objc; path = "XCTestCase+Springboard.m"; sourceTree = "<group>"; };
		078A753F1D7F40CB003DD106 /* ANTestableCollectionUpdateOperation.h */ = {isa = PBXFileReference; fileEncoding = 4; lastKnownFileType = sourcecode.c.h; path = ANTestableCollectionUpdateOperation.h; sourceTree = "<group>"; };
		078A75401D7F40CB003DD106 /* ANTestableCollectionUpdateOperation.m */ = {isa = PBXFileReference; fileEncoding = 4; lastKnownFileType = sourcecode.c.objc; path = ANTestableCollectionUpdateOperation.m; sourceTree = "<group>"; };
		078A75411D7F40CB003DD106 /* ANTestableCollectionView.h */ = {isa = PBXFileReference; fileEncoding = 4; lastKnownFileType = sourcecode.c.h; path = ANTestableCollectionView.h; sourceTree = "<group>"; };
		078A75421D7F40CB003DD106 /* ANTestableCollectionView.m */ = {isa = PBXFileReference; fileEncoding = 4; lastKnownFileType = sourcecode.c.objc; path = ANTestableCollectionView.m; sourceTree = "<group>"; };
		078A75431D7F40CB003DD106 /* ANTestableListControllerReloadOperationDelegate.h */ = {isa = PBXFileReference; fileEncoding = 4; lastKnownFileType = sourcecode.c.h; path = ANTestableListControllerReloadOperationDelegate.h; sourceTree = "<group>"; };
		078A75441D7F40CB003DD106 /* ANTestableListControllerReloadOperationDelegate.m */ = {isa = PBXFileReference; fileEncoding = 4; lastKnownFileType = sourcecode.c.objc; path = ANTestableListControllerReloadOperationDelegate.m; sourceTree = "<group>"; };
		078A75451D7F40CB003DD106 /* ANTestableListControllerUpdateOperationDelegate.h */ = {isa = PBXFileReference; fileEncoding = 4; lastKnownFileType = sourcecode.c.h; path = ANTestableListControllerUpdateOperationDelegate.h; sourceTree = "<group>"; };
		078A75461D7F40CB003DD106 /* ANTestableListControllerUpdateOperationDelegate.m */ = {isa = PBXFileReference; fileEncoding = 4; lastKnownFileType = sourcecode.c.objc; path = ANTestableListControllerUpdateOperationDelegate.m; sourceTree = "<group>"; };
		078A75471D7F40CB003DD106 /* ANTestableListView.h */ = {isa = PBXFileReference; fileEncoding = 4; lastKnownFileType = sourcecode.c.h; path = ANTestableListView.h; sourceTree = "<group>"; };
		078A75481D7F40CB003DD106 /* ANTestableListView.m */ = {isa = PBXFileReference; fileEncoding = 4; lastKnownFileType = sourcecode.c.objc; path = ANTestableListView.m; sourceTree = "<group>"; };
		078A75491D7F40CB003DD106 /* ANTestableStorageUpateOperation.h */ = {isa = PBXFileReference; fileEncoding = 4; lastKnownFileType = sourcecode.c.h; path = ANTestableStorageUpateOperation.h; sourceTree = "<group>"; };
		078A754A1D7F40CB003DD106 /* ANTestableStorageUpateOperation.m */ = {isa = PBXFileReference; fileEncoding = 4; lastKnownFileType = sourcecode.c.objc; path = ANTestableStorageUpateOperation.m; sourceTree = "<group>"; };
		078A754B1D7F40CB003DD106 /* ANTestableTableUpdateOperation.h */ = {isa = PBXFileReference; fileEncoding = 4; lastKnownFileType = sourcecode.c.h; path = ANTestableTableUpdateOperation.h; sourceTree = "<group>"; };
		078A754C1D7F40CB003DD106 /* ANTestableTableUpdateOperation.m */ = {isa = PBXFileReference; fileEncoding = 4; lastKnownFileType = sourcecode.c.objc; path = ANTestableTableUpdateOperation.m; sourceTree = "<group>"; };
		078A754D1D7F40CB003DD106 /* ANTestableTableView.h */ = {isa = PBXFileReference; fileEncoding = 4; lastKnownFileType = sourcecode.c.h; path = ANTestableTableView.h; sourceTree = "<group>"; };
		078A754E1D7F40CB003DD106 /* ANTestableTableView.m */ = {isa = PBXFileReference; fileEncoding = 4; lastKnownFileType = sourcecode.c.objc; path = ANTestableTableView.m; sourceTree = "<group>"; };
		078A754F1D7F40CB003DD106 /* ANTestableTextField.h */ = {isa = PBXFileReference; fileEncoding = 4; lastKnownFileType = sourcecode.c.h; path = ANTestableTextField.h; sourceTree = "<group>"; };
		078A75501D7F40CB003DD106 /* ANTestableTextField.m */ = {isa = PBXFileReference; fileEncoding = 4; lastKnownFileType = sourcecode.c.objc; path = ANTestableTextField.m; sourceTree = "<group>"; };
		078A75511D7F40CB003DD106 /* ANTestableTouch.h */ = {isa = PBXFileReference; fileEncoding = 4; lastKnownFileType = sourcecode.c.h; path = ANTestableTouch.h; sourceTree = "<group>"; };
		078A75521D7F40CB003DD106 /* ANTestableTouch.m */ = {isa = PBXFileReference; fileEncoding = 4; lastKnownFileType = sourcecode.c.objc; path = ANTestableTouch.m; sourceTree = "<group>"; };
		078A75531D7F40CB003DD106 /* ANTestKeyboardHandlerDelegate.h */ = {isa = PBXFileReference; fileEncoding = 4; lastKnownFileType = sourcecode.c.h; path = ANTestKeyboardHandlerDelegate.h; sourceTree = "<group>"; };
		078A75541D7F40CB003DD106 /* ANTestKeyboardHandlerDelegate.m */ = {isa = PBXFileReference; fileEncoding = 4; lastKnownFileType = sourcecode.c.objc; path = ANTestKeyboardHandlerDelegate.m; sourceTree = "<group>"; };
		078A75551D7F40CB003DD106 /* ANTestTableCell.h */ = {isa = PBXFileReference; fileEncoding = 4; lastKnownFileType = sourcecode.c.h; path = ANTestTableCell.h; sourceTree = "<group>"; };
		078A75561D7F40CB003DD106 /* ANTestTableCell.m */ = {isa = PBXFileReference; fileEncoding = 4; lastKnownFileType = sourcecode.c.objc; path = ANTestTableCell.m; sourceTree = "<group>"; };
		078A75571D7F40CB003DD106 /* ANTestViewModel.h */ = {isa = PBXFileReference; fileEncoding = 4; lastKnownFileType = sourcecode.c.h; path = ANTestViewModel.h; sourceTree = "<group>"; };
		078A75581D7F40CB003DD106 /* ANTestViewModel.m */ = {isa = PBXFileReference; fileEncoding = 4; lastKnownFileType = sourcecode.c.objc; path = ANTestViewModel.m; sourceTree = "<group>"; };
		078A755B1D7F40CB003DD106 /* ANCollectionUpdateOperationTests.m */ = {isa = PBXFileReference; fileEncoding = 4; lastKnownFileType = sourcecode.c.objc; path = ANCollectionUpdateOperationTests.m; sourceTree = "<group>"; };
		078A755D1D7F40CB003DD106 /* ANKeyboardHandlerTest.m */ = {isa = PBXFileReference; fileEncoding = 4; lastKnownFileType = sourcecode.c.objc; path = ANKeyboardHandlerTest.m; sourceTree = "<group>"; };
		078A755F1D7F40CB003DD106 /* ANCollectionControllerConfigurationModelTest.m */ = {isa = PBXFileReference; fileEncoding = 4; lastKnownFileType = sourcecode.c.objc; path = ANCollectionControllerConfigurationModelTest.m; sourceTree = "<group>"; };
		078A75601D7F40CB003DD106 /* ANCollectionControllerTest.m */ = {isa = PBXFileReference; fileEncoding = 4; lastKnownFileType = sourcecode.c.objc; path = ANCollectionControllerTest.m; sourceTree = "<group>"; };
		078A75611D7F40CB003DD106 /* ANListControllerConfigurationModelTest.m */ = {isa = PBXFileReference; fileEncoding = 4; lastKnownFileType = sourcecode.c.objc; path = ANListControllerConfigurationModelTest.m; sourceTree = "<group>"; };
		078A75621D7F40CB003DD106 /* ANListControllerMappingModelTest.m */ = {isa = PBXFileReference; fileEncoding = 4; lastKnownFileType = sourcecode.c.objc; path = ANListControllerMappingModelTest.m; sourceTree = "<group>"; };
		078A75631D7F40CB003DD106 /* ANTableControllerReusableTest.m */ = {isa = PBXFileReference; fileEncoding = 4; lastKnownFileType = sourcecode.c.objc; path = ANTableControllerReusableTest.m; sourceTree = "<group>"; };
		078A75641D7F40CB003DD106 /* ANTableControllerTest.m */ = {isa = PBXFileReference; fileEncoding = 4; lastKnownFileType = sourcecode.c.objc; path = ANTableControllerTest.m; sourceTree = "<group>"; };
		078A75661D7F40CB003DD106 /* ANListControllerReloadOperationTests.m */ = {isa = PBXFileReference; fileEncoding = 4; lastKnownFileType = sourcecode.c.objc; path = ANListControllerReloadOperationTests.m; sourceTree = "<group>"; };
		078A75681D7F40CB003DD106 /* ANListControllerSearchManagerTest.m */ = {isa = PBXFileReference; fileEncoding = 4; lastKnownFileType = sourcecode.c.objc; path = ANListControllerSearchManagerTest.m; sourceTree = "<group>"; };
		078A756A1D7F40CB003DD106 /* ANBaseTableFooterViewTests.m */ = {isa = PBXFileReference; fileEncoding = 4; lastKnownFileType = sourcecode.c.objc; path = ANBaseTableFooterViewTests.m; sourceTree = "<group>"; };
		078A756B1D7F40CB003DD106 /* ANBaseTableViewHeaderFooterViewTests.m */ = {isa = PBXFileReference; fileEncoding = 4; lastKnownFileType = sourcecode.c.objc; path = ANBaseTableViewHeaderFooterViewTests.m; sourceTree = "<group>"; };
		078A756C1D7F40CB003DD106 /* ANCollectionReusableViewTests.m */ = {isa = PBXFileReference; fileEncoding = 4; lastKnownFileType = sourcecode.c.objc; path = ANCollectionReusableViewTests.m; sourceTree = "<group>"; };
		078A756D1D7F40CB003DD106 /* ANCollectionViewCellTests.m */ = {isa = PBXFileReference; fileEncoding = 4; lastKnownFileType = sourcecode.c.objc; path = ANCollectionViewCellTests.m; sourceTree = "<group>"; };
		078A756E1D7F40CB003DD106 /* ANCollectionViewTest.m */ = {isa = PBXFileReference; fileEncoding = 4; lastKnownFileType = sourcecode.c.objc; path = ANCollectionViewTest.m; sourceTree = "<group>"; };
		078A756F1D7F40CB003DD106 /* ANTableContainerViewTest.m */ = {isa = PBXFileReference; fileEncoding = 4; lastKnownFileType = sourcecode.c.objc; path = ANTableContainerViewTest.m; sourceTree = "<group>"; };
		078A75701D7F40CB003DD106 /* ANTableViewTests.m */ = {isa = PBXFileReference; fileEncoding = 4; lastKnownFileType = sourcecode.c.objc; path = ANTableViewTests.m; sourceTree = "<group>"; };
		078A75711D7F40CB003DD106 /* ANTestTableHeaderFooter.h */ = {isa = PBXFileReference; fileEncoding = 4; lastKnownFileType = sourcecode.c.h; path = ANTestTableHeaderFooter.h; sourceTree = "<group>"; };
		078A75721D7F40CB003DD106 /* ANTestTableHeaderFooter.m */ = {isa = PBXFileReference; fileEncoding = 4; lastKnownFileType = sourcecode.c.objc; path = ANTestTableHeaderFooter.m; sourceTree = "<group>"; };
		078A75741D7F40CB003DD106 /* ANStorageControllerCRUDTest.m */ = {isa = PBXFileReference; fileEncoding = 4; lastKnownFileType = sourcecode.c.objc; path = ANStorageControllerCRUDTest.m; sourceTree = "<group>"; };
		078A75751D7F40CB003DD106 /* ANStorageModelTest.m */ = {isa = PBXFileReference; fileEncoding = 4; lastKnownFileType = sourcecode.c.objc; path = ANStorageModelTest.m; sourceTree = "<group>"; };
		078A75761D7F40CB003DD106 /* ANStorageModelTestAlternative.m */ = {isa = PBXFileReference; fileEncoding = 4; lastKnownFileType = sourcecode.c.objc; path = ANStorageModelTestAlternative.m; sourceTree = "<group>"; };
		078A75771D7F40CB003DD106 /* ANStorageMovedIndexPathModelTest.m */ = {isa = PBXFileReference; fileEncoding = 4; lastKnownFileType = sourcecode.c.objc; path = ANStorageMovedIndexPathModelTest.m; sourceTree = "<group>"; };
		078A75781D7F40CB003DD106 /* ANStorageRemoverTest.m */ = {isa = PBXFileReference; fileEncoding = 4; lastKnownFileType = sourcecode.c.objc; path = ANStorageRemoverTest.m; sourceTree = "<group>"; };
		078A75791D7F40CB003DD106 /* ANStorageSectionModelTest.m */ = {isa = PBXFileReference; fileEncoding = 4; lastKnownFileType = sourcecode.c.objc; path = ANStorageSectionModelTest.m; sourceTree = "<group>"; };
		078A757A1D7F40CB003DD106 /* ANStorageUpdateModelTest.m */ = {isa = PBXFileReference; fileEncoding = 4; lastKnownFileType = sourcecode.c.objc; path = ANStorageUpdateModelTest.m; sourceTree = "<group>"; };
		078A757B1D7F40CB003DD106 /* ANStorageUpdaterTests.m */ = {isa = PBXFileReference; fileEncoding = 4; lastKnownFileType = sourcecode.c.objc; path = ANStorageUpdaterTests.m; sourceTree = "<group>"; };
		078A757D1D7F40CB003DD106 /* ANStorageUpdateOperationTests.m */ = {isa = PBXFileReference; fileEncoding = 4; lastKnownFileType = sourcecode.c.objc; path = ANStorageUpdateOperationTests.m; sourceTree = "<group>"; };
		078A757F1D7F40CB003DD106 /* ANTableControllerUpdateOperationTests.m */ = {isa = PBXFileReference; fileEncoding = 4; lastKnownFileType = sourcecode.c.objc; path = ANTableControllerUpdateOperationTests.m; sourceTree = "<group>"; };
		078A75AD1D7F60BD003DD106 /* Alister-Example-ExampleUITests.xctest */ = {isa = PBXFileReference; explicitFileType = wrapper.cfbundle; includeInIndex = 0; path = "Alister-Example-ExampleUITests.xctest"; sourceTree = BUILT_PRODUCTS_DIR; };
		078A75AF1D7F60BE003DD106 /* Alister_Example_ExampleUITests.m */ = {isa = PBXFileReference; lastKnownFileType = sourcecode.c.objc; path = Alister_Example_ExampleUITests.m; sourceTree = "<group>"; };
		078A75B11D7F60BE003DD106 /* Info.plist */ = {isa = PBXFileReference; lastKnownFileType = text.plist.xml; path = Info.plist; sourceTree = "<group>"; };
		07CE62481D5169B300D1A43C /* Tests-Prefix.pch */ = {isa = PBXFileReference; fileEncoding = 4; lastKnownFileType = sourcecode.c.h; path = "Tests-Prefix.pch"; sourceTree = "<group>"; };
		12C7B2C3A579D51E17C98434 /* README.md */ = {isa = PBXFileReference; includeInIndex = 1; lastKnownFileType = net.daringfireball.markdown; name = README.md; path = ../README.md; sourceTree = "<group>"; };
		5A48C1C6D522CC417AF71E09 /* Pods-Alister-Example.release.xcconfig */ = {isa = PBXFileReference; includeInIndex = 1; lastKnownFileType = text.xcconfig; name = "Pods-Alister-Example.release.xcconfig"; path = "Pods/Target Support Files/Pods-Alister-Example/Pods-Alister-Example.release.xcconfig"; sourceTree = "<group>"; };
		6003F58A195388D20070C39A /* Alister-Example_Example.app */ = {isa = PBXFileReference; explicitFileType = wrapper.application; includeInIndex = 0; path = "Alister-Example_Example.app"; sourceTree = BUILT_PRODUCTS_DIR; };
		6003F58D195388D20070C39A /* Foundation.framework */ = {isa = PBXFileReference; lastKnownFileType = wrapper.framework; name = Foundation.framework; path = System/Library/Frameworks/Foundation.framework; sourceTree = SDKROOT; };
		6003F58F195388D20070C39A /* CoreGraphics.framework */ = {isa = PBXFileReference; lastKnownFileType = wrapper.framework; name = CoreGraphics.framework; path = System/Library/Frameworks/CoreGraphics.framework; sourceTree = SDKROOT; };
		6003F591195388D20070C39A /* UIKit.framework */ = {isa = PBXFileReference; lastKnownFileType = wrapper.framework; name = UIKit.framework; path = System/Library/Frameworks/UIKit.framework; sourceTree = SDKROOT; };
		6003F5AF195388D20070C39A /* XCTest.framework */ = {isa = PBXFileReference; lastKnownFileType = wrapper.framework; name = XCTest.framework; path = Library/Frameworks/XCTest.framework; sourceTree = DEVELOPER_DIR; };
		A8D594C6A1CAF9F8A83D2691 /* LICENSE */ = {isa = PBXFileReference; includeInIndex = 1; lastKnownFileType = text; name = LICENSE; path = ../LICENSE; sourceTree = "<group>"; };
		AFB91A3C0505789B7F9CF1F3 /* Pods_Alister_Example.framework */ = {isa = PBXFileReference; explicitFileType = wrapper.framework; includeInIndex = 0; path = Pods_Alister_Example.framework; sourceTree = BUILT_PRODUCTS_DIR; };
		CB2099F6E4049388FFBA7187 /* Pods-Alister-Example.debug.xcconfig */ = {isa = PBXFileReference; includeInIndex = 1; lastKnownFileType = text.xcconfig; name = "Pods-Alister-Example.debug.xcconfig"; path = "Pods/Target Support Files/Pods-Alister-Example/Pods-Alister-Example.debug.xcconfig"; sourceTree = "<group>"; };
		D7EC43B81D50C9A300128012 /* Alister-Example-Info.plist */ = {isa = PBXFileReference; fileEncoding = 4; lastKnownFileType = text.plist.xml; name = "Alister-Example-Info.plist"; path = "Alister-Example/Alister-Example-Info.plist"; sourceTree = SOURCE_ROOT; };
		D7EC43B91D50C9A300128012 /* Alister-Example-Prefix.pch */ = {isa = PBXFileReference; fileEncoding = 4; lastKnownFileType = sourcecode.c.h; name = "Alister-Example-Prefix.pch"; path = "Alister-Example/Alister-Example-Prefix.pch"; sourceTree = SOURCE_ROOT; };
		D7EC43BA1D50C9A300128012 /* main.m */ = {isa = PBXFileReference; fileEncoding = 4; lastKnownFileType = sourcecode.c.objc; name = main.m; path = "Alister-Example/main.m"; sourceTree = SOURCE_ROOT; };
		D7EC43BD1D50C9AE00128012 /* ANAppDelegate.h */ = {isa = PBXFileReference; fileEncoding = 4; lastKnownFileType = sourcecode.c.h; name = ANAppDelegate.h; path = "Alister-Example/ANAppDelegate.h"; sourceTree = SOURCE_ROOT; };
		D7EC43BE1D50C9AE00128012 /* ANAppDelegate.m */ = {isa = PBXFileReference; fileEncoding = 4; lastKnownFileType = sourcecode.c.objc; name = ANAppDelegate.m; path = "Alister-Example/ANAppDelegate.m"; sourceTree = SOURCE_ROOT; };
		D7EC43BF1D50C9AE00128012 /* ANExampleTableViewCell.h */ = {isa = PBXFileReference; fileEncoding = 4; lastKnownFileType = sourcecode.c.h; name = ANExampleTableViewCell.h; path = "Alister-Example/ANExampleTableViewCell.h"; sourceTree = SOURCE_ROOT; };
		D7EC43C01D50C9AE00128012 /* ANExampleTableViewCell.m */ = {isa = PBXFileReference; fileEncoding = 4; lastKnownFileType = sourcecode.c.objc; name = ANExampleTableViewCell.m; path = "Alister-Example/ANExampleTableViewCell.m"; sourceTree = SOURCE_ROOT; };
		D7EC43C11D50C9AE00128012 /* ANViewController.h */ = {isa = PBXFileReference; fileEncoding = 4; lastKnownFileType = sourcecode.c.h; name = ANViewController.h; path = "Alister-Example/ANViewController.h"; sourceTree = SOURCE_ROOT; };
		D7EC43C21D50C9AE00128012 /* ANViewController.m */ = {isa = PBXFileReference; fileEncoding = 4; lastKnownFileType = sourcecode.c.objc; name = ANViewController.m; path = "Alister-Example/ANViewController.m"; sourceTree = SOURCE_ROOT; };
		D7EC43C31D50C9AE00128012 /* Images.xcassets */ = {isa = PBXFileReference; lastKnownFileType = folder.assetcatalog; name = Images.xcassets; path = "Alister-Example/Images.xcassets"; sourceTree = SOURCE_ROOT; };
		D7EC43CC1D512EE300128012 /* Alister-Example-Tests.xctest */ = {isa = PBXFileReference; explicitFileType = wrapper.cfbundle; includeInIndex = 0; path = "Alister-Example-Tests.xctest"; sourceTree = BUILT_PRODUCTS_DIR; };
		D7EC43D01D512EE300128012 /* Info.plist */ = {isa = PBXFileReference; lastKnownFileType = text.plist.xml; path = Info.plist; sourceTree = "<group>"; };
		E301602B7936D5180834423D /* Alister.podspec */ = {isa = PBXFileReference; includeInIndex = 1; lastKnownFileType = text; name = Alister.podspec; path = ../Alister.podspec; sourceTree = "<group>"; xcLanguageSpecificationIdentifier = xcode.lang.ruby; };
		F19F56DDDEE034DD40E4A09E /* Pods_Alister_Example_Tests.framework */ = {isa = PBXFileReference; explicitFileType = wrapper.framework; includeInIndex = 0; path = Pods_Alister_Example_Tests.framework; sourceTree = BUILT_PRODUCTS_DIR; };
		F94C3A38CF0AB0BC1BBB034E /* Pods-Alister-Example-Tests.release.xcconfig */ = {isa = PBXFileReference; includeInIndex = 1; lastKnownFileType = text.xcconfig; name = "Pods-Alister-Example-Tests.release.xcconfig"; path = "Pods/Target Support Files/Pods-Alister-Example-Tests/Pods-Alister-Example-Tests.release.xcconfig"; sourceTree = "<group>"; };
/* End PBXFileReference section */

/* Begin PBXFrameworksBuildPhase section */
		078A75AA1D7F60BD003DD106 /* Frameworks */ = {
			isa = PBXFrameworksBuildPhase;
			buildActionMask = 2147483647;
			files = (
			);
			runOnlyForDeploymentPostprocessing = 0;
		};
		6003F587195388D20070C39A /* Frameworks */ = {
			isa = PBXFrameworksBuildPhase;
			buildActionMask = 2147483647;
			files = (
				6003F590195388D20070C39A /* CoreGraphics.framework in Frameworks */,
				6003F592195388D20070C39A /* UIKit.framework in Frameworks */,
				6003F58E195388D20070C39A /* Foundation.framework in Frameworks */,
				5A95A8A6EACB63F3DAF75428 /* Pods_Alister_Example.framework in Frameworks */,
			);
			runOnlyForDeploymentPostprocessing = 0;
		};
		D7EC43C91D512EE300128012 /* Frameworks */ = {
			isa = PBXFrameworksBuildPhase;
			buildActionMask = 2147483647;
			files = (
				18A4D7C303F7904DE27F85F4 /* Pods_Alister_Example_Tests.framework in Frameworks */,
			);
			runOnlyForDeploymentPostprocessing = 0;
		};
/* End PBXFrameworksBuildPhase section */

/* Begin PBXGroup section */
		078A753E1D7F40CB003DD106 /* HelperClasses */ = {
			isa = PBXGroup;
			children = (
				078A753F1D7F40CB003DD106 /* ANTestableCollectionUpdateOperation.h */,
				078A75401D7F40CB003DD106 /* ANTestableCollectionUpdateOperation.m */,
				078A75411D7F40CB003DD106 /* ANTestableCollectionView.h */,
				078A75421D7F40CB003DD106 /* ANTestableCollectionView.m */,
				078A75431D7F40CB003DD106 /* ANTestableListControllerReloadOperationDelegate.h */,
				078A75441D7F40CB003DD106 /* ANTestableListControllerReloadOperationDelegate.m */,
				078A75451D7F40CB003DD106 /* ANTestableListControllerUpdateOperationDelegate.h */,
				078A75461D7F40CB003DD106 /* ANTestableListControllerUpdateOperationDelegate.m */,
				078A75471D7F40CB003DD106 /* ANTestableListView.h */,
				078A75481D7F40CB003DD106 /* ANTestableListView.m */,
				078A75491D7F40CB003DD106 /* ANTestableStorageUpateOperation.h */,
				078A754A1D7F40CB003DD106 /* ANTestableStorageUpateOperation.m */,
				078A754B1D7F40CB003DD106 /* ANTestableTableUpdateOperation.h */,
				078A754C1D7F40CB003DD106 /* ANTestableTableUpdateOperation.m */,
				078A754D1D7F40CB003DD106 /* ANTestableTableView.h */,
				078A754E1D7F40CB003DD106 /* ANTestableTableView.m */,
				078A754F1D7F40CB003DD106 /* ANTestableTextField.h */,
				078A75501D7F40CB003DD106 /* ANTestableTextField.m */,
				078A75511D7F40CB003DD106 /* ANTestableTouch.h */,
				078A75521D7F40CB003DD106 /* ANTestableTouch.m */,
				078A75531D7F40CB003DD106 /* ANTestKeyboardHandlerDelegate.h */,
				078A75541D7F40CB003DD106 /* ANTestKeyboardHandlerDelegate.m */,
				078A75551D7F40CB003DD106 /* ANTestTableCell.h */,
				078A75561D7F40CB003DD106 /* ANTestTableCell.m */,
				078A75571D7F40CB003DD106 /* ANTestViewModel.h */,
				078A75581D7F40CB003DD106 /* ANTestViewModel.m */,
			);
			path = HelperClasses;
			sourceTree = "<group>";
		};
		078A75591D7F40CB003DD106 /* Alister */ = {
			isa = PBXGroup;
			children = (
				078A755A1D7F40CB003DD106 /* ANCollectionUpdateOperationTests */,
				078A755C1D7F40CB003DD106 /* ANKeyboardHandler */,
				078A755E1D7F40CB003DD106 /* ANListController */,
				078A75651D7F40CB003DD106 /* ANListControllerReloadOperationTests */,
				078A75671D7F40CB003DD106 /* ANListControllerSearchManagerTests */,
				078A75691D7F40CB003DD106 /* ANPrototypingUIKit */,
				078A75731D7F40CB003DD106 /* ANStorage */,
				078A757C1D7F40CB003DD106 /* ANStorageUpdateOperationTests */,
				078A757E1D7F40CB003DD106 /* ANTableControllerUpdateOperationTests */,
			);
			path = Alister;
			sourceTree = "<group>";
		};
		078A755A1D7F40CB003DD106 /* ANCollectionUpdateOperationTests */ = {
			isa = PBXGroup;
			children = (
				078A755B1D7F40CB003DD106 /* ANCollectionUpdateOperationTests.m */,
			);
			path = ANCollectionUpdateOperationTests;
			sourceTree = "<group>";
		};
		078A755C1D7F40CB003DD106 /* ANKeyboardHandler */ = {
			isa = PBXGroup;
			children = (
				078A755D1D7F40CB003DD106 /* ANKeyboardHandlerTest.m */,
			);
			path = ANKeyboardHandler;
			sourceTree = "<group>";
		};
		078A755E1D7F40CB003DD106 /* ANListController */ = {
			isa = PBXGroup;
			children = (
				078A755F1D7F40CB003DD106 /* ANCollectionControllerConfigurationModelTest.m */,
				078A75601D7F40CB003DD106 /* ANCollectionControllerTest.m */,
				078A75611D7F40CB003DD106 /* ANListControllerConfigurationModelTest.m */,
				078A75621D7F40CB003DD106 /* ANListControllerMappingModelTest.m */,
				078A75631D7F40CB003DD106 /* ANTableControllerReusableTest.m */,
				078A75641D7F40CB003DD106 /* ANTableControllerTest.m */,
			);
			path = ANListController;
			sourceTree = "<group>";
		};
		078A75651D7F40CB003DD106 /* ANListControllerReloadOperationTests */ = {
			isa = PBXGroup;
			children = (
				078A75661D7F40CB003DD106 /* ANListControllerReloadOperationTests.m */,
			);
			path = ANListControllerReloadOperationTests;
			sourceTree = "<group>";
		};
		078A75671D7F40CB003DD106 /* ANListControllerSearchManagerTests */ = {
			isa = PBXGroup;
			children = (
				078A75681D7F40CB003DD106 /* ANListControllerSearchManagerTest.m */,
			);
			path = ANListControllerSearchManagerTests;
			sourceTree = "<group>";
		};
		078A75691D7F40CB003DD106 /* ANPrototypingUIKit */ = {
			isa = PBXGroup;
			children = (
				078A756A1D7F40CB003DD106 /* ANBaseTableFooterViewTests.m */,
				078A756B1D7F40CB003DD106 /* ANBaseTableViewHeaderFooterViewTests.m */,
				078A756C1D7F40CB003DD106 /* ANCollectionReusableViewTests.m */,
				078A756D1D7F40CB003DD106 /* ANCollectionViewCellTests.m */,
				078A756E1D7F40CB003DD106 /* ANCollectionViewTest.m */,
				078A756F1D7F40CB003DD106 /* ANTableContainerViewTest.m */,
				078A75701D7F40CB003DD106 /* ANTableViewTests.m */,
				078A75711D7F40CB003DD106 /* ANTestTableHeaderFooter.h */,
				078A75721D7F40CB003DD106 /* ANTestTableHeaderFooter.m */,
			);
			path = ANPrototypingUIKit;
			sourceTree = "<group>";
		};
		078A75731D7F40CB003DD106 /* ANStorage */ = {
			isa = PBXGroup;
			children = (
				078A75741D7F40CB003DD106 /* ANStorageControllerCRUDTest.m */,
				078A75751D7F40CB003DD106 /* ANStorageModelTest.m */,
				078A75761D7F40CB003DD106 /* ANStorageModelTestAlternative.m */,
				078A75771D7F40CB003DD106 /* ANStorageMovedIndexPathModelTest.m */,
				078A75781D7F40CB003DD106 /* ANStorageRemoverTest.m */,
				078A75791D7F40CB003DD106 /* ANStorageSectionModelTest.m */,
				078A757A1D7F40CB003DD106 /* ANStorageUpdateModelTest.m */,
				078A757B1D7F40CB003DD106 /* ANStorageUpdaterTests.m */,
			);
			path = ANStorage;
			sourceTree = "<group>";
		};
		078A757C1D7F40CB003DD106 /* ANStorageUpdateOperationTests */ = {
			isa = PBXGroup;
			children = (
				078A757D1D7F40CB003DD106 /* ANStorageUpdateOperationTests.m */,
			);
			path = ANStorageUpdateOperationTests;
			sourceTree = "<group>";
		};
		078A757E1D7F40CB003DD106 /* ANTableControllerUpdateOperationTests */ = {
			isa = PBXGroup;
			children = (
				078A757F1D7F40CB003DD106 /* ANTableControllerUpdateOperationTests.m */,
			);
			path = ANTableControllerUpdateOperationTests;
			sourceTree = "<group>";
		};
		078A75AE1D7F60BE003DD106 /* Alister-Example-ExampleUITests */ = {
			isa = PBXGroup;
			children = (
				07025B341D7F79FB00C65012 /* XCTestCase+Springboard.h */,
				07025B351D7F79FB00C65012 /* XCTestCase+Springboard.m */,
				078A75AF1D7F60BE003DD106 /* Alister_Example_ExampleUITests.m */,
				078A75B11D7F60BE003DD106 /* Info.plist */,
			);
			path = "Alister-Example-ExampleUITests";
			sourceTree = "<group>";
		};
		6003F581195388D10070C39A = {
			isa = PBXGroup;
			children = (
				60FF7A9C1954A5C5007DD14C /* Podspec Metadata */,
				6003F593195388D20070C39A /* Example for Alister */,
				D7EC43CD1D512EE300128012 /* Alister-Example-Tests */,
				078A75AE1D7F60BE003DD106 /* Alister-Example-ExampleUITests */,
				6003F58C195388D20070C39A /* Frameworks */,
				6003F58B195388D20070C39A /* Products */,
				FABC739016B08881E2AEF090 /* Pods */,
			);
			sourceTree = "<group>";
		};
		6003F58B195388D20070C39A /* Products */ = {
			isa = PBXGroup;
			children = (
				6003F58A195388D20070C39A /* Alister-Example_Example.app */,
				D7EC43CC1D512EE300128012 /* Alister-Example-Tests.xctest */,
				078A75AD1D7F60BD003DD106 /* Alister-Example-ExampleUITests.xctest */,
			);
			name = Products;
			sourceTree = "<group>";
		};
		6003F58C195388D20070C39A /* Frameworks */ = {
			isa = PBXGroup;
			children = (
				6003F58D195388D20070C39A /* Foundation.framework */,
				6003F58F195388D20070C39A /* CoreGraphics.framework */,
				6003F591195388D20070C39A /* UIKit.framework */,
				6003F5AF195388D20070C39A /* XCTest.framework */,
				AFB91A3C0505789B7F9CF1F3 /* Pods_Alister_Example.framework */,
				F19F56DDDEE034DD40E4A09E /* Pods_Alister_Example_Tests.framework */,
			);
			name = Frameworks;
			sourceTree = "<group>";
		};
		6003F593195388D20070C39A /* Example for Alister */ = {
			isa = PBXGroup;
			children = (
				D7EC43BD1D50C9AE00128012 /* ANAppDelegate.h */,
				D7EC43BE1D50C9AE00128012 /* ANAppDelegate.m */,
				D7EC43BF1D50C9AE00128012 /* ANExampleTableViewCell.h */,
				D7EC43C01D50C9AE00128012 /* ANExampleTableViewCell.m */,
				D7EC43C11D50C9AE00128012 /* ANViewController.h */,
				D7EC43C21D50C9AE00128012 /* ANViewController.m */,
				D7EC43C31D50C9AE00128012 /* Images.xcassets */,
				6003F594195388D20070C39A /* Supporting Files */,
			);
			name = "Example for Alister";
			path = Alister;
			sourceTree = "<group>";
		};
		6003F594195388D20070C39A /* Supporting Files */ = {
			isa = PBXGroup;
			children = (
				D7EC43B81D50C9A300128012 /* Alister-Example-Info.plist */,
				D7EC43B91D50C9A300128012 /* Alister-Example-Prefix.pch */,
				D7EC43BA1D50C9A300128012 /* main.m */,
			);
			name = "Supporting Files";
			sourceTree = "<group>";
		};
		60FF7A9C1954A5C5007DD14C /* Podspec Metadata */ = {
			isa = PBXGroup;
			children = (
				E301602B7936D5180834423D /* Alister.podspec */,
				12C7B2C3A579D51E17C98434 /* README.md */,
				A8D594C6A1CAF9F8A83D2691 /* LICENSE */,
			);
			name = "Podspec Metadata";
			sourceTree = "<group>";
		};
		D7EC43CD1D512EE300128012 /* Alister-Example-Tests */ = {
			isa = PBXGroup;
			children = (
				078A753E1D7F40CB003DD106 /* HelperClasses */,
				078A75591D7F40CB003DD106 /* Alister */,
				07CE62481D5169B300D1A43C /* Tests-Prefix.pch */,
				D7EC43D01D512EE300128012 /* Info.plist */,
			);
			path = "Alister-Example-Tests";
			sourceTree = "<group>";
		};
		FABC739016B08881E2AEF090 /* Pods */ = {
			isa = PBXGroup;
			children = (
				CB2099F6E4049388FFBA7187 /* Pods-Alister-Example.debug.xcconfig */,
				5A48C1C6D522CC417AF71E09 /* Pods-Alister-Example.release.xcconfig */,
				019F2C73D93E6032B674EAE3 /* Pods-Alister-Example-Tests.debug.xcconfig */,
				F94C3A38CF0AB0BC1BBB034E /* Pods-Alister-Example-Tests.release.xcconfig */,
			);
			name = Pods;
			sourceTree = "<group>";
		};
/* End PBXGroup section */

/* Begin PBXNativeTarget section */
		078A75AC1D7F60BD003DD106 /* Alister-Example-ExampleUITests */ = {
			isa = PBXNativeTarget;
			buildConfigurationList = 078A75B61D7F60BE003DD106 /* Build configuration list for PBXNativeTarget "Alister-Example-ExampleUITests" */;
			buildPhases = (
				078A75A91D7F60BD003DD106 /* Sources */,
				078A75AA1D7F60BD003DD106 /* Frameworks */,
				078A75AB1D7F60BD003DD106 /* Resources */,
			);
			buildRules = (
			);
			dependencies = (
				078A75B31D7F60BE003DD106 /* PBXTargetDependency */,
			);
			name = "Alister-Example-ExampleUITests";
			productName = "Alister-Example-ExampleUITests";
			productReference = 078A75AD1D7F60BD003DD106 /* Alister-Example-ExampleUITests.xctest */;
			productType = "com.apple.product-type.bundle.ui-testing";
		};
		6003F589195388D20070C39A /* Alister-Example */ = {
			isa = PBXNativeTarget;
			buildConfigurationList = 6003F5BF195388D20070C39A /* Build configuration list for PBXNativeTarget "Alister-Example" */;
			buildPhases = (
				8DEFFEDDAE67F3651325332D /* [CP] Check Pods Manifest.lock */,
				59A0B9A8A89BB973779AF899 /* [CP] Check Pods Manifest.lock */,
				6003F586195388D20070C39A /* Sources */,
				6003F587195388D20070C39A /* Frameworks */,
				6003F588195388D20070C39A /* Resources */,
				6D237E929AC908222EA8BC93 /* [CP] Embed Pods Frameworks */,
				7026C6C66CCE5A847CEDB1A9 /* [CP] Copy Pods Resources */,
				D08A4EF17770C1C105F37053 /* 📦 Embed Pods Frameworks */,
				10AA9226888A63821B7F7B0E /* 📦 Copy Pods Resources */,
				B6FF6D29C249ACAC43331C35 /* Embed Pods Frameworks */,
			);
			buildRules = (
			);
			dependencies = (
			);
			name = "Alister-Example";
			productName = Alister;
			productReference = 6003F58A195388D20070C39A /* Alister-Example_Example.app */;
			productType = "com.apple.product-type.application";
		};
		D7EC43CB1D512EE300128012 /* Alister-Example-Tests */ = {
			isa = PBXNativeTarget;
			buildConfigurationList = D7EC43D31D512EE300128012 /* Build configuration list for PBXNativeTarget "Alister-Example-Tests" */;
			buildPhases = (
				57D5A486518A6A5E7C136536 /* [CP] Check Pods Manifest.lock */,
				F021BB144B54D21DD699B183 /* [CP] Check Pods Manifest.lock */,
				D7EC43C81D512EE300128012 /* Sources */,
				D7EC43C91D512EE300128012 /* Frameworks */,
				D7EC43CA1D512EE300128012 /* Resources */,
				71C0A3D1AB9BD8D5A6B7F42F /* [CP] Embed Pods Frameworks */,
				C4FA3412C402A21750F737FF /* [CP] Copy Pods Resources */,
				305A6DD883E3CEEFE78A4585 /* 📦 Embed Pods Frameworks */,
				D56DD72273A720591DF36757 /* 📦 Copy Pods Resources */,
				99C3FC569697AC08A510CF69 /* Embed Pods Frameworks */,
			);
			buildRules = (
			);
			dependencies = (
				D7EC43D21D512EE300128012 /* PBXTargetDependency */,
			);
			name = "Alister-Example-Tests";
			productName = "Alister-Example-Tests";
			productReference = D7EC43CC1D512EE300128012 /* Alister-Example-Tests.xctest */;
			productType = "com.apple.product-type.bundle.unit-test";
		};
/* End PBXNativeTarget section */

/* Begin PBXProject section */
		6003F582195388D10070C39A /* Project object */ = {
			isa = PBXProject;
			attributes = {
				CLASSPREFIX = AN;
				LastUpgradeCheck = 0800;
				ORGANIZATIONNAME = "Oksana Kovalchuk";
				TargetAttributes = {
					078A75AC1D7F60BD003DD106 = {
						CreatedOnToolsVersion = 7.2.1;
						TestTargetID = 6003F589195388D20070C39A;
					};
					D7EC43CB1D512EE300128012 = {
						CreatedOnToolsVersion = 7.2.1;
						TestTargetID = 6003F589195388D20070C39A;
					};
				};
			};
			buildConfigurationList = 6003F585195388D10070C39A /* Build configuration list for PBXProject "Alister-Example" */;
			compatibilityVersion = "Xcode 3.2";
			developmentRegion = English;
			hasScannedForEncodings = 0;
			knownRegions = (
				en,
				Base,
			);
			mainGroup = 6003F581195388D10070C39A;
			productRefGroup = 6003F58B195388D20070C39A /* Products */;
			projectDirPath = "";
			projectRoot = "";
			targets = (
				6003F589195388D20070C39A /* Alister-Example */,
				D7EC43CB1D512EE300128012 /* Alister-Example-Tests */,
				078A75AC1D7F60BD003DD106 /* Alister-Example-ExampleUITests */,
			);
		};
/* End PBXProject section */

/* Begin PBXResourcesBuildPhase section */
		078A75AB1D7F60BD003DD106 /* Resources */ = {
			isa = PBXResourcesBuildPhase;
			buildActionMask = 2147483647;
			files = (
			);
			runOnlyForDeploymentPostprocessing = 0;
		};
		6003F588195388D20070C39A /* Resources */ = {
			isa = PBXResourcesBuildPhase;
			buildActionMask = 2147483647;
			files = (
				D7EC43B71D50C7EB00128012 /* (null) in Resources */,
				D7EC43B61D50C7EB00128012 /* (null) in Resources */,
				D7EC43B21D50C7DE00128012 /* (null) in Resources */,
				D7EC43C71D50C9AE00128012 /* Images.xcassets in Resources */,
				D7EC43B31D50C7DE00128012 /* (null) in Resources */,
			);
			runOnlyForDeploymentPostprocessing = 0;
		};
		D7EC43CA1D512EE300128012 /* Resources */ = {
			isa = PBXResourcesBuildPhase;
			buildActionMask = 2147483647;
			files = (
			);
			runOnlyForDeploymentPostprocessing = 0;
		};
/* End PBXResourcesBuildPhase section */

/* Begin PBXShellScriptBuildPhase section */
		10AA9226888A63821B7F7B0E /* 📦 Copy Pods Resources */ = {
			isa = PBXShellScriptBuildPhase;
			buildActionMask = 2147483647;
			files = (
			);
			inputPaths = (
			);
			name = "📦 Copy Pods Resources";
			outputPaths = (
			);
			runOnlyForDeploymentPostprocessing = 0;
			shellPath = /bin/sh;
			shellScript = "\"${SRCROOT}/Pods/Target Support Files/Pods-Alister-Example/Pods-Alister-Example-resources.sh\"\n";
			showEnvVarsInLog = 0;
		};
		305A6DD883E3CEEFE78A4585 /* 📦 Embed Pods Frameworks */ = {
			isa = PBXShellScriptBuildPhase;
			buildActionMask = 2147483647;
			files = (
			);
			inputPaths = (
			);
			name = "📦 Embed Pods Frameworks";
			outputPaths = (
			);
			runOnlyForDeploymentPostprocessing = 0;
			shellPath = /bin/sh;
			shellScript = "\"${SRCROOT}/Pods/Target Support Files/Pods-Alister-Example-Tests/Pods-Alister-Example-Tests-frameworks.sh\"\n";
			showEnvVarsInLog = 0;
		};
		57D5A486518A6A5E7C136536 /* [CP] Check Pods Manifest.lock */ = {
			isa = PBXShellScriptBuildPhase;
			buildActionMask = 2147483647;
			files = (
			);
			inputPaths = (
			);
			name = "[CP] Check Pods Manifest.lock";
			outputPaths = (
			);
			runOnlyForDeploymentPostprocessing = 0;
			shellPath = /bin/sh;
			shellScript = "diff \"${PODS_ROOT}/../Podfile.lock\" \"${PODS_ROOT}/Manifest.lock\" > /dev/null\nif [[ $? != 0 ]] ; then\n    cat << EOM\nerror: The sandbox is not in sync with the Podfile.lock. Run 'pod install' or update your CocoaPods installation.\nEOM\n    exit 1\nfi\n";
			showEnvVarsInLog = 0;
		};
		59A0B9A8A89BB973779AF899 /* [CP] Check Pods Manifest.lock */ = {
			isa = PBXShellScriptBuildPhase;
			buildActionMask = 2147483647;
			files = (
			);
			inputPaths = (
			);
			name = "[CP] Check Pods Manifest.lock";
			outputPaths = (
			);
			runOnlyForDeploymentPostprocessing = 0;
			shellPath = /bin/sh;
			shellScript = "diff \"${PODS_ROOT}/../Podfile.lock\" \"${PODS_ROOT}/Manifest.lock\" > /dev/null\nif [[ $? != 0 ]] ; then\n    cat << EOM\nerror: The sandbox is not in sync with the Podfile.lock. Run 'pod install' or update your CocoaPods installation.\nEOM\n    exit 1\nfi\n";
			showEnvVarsInLog = 0;
		};
		6D237E929AC908222EA8BC93 /* [CP] Embed Pods Frameworks */ = {
			isa = PBXShellScriptBuildPhase;
			buildActionMask = 2147483647;
			files = (
			);
			inputPaths = (
			);
			name = "[CP] Embed Pods Frameworks";
			outputPaths = (
			);
			runOnlyForDeploymentPostprocessing = 0;
			shellPath = /bin/sh;
			shellScript = "\"${SRCROOT}/Pods/Target Support Files/Pods-Alister-Example/Pods-Alister-Example-frameworks.sh\"\n";
			showEnvVarsInLog = 0;
		};
		7026C6C66CCE5A847CEDB1A9 /* [CP] Copy Pods Resources */ = {
			isa = PBXShellScriptBuildPhase;
			buildActionMask = 2147483647;
			files = (
			);
			inputPaths = (
			);
			name = "[CP] Copy Pods Resources";
			outputPaths = (
			);
			runOnlyForDeploymentPostprocessing = 0;
			shellPath = /bin/sh;
			shellScript = "\"${SRCROOT}/Pods/Target Support Files/Pods-Alister-Example/Pods-Alister-Example-resources.sh\"\n";
			showEnvVarsInLog = 0;
		};
		71C0A3D1AB9BD8D5A6B7F42F /* [CP] Embed Pods Frameworks */ = {
			isa = PBXShellScriptBuildPhase;
			buildActionMask = 2147483647;
			files = (
			);
			inputPaths = (
			);
			name = "[CP] Embed Pods Frameworks";
			outputPaths = (
			);
			runOnlyForDeploymentPostprocessing = 0;
			shellPath = /bin/sh;
			shellScript = "\"${SRCROOT}/Pods/Target Support Files/Pods-Alister-Example-Tests/Pods-Alister-Example-Tests-frameworks.sh\"\n";
			showEnvVarsInLog = 0;
		};
		8DEFFEDDAE67F3651325332D /* [CP] Check Pods Manifest.lock */ = {
			isa = PBXShellScriptBuildPhase;
			buildActionMask = 2147483647;
			files = (
			);
			inputPaths = (
			);
			name = "[CP] Check Pods Manifest.lock";
			outputPaths = (
			);
			runOnlyForDeploymentPostprocessing = 0;
			shellPath = /bin/sh;
			shellScript = "diff \"${PODS_ROOT}/../Podfile.lock\" \"${PODS_ROOT}/Manifest.lock\" > /dev/null\nif [[ $? != 0 ]] ; then\n    cat << EOM\nerror: The sandbox is not in sync with the Podfile.lock. Run 'pod install' or update your CocoaPods installation.\nEOM\n    exit 1\nfi\n";
			showEnvVarsInLog = 0;
		};
		99C3FC569697AC08A510CF69 /* Embed Pods Frameworks */ = {
			isa = PBXShellScriptBuildPhase;
			buildActionMask = 2147483647;
			files = (
			);
			inputPaths = (
			);
			name = "Embed Pods Frameworks";
			outputPaths = (
			);
			runOnlyForDeploymentPostprocessing = 0;
			shellPath = /bin/sh;
			shellScript = "\"${SRCROOT}/Pods/Target Support Files/Pods-Alister-Example-Tests/Pods-Alister-Example-Tests-frameworks.sh\"\n";
			showEnvVarsInLog = 0;
		};
		B6FF6D29C249ACAC43331C35 /* Embed Pods Frameworks */ = {
			isa = PBXShellScriptBuildPhase;
			buildActionMask = 2147483647;
			files = (
			);
			inputPaths = (
			);
			name = "Embed Pods Frameworks";
			outputPaths = (
			);
			runOnlyForDeploymentPostprocessing = 0;
			shellPath = /bin/sh;
			shellScript = "\"${SRCROOT}/Pods/Target Support Files/Pods-Alister-Example/Pods-Alister-Example-frameworks.sh\"\n";
			showEnvVarsInLog = 0;
		};
		C4FA3412C402A21750F737FF /* [CP] Copy Pods Resources */ = {
			isa = PBXShellScriptBuildPhase;
			buildActionMask = 2147483647;
			files = (
			);
			inputPaths = (
			);
			name = "[CP] Copy Pods Resources";
			outputPaths = (
			);
			runOnlyForDeploymentPostprocessing = 0;
			shellPath = /bin/sh;
			shellScript = "\"${SRCROOT}/Pods/Target Support Files/Pods-Alister-Example-Tests/Pods-Alister-Example-Tests-resources.sh\"\n";
			showEnvVarsInLog = 0;
		};
		D08A4EF17770C1C105F37053 /* 📦 Embed Pods Frameworks */ = {
			isa = PBXShellScriptBuildPhase;
			buildActionMask = 2147483647;
			files = (
			);
			inputPaths = (
			);
			name = "📦 Embed Pods Frameworks";
			outputPaths = (
			);
			runOnlyForDeploymentPostprocessing = 0;
			shellPath = /bin/sh;
			shellScript = "\"${SRCROOT}/Pods/Target Support Files/Pods-Alister-Example/Pods-Alister-Example-frameworks.sh\"\n";
			showEnvVarsInLog = 0;
		};
		D56DD72273A720591DF36757 /* 📦 Copy Pods Resources */ = {
			isa = PBXShellScriptBuildPhase;
			buildActionMask = 2147483647;
			files = (
			);
			inputPaths = (
			);
			name = "📦 Copy Pods Resources";
			outputPaths = (
			);
			runOnlyForDeploymentPostprocessing = 0;
			shellPath = /bin/sh;
			shellScript = "\"${SRCROOT}/Pods/Target Support Files/Pods-Alister-Example-Tests/Pods-Alister-Example-Tests-resources.sh\"\n";
			showEnvVarsInLog = 0;
		};
		F021BB144B54D21DD699B183 /* [CP] Check Pods Manifest.lock */ = {
			isa = PBXShellScriptBuildPhase;
			buildActionMask = 2147483647;
			files = (
			);
			inputPaths = (
			);
			name = "[CP] Check Pods Manifest.lock";
			outputPaths = (
			);
			runOnlyForDeploymentPostprocessing = 0;
			shellPath = /bin/sh;
			shellScript = "diff \"${PODS_ROOT}/../Podfile.lock\" \"${PODS_ROOT}/Manifest.lock\" > /dev/null\nif [[ $? != 0 ]] ; then\n    cat << EOM\nerror: The sandbox is not in sync with the Podfile.lock. Run 'pod install' or update your CocoaPods installation.\nEOM\n    exit 1\nfi\n";
			showEnvVarsInLog = 0;
		};
/* End PBXShellScriptBuildPhase section */

/* Begin PBXSourcesBuildPhase section */
		078A75A91D7F60BD003DD106 /* Sources */ = {
			isa = PBXSourcesBuildPhase;
			buildActionMask = 2147483647;
			files = (
				07025B361D7F79FB00C65012 /* XCTestCase+Springboard.m in Sources */,
				078A75B01D7F60BE003DD106 /* Alister_Example_ExampleUITests.m in Sources */,
			);
			runOnlyForDeploymentPostprocessing = 0;
		};
		6003F586195388D20070C39A /* Sources */ = {
			isa = PBXSourcesBuildPhase;
			buildActionMask = 2147483647;
			files = (
				D7EC43C61D50C9AE00128012 /* ANViewController.m in Sources */,
				D7EC43C51D50C9AE00128012 /* ANExampleTableViewCell.m in Sources */,
				D7EC43C41D50C9AE00128012 /* ANAppDelegate.m in Sources */,
				D7EC43BC1D50C9A300128012 /* main.m in Sources */,
			);
			runOnlyForDeploymentPostprocessing = 0;
		};
		D7EC43C81D512EE300128012 /* Sources */ = {
			isa = PBXSourcesBuildPhase;
			buildActionMask = 2147483647;
			files = (
				078A75A81D7F40CB003DD106 /* ANTableControllerUpdateOperationTests.m in Sources */,
				078A75841D7F40CB003DD106 /* ANTestableListView.m in Sources */,
				078A75941D7F40CB003DD106 /* ANTableControllerTest.m in Sources */,
				078A75991D7F40CB003DD106 /* ANCollectionReusableViewTests.m in Sources */,
				078A758F1D7F40CB003DD106 /* ANCollectionControllerConfigurationModelTest.m in Sources */,
				078A758D1D7F40CB003DD106 /* ANCollectionUpdateOperationTests.m in Sources */,
				078A75A71D7F40CB003DD106 /* ANStorageUpdateOperationTests.m in Sources */,
				078A758C1D7F40CB003DD106 /* ANTestViewModel.m in Sources */,
				078A75931D7F40CB003DD106 /* ANTableControllerReusableTest.m in Sources */,
				078A759E1D7F40CB003DD106 /* ANTestTableHeaderFooter.m in Sources */,
				078A75971D7F40CB003DD106 /* ANBaseTableFooterViewTests.m in Sources */,
				078A75921D7F40CB003DD106 /* ANListControllerMappingModelTest.m in Sources */,
				078A75821D7F40CB003DD106 /* ANTestableListControllerReloadOperationDelegate.m in Sources */,
				078A75A51D7F40CB003DD106 /* ANStorageUpdateModelTest.m in Sources */,
				078A759D1D7F40CB003DD106 /* ANTableViewTests.m in Sources */,
				078A75801D7F40CB003DD106 /* ANTestableCollectionUpdateOperation.m in Sources */,
				078A75A31D7F40CB003DD106 /* ANStorageRemoverTest.m in Sources */,
				078A75981D7F40CB003DD106 /* ANBaseTableViewHeaderFooterViewTests.m in Sources */,
				078A759F1D7F40CB003DD106 /* ANStorageControllerCRUDTest.m in Sources */,
				078A75861D7F40CB003DD106 /* ANTestableTableUpdateOperation.m in Sources */,
				078A75901D7F40CB003DD106 /* ANCollectionControllerTest.m in Sources */,
				078A75891D7F40CB003DD106 /* ANTestableTouch.m in Sources */,
				078A75831D7F40CB003DD106 /* ANTestableListControllerUpdateOperationDelegate.m in Sources */,
				078A75951D7F40CB003DD106 /* ANListControllerReloadOperationTests.m in Sources */,
				078A75A01D7F40CB003DD106 /* ANStorageModelTest.m in Sources */,
				078A758E1D7F40CB003DD106 /* ANKeyboardHandlerTest.m in Sources */,
				078A75851D7F40CB003DD106 /* ANTestableStorageUpateOperation.m in Sources */,
				078A758B1D7F40CB003DD106 /* ANTestTableCell.m in Sources */,
				078A75A11D7F40CB003DD106 /* ANStorageModelTestAlternative.m in Sources */,
				078A759A1D7F40CB003DD106 /* ANCollectionViewCellTests.m in Sources */,
				078A759C1D7F40CB003DD106 /* ANTableContainerViewTest.m in Sources */,
				078A75911D7F40CB003DD106 /* ANListControllerConfigurationModelTest.m in Sources */,
				078A75871D7F40CB003DD106 /* ANTestableTableView.m in Sources */,
				078A75A61D7F40CB003DD106 /* ANStorageUpdaterTests.m in Sources */,
				078A75811D7F40CB003DD106 /* ANTestableCollectionView.m in Sources */,
				078A75961D7F40CB003DD106 /* ANListControllerSearchManagerTest.m in Sources */,
				078A75881D7F40CB003DD106 /* ANTestableTextField.m in Sources */,
				078A758A1D7F40CB003DD106 /* ANTestKeyboardHandlerDelegate.m in Sources */,
				078A75A41D7F40CB003DD106 /* ANStorageSectionModelTest.m in Sources */,
				078A75A21D7F40CB003DD106 /* ANStorageMovedIndexPathModelTest.m in Sources */,
				078A759B1D7F40CB003DD106 /* ANCollectionViewTest.m in Sources */,
			);
			runOnlyForDeploymentPostprocessing = 0;
		};
/* End PBXSourcesBuildPhase section */

/* Begin PBXTargetDependency section */
		078A75B31D7F60BE003DD106 /* PBXTargetDependency */ = {
			isa = PBXTargetDependency;
			target = 6003F589195388D20070C39A /* Alister-Example */;
			targetProxy = 078A75B21D7F60BE003DD106 /* PBXContainerItemProxy */;
		};
		D7EC43D21D512EE300128012 /* PBXTargetDependency */ = {
			isa = PBXTargetDependency;
			target = 6003F589195388D20070C39A /* Alister-Example */;
			targetProxy = D7EC43D11D512EE300128012 /* PBXContainerItemProxy */;
		};
/* End PBXTargetDependency section */

/* Begin XCBuildConfiguration section */
		078A75B41D7F60BE003DD106 /* Debug */ = {
			isa = XCBuildConfiguration;
			buildSettings = {
				CLANG_ENABLE_MODULES = YES;
				DEBUG_INFORMATION_FORMAT = dwarf;
				INFOPLIST_FILE = "Alister-Example-ExampleUITests/Info.plist";
				IPHONEOS_DEPLOYMENT_TARGET = 9.2;
				LD_RUNPATH_SEARCH_PATHS = "$(inherited) @executable_path/Frameworks @loader_path/Frameworks";
				MTL_ENABLE_DEBUG_INFO = YES;
				PRODUCT_BUNDLE_IDENTIFIER = "mobi.anoda.alisterUITest.Alister-Example-ExampleUITests";
				PRODUCT_NAME = "$(TARGET_NAME)";
				SWIFT_OBJC_BRIDGING_HEADER = "Alister-Example-ExampleUITests/Alister-Example-ExampleUITests-Bridging-Header.h";
				SWIFT_OPTIMIZATION_LEVEL = "-Onone";
				TEST_TARGET_NAME = "Alister-Example";
				USES_XCTRUNNER = YES;
			};
			name = Debug;
		};
		078A75B51D7F60BE003DD106 /* Release */ = {
			isa = XCBuildConfiguration;
			buildSettings = {
				CLANG_ENABLE_MODULES = YES;
				COPY_PHASE_STRIP = NO;
				DEBUG_INFORMATION_FORMAT = "dwarf-with-dsym";
				INFOPLIST_FILE = "Alister-Example-ExampleUITests/Info.plist";
				IPHONEOS_DEPLOYMENT_TARGET = 9.2;
				LD_RUNPATH_SEARCH_PATHS = "$(inherited) @executable_path/Frameworks @loader_path/Frameworks";
				MTL_ENABLE_DEBUG_INFO = NO;
				PRODUCT_BUNDLE_IDENTIFIER = "mobi.anoda.alisterUITest.Alister-Example-ExampleUITests";
				PRODUCT_NAME = "$(TARGET_NAME)";
				SWIFT_OBJC_BRIDGING_HEADER = "Alister-Example-ExampleUITests/Alister-Example-ExampleUITests-Bridging-Header.h";
				TEST_TARGET_NAME = "Alister-Example";
				USES_XCTRUNNER = YES;
			};
			name = Release;
		};
		6003F5BD195388D20070C39A /* Debug */ = {
			isa = XCBuildConfiguration;
			buildSettings = {
				ALWAYS_SEARCH_USER_PATHS = NO;
				CLANG_CXX_LANGUAGE_STANDARD = "gnu++0x";
				CLANG_CXX_LIBRARY = "libc++";
				CLANG_ENABLE_MODULES = YES;
				CLANG_ENABLE_OBJC_ARC = YES;
				CLANG_WARN_ASSIGN_ENUM = YES;
				CLANG_WARN_BOOL_CONVERSION = YES;
				CLANG_WARN_CONSTANT_CONVERSION = YES;
				CLANG_WARN_CXX0X_EXTENSIONS = YES;
				CLANG_WARN_DEPRECATED_OBJC_IMPLEMENTATIONS = YES;
				CLANG_WARN_DIRECT_OBJC_ISA_USAGE = YES_ERROR;
				CLANG_WARN_DOCUMENTATION_COMMENTS = YES;
				CLANG_WARN_EMPTY_BODY = YES;
				CLANG_WARN_ENUM_CONVERSION = YES;
				CLANG_WARN_INT_CONVERSION = YES;
				CLANG_WARN_OBJC_IMPLICIT_ATOMIC_PROPERTIES = YES;
				CLANG_WARN_OBJC_MISSING_PROPERTY_SYNTHESIS = YES;
				CLANG_WARN_OBJC_ROOT_CLASS = YES_ERROR;
				CLANG_WARN_SUSPICIOUS_IMPLICIT_CONVERSION = YES;
				CLANG_WARN_UNREACHABLE_CODE = YES;
				CLANG_WARN__DUPLICATE_METHOD_MATCH = YES;
				CLANG_WARN__EXIT_TIME_DESTRUCTORS = YES;
				"CODE_SIGN_IDENTITY[sdk=iphoneos*]" = "iPhone Developer";
				COPY_PHASE_STRIP = NO;
				ENABLE_STRICT_OBJC_MSGSEND = YES;
				ENABLE_TESTABILITY = YES;
				GCC_C_LANGUAGE_STANDARD = gnu99;
				GCC_DYNAMIC_NO_PIC = NO;
				GCC_GENERATE_TEST_COVERAGE_FILES = YES;
				GCC_NO_COMMON_BLOCKS = YES;
				GCC_OPTIMIZATION_LEVEL = 0;
				GCC_PREPROCESSOR_DEFINITIONS = (
					"DEBUG=1",
					"$(inherited)",
				);
				GCC_SYMBOLS_PRIVATE_EXTERN = NO;
				GCC_TREAT_IMPLICIT_FUNCTION_DECLARATIONS_AS_ERRORS = NO;
				GCC_TREAT_INCOMPATIBLE_POINTER_TYPE_WARNINGS_AS_ERRORS = YES;
				GCC_WARN_64_TO_32_BIT_CONVERSION = YES;
				GCC_WARN_ABOUT_MISSING_FIELD_INITIALIZERS = YES;
				GCC_WARN_ABOUT_MISSING_NEWLINE = YES;
				GCC_WARN_ABOUT_MISSING_PROTOTYPES = NO;
				GCC_WARN_ABOUT_RETURN_TYPE = YES_ERROR;
				GCC_WARN_FOUR_CHARACTER_CONSTANTS = YES;
				GCC_WARN_HIDDEN_VIRTUAL_FUNCTIONS = YES;
				GCC_WARN_NON_VIRTUAL_DESTRUCTOR = YES;
				GCC_WARN_SHADOW = YES;
				GCC_WARN_SIGN_COMPARE = YES;
				GCC_WARN_STRICT_SELECTOR_MATCH = YES;
				GCC_WARN_UNDECLARED_SELECTOR = YES;
				GCC_WARN_UNINITIALIZED_AUTOS = YES_AGGRESSIVE;
				GCC_WARN_UNKNOWN_PRAGMAS = YES;
				GCC_WARN_UNUSED_FUNCTION = YES;
				GCC_WARN_UNUSED_LABEL = YES;
				GCC_WARN_UNUSED_PARAMETER = NO;
				GCC_WARN_UNUSED_VARIABLE = YES;
				IPHONEOS_DEPLOYMENT_TARGET = 9.0;
				ONLY_ACTIVE_ARCH = YES;
				SDKROOT = iphoneos;
				TARGETED_DEVICE_FAMILY = "1,2";
			};
			name = Debug;
		};
		6003F5BE195388D20070C39A /* Release */ = {
			isa = XCBuildConfiguration;
			buildSettings = {
				ALWAYS_SEARCH_USER_PATHS = NO;
				CLANG_CXX_LANGUAGE_STANDARD = "gnu++0x";
				CLANG_CXX_LIBRARY = "libc++";
				CLANG_ENABLE_MODULES = YES;
				CLANG_ENABLE_OBJC_ARC = YES;
				CLANG_WARN_ASSIGN_ENUM = YES;
				CLANG_WARN_BOOL_CONVERSION = YES;
				CLANG_WARN_CONSTANT_CONVERSION = YES;
				CLANG_WARN_CXX0X_EXTENSIONS = YES;
				CLANG_WARN_DEPRECATED_OBJC_IMPLEMENTATIONS = YES;
				CLANG_WARN_DIRECT_OBJC_ISA_USAGE = YES_ERROR;
				CLANG_WARN_DOCUMENTATION_COMMENTS = YES;
				CLANG_WARN_EMPTY_BODY = YES;
				CLANG_WARN_ENUM_CONVERSION = YES;
				CLANG_WARN_INT_CONVERSION = YES;
				CLANG_WARN_OBJC_IMPLICIT_ATOMIC_PROPERTIES = YES;
				CLANG_WARN_OBJC_MISSING_PROPERTY_SYNTHESIS = YES;
				CLANG_WARN_OBJC_ROOT_CLASS = YES_ERROR;
				CLANG_WARN_SUSPICIOUS_IMPLICIT_CONVERSION = YES;
				CLANG_WARN_UNREACHABLE_CODE = YES;
				CLANG_WARN__DUPLICATE_METHOD_MATCH = YES;
				CLANG_WARN__EXIT_TIME_DESTRUCTORS = YES;
				"CODE_SIGN_IDENTITY[sdk=iphoneos*]" = "iPhone Developer";
				COPY_PHASE_STRIP = YES;
				ENABLE_NS_ASSERTIONS = NO;
				ENABLE_STRICT_OBJC_MSGSEND = YES;
				GCC_C_LANGUAGE_STANDARD = gnu99;
				GCC_NO_COMMON_BLOCKS = YES;
				GCC_TREAT_IMPLICIT_FUNCTION_DECLARATIONS_AS_ERRORS = NO;
				GCC_TREAT_INCOMPATIBLE_POINTER_TYPE_WARNINGS_AS_ERRORS = YES;
				GCC_WARN_64_TO_32_BIT_CONVERSION = YES;
				GCC_WARN_ABOUT_MISSING_FIELD_INITIALIZERS = YES;
				GCC_WARN_ABOUT_MISSING_NEWLINE = YES;
				GCC_WARN_ABOUT_MISSING_PROTOTYPES = NO;
				GCC_WARN_ABOUT_RETURN_TYPE = YES_ERROR;
				GCC_WARN_FOUR_CHARACTER_CONSTANTS = YES;
				GCC_WARN_HIDDEN_VIRTUAL_FUNCTIONS = YES;
				GCC_WARN_NON_VIRTUAL_DESTRUCTOR = YES;
				GCC_WARN_SHADOW = YES;
				GCC_WARN_SIGN_COMPARE = YES;
				GCC_WARN_STRICT_SELECTOR_MATCH = YES;
				GCC_WARN_UNDECLARED_SELECTOR = YES;
				GCC_WARN_UNINITIALIZED_AUTOS = YES_AGGRESSIVE;
				GCC_WARN_UNKNOWN_PRAGMAS = YES;
				GCC_WARN_UNUSED_FUNCTION = YES;
				GCC_WARN_UNUSED_LABEL = YES;
				GCC_WARN_UNUSED_PARAMETER = NO;
				GCC_WARN_UNUSED_VARIABLE = YES;
				IPHONEOS_DEPLOYMENT_TARGET = 9.0;
				SDKROOT = iphoneos;
				TARGETED_DEVICE_FAMILY = "1,2";
				VALIDATE_PRODUCT = YES;
			};
			name = Release;
		};
		6003F5C0195388D20070C39A /* Debug */ = {
			isa = XCBuildConfiguration;
			baseConfigurationReference = CB2099F6E4049388FFBA7187 /* Pods-Alister-Example.debug.xcconfig */;
			buildSettings = {
				ASSETCATALOG_COMPILER_APPICON_NAME = AppIcon;
				ASSETCATALOG_COMPILER_LAUNCHIMAGE_NAME = LaunchImage;
				CLANG_ANALYZER_SECURITY_FLOATLOOPCOUNTER = YES;
				CLANG_ANALYZER_SECURITY_INSECUREAPI_RAND = YES;
				CLANG_ANALYZER_SECURITY_INSECUREAPI_STRCPY = YES;
				CLANG_STATIC_ANALYZER_MODE = deep;
				CLANG_WARN_ASSIGN_ENUM = YES;
				CLANG_WARN_CXX0X_EXTENSIONS = YES;
				CLANG_WARN_DEPRECATED_OBJC_IMPLEMENTATIONS = YES;
				CLANG_WARN_DOCUMENTATION_COMMENTS = YES;
				CLANG_WARN_IMPLICIT_SIGN_CONVERSION = YES;
				CLANG_WARN_NULLABLE_TO_NONNULL_CONVERSION = YES;
				CLANG_WARN_OBJC_EXPLICIT_OWNERSHIP_TYPE = YES;
				CLANG_WARN_OBJC_IMPLICIT_ATOMIC_PROPERTIES = YES;
				CLANG_WARN_OBJC_IMPLICIT_RETAIN_SELF = YES;
				CLANG_WARN_OBJC_MISSING_PROPERTY_SYNTHESIS = NO;
				CLANG_WARN_OBJC_REPEATED_USE_OF_WEAK = YES;
				CLANG_WARN_SUSPICIOUS_IMPLICIT_CONVERSION = YES;
				CLANG_WARN_UNREACHABLE_CODE = YES_AGGRESSIVE;
				CLANG_WARN__EXIT_TIME_DESTRUCTORS = YES;
				GCC_PRECOMPILE_PREFIX_HEADER = YES;
				GCC_PREFIX_HEADER = "Alister-Example/Alister-Example-Prefix.pch";
				GCC_TREAT_IMPLICIT_FUNCTION_DECLARATIONS_AS_ERRORS = YES;
				GCC_TREAT_INCOMPATIBLE_POINTER_TYPE_WARNINGS_AS_ERRORS = YES;
				GCC_WARN_ABOUT_MISSING_FIELD_INITIALIZERS = YES;
				GCC_WARN_ABOUT_MISSING_NEWLINE = YES;
				GCC_WARN_ABOUT_MISSING_PROTOTYPES = YES;
				GCC_WARN_FOUR_CHARACTER_CONSTANTS = YES;
				GCC_WARN_HIDDEN_VIRTUAL_FUNCTIONS = YES;
				GCC_WARN_INITIALIZER_NOT_FULLY_BRACKETED = YES;
				GCC_WARN_NON_VIRTUAL_DESTRUCTOR = YES;
				GCC_WARN_SHADOW = YES;
				GCC_WARN_SIGN_COMPARE = YES;
				GCC_WARN_STRICT_SELECTOR_MATCH = YES;
				GCC_WARN_UNKNOWN_PRAGMAS = YES;
				GCC_WARN_UNUSED_LABEL = YES;
				GCC_WARN_UNUSED_PARAMETER = YES;
				INFOPLIST_FILE = "$(SRCROOT)/Alister-Example/Alister-Example-Info.plist";
				IPHONEOS_DEPLOYMENT_TARGET = 9.0;
				MODULE_NAME = ExampleApp;
				PRODUCT_BUNDLE_IDENTIFIER = "mobi.anoda.Alister-Example";
				PRODUCT_NAME = "Alister-Example_Example";
				RUN_CLANG_STATIC_ANALYZER = YES;
				WRAPPER_EXTENSION = app;
			};
			name = Debug;
		};
		6003F5C1195388D20070C39A /* Release */ = {
			isa = XCBuildConfiguration;
			baseConfigurationReference = 5A48C1C6D522CC417AF71E09 /* Pods-Alister-Example.release.xcconfig */;
			buildSettings = {
				ASSETCATALOG_COMPILER_APPICON_NAME = AppIcon;
				ASSETCATALOG_COMPILER_LAUNCHIMAGE_NAME = LaunchImage;
				CLANG_ANALYZER_SECURITY_FLOATLOOPCOUNTER = YES;
				CLANG_ANALYZER_SECURITY_INSECUREAPI_RAND = YES;
				CLANG_ANALYZER_SECURITY_INSECUREAPI_STRCPY = YES;
				CLANG_STATIC_ANALYZER_MODE = deep;
				CLANG_WARN_ASSIGN_ENUM = YES;
				CLANG_WARN_CXX0X_EXTENSIONS = YES;
				CLANG_WARN_DEPRECATED_OBJC_IMPLEMENTATIONS = YES;
				CLANG_WARN_DOCUMENTATION_COMMENTS = YES;
				CLANG_WARN_IMPLICIT_SIGN_CONVERSION = YES;
				CLANG_WARN_NULLABLE_TO_NONNULL_CONVERSION = YES;
				CLANG_WARN_OBJC_EXPLICIT_OWNERSHIP_TYPE = YES;
				CLANG_WARN_OBJC_IMPLICIT_ATOMIC_PROPERTIES = YES;
				CLANG_WARN_OBJC_IMPLICIT_RETAIN_SELF = YES;
				CLANG_WARN_OBJC_MISSING_PROPERTY_SYNTHESIS = NO;
				CLANG_WARN_OBJC_REPEATED_USE_OF_WEAK = YES;
				CLANG_WARN_SUSPICIOUS_IMPLICIT_CONVERSION = YES;
				CLANG_WARN_UNREACHABLE_CODE = YES_AGGRESSIVE;
				CLANG_WARN__EXIT_TIME_DESTRUCTORS = YES;
				GCC_PRECOMPILE_PREFIX_HEADER = YES;
				GCC_PREFIX_HEADER = "Alister-Example/Alister-Example-Prefix.pch";
				GCC_TREAT_IMPLICIT_FUNCTION_DECLARATIONS_AS_ERRORS = YES;
				GCC_TREAT_INCOMPATIBLE_POINTER_TYPE_WARNINGS_AS_ERRORS = YES;
				GCC_WARN_ABOUT_MISSING_FIELD_INITIALIZERS = YES;
				GCC_WARN_ABOUT_MISSING_NEWLINE = YES;
				GCC_WARN_ABOUT_MISSING_PROTOTYPES = YES;
				GCC_WARN_FOUR_CHARACTER_CONSTANTS = YES;
				GCC_WARN_HIDDEN_VIRTUAL_FUNCTIONS = YES;
				GCC_WARN_INITIALIZER_NOT_FULLY_BRACKETED = YES;
				GCC_WARN_NON_VIRTUAL_DESTRUCTOR = YES;
				GCC_WARN_SHADOW = YES;
				GCC_WARN_SIGN_COMPARE = YES;
				GCC_WARN_STRICT_SELECTOR_MATCH = YES;
				GCC_WARN_UNKNOWN_PRAGMAS = YES;
				GCC_WARN_UNUSED_LABEL = YES;
				GCC_WARN_UNUSED_PARAMETER = YES;
				INFOPLIST_FILE = "$(SRCROOT)/Alister-Example/Alister-Example-Info.plist";
				IPHONEOS_DEPLOYMENT_TARGET = 9.0;
				MODULE_NAME = ExampleApp;
				PRODUCT_BUNDLE_IDENTIFIER = "mobi.anoda.Alister-Example";
				PRODUCT_NAME = "Alister-Example_Example";
				RUN_CLANG_STATIC_ANALYZER = YES;
				WRAPPER_EXTENSION = app;
			};
			name = Release;
		};
		D7EC43D41D512EE300128012 /* Debug */ = {
			isa = XCBuildConfiguration;
			baseConfigurationReference = 019F2C73D93E6032B674EAE3 /* Pods-Alister-Example-Tests.debug.xcconfig */;
			buildSettings = {
				BUNDLE_LOADER = "$(TEST_HOST)";
				CLANG_WARN_OBJC_MISSING_PROPERTY_SYNTHESIS = NO;
				DEBUG_INFORMATION_FORMAT = dwarf;
				ENABLE_STRICT_OBJC_MSGSEND = YES;
				GCC_NO_COMMON_BLOCKS = YES;
				GCC_PRECOMPILE_PREFIX_HEADER = YES;
				GCC_PREFIX_HEADER = "Alister-Example-Tests/Tests-Prefix.pch";
				INFOPLIST_FILE = "Alister-Example-Tests/Info.plist";
				IPHONEOS_DEPLOYMENT_TARGET = 9.2;
				LD_RUNPATH_SEARCH_PATHS = "$(inherited) @executable_path/Frameworks @loader_path/Frameworks";
				MTL_ENABLE_DEBUG_INFO = YES;
				PRODUCT_BUNDLE_IDENTIFIER = "mobi.anoda.alester-tests.Alister-Example-Tests";
				PRODUCT_NAME = "$(TARGET_NAME)";
				TEST_HOST = "$(BUILT_PRODUCTS_DIR)/Alister-Example_Example.app/Alister-Example_Example";
			};
			name = Debug;
		};
		D7EC43D51D512EE300128012 /* Release */ = {
			isa = XCBuildConfiguration;
			baseConfigurationReference = F94C3A38CF0AB0BC1BBB034E /* Pods-Alister-Example-Tests.release.xcconfig */;
			buildSettings = {
				BUNDLE_LOADER = "$(TEST_HOST)";
				CLANG_WARN_OBJC_MISSING_PROPERTY_SYNTHESIS = NO;
				COPY_PHASE_STRIP = NO;
				DEBUG_INFORMATION_FORMAT = "dwarf-with-dsym";
				ENABLE_STRICT_OBJC_MSGSEND = YES;
				GCC_NO_COMMON_BLOCKS = YES;
				GCC_PRECOMPILE_PREFIX_HEADER = YES;
				GCC_PREFIX_HEADER = "Alister-Example-Tests/Tests-Prefix.pch";
				INFOPLIST_FILE = "Alister-Example-Tests/Info.plist";
				IPHONEOS_DEPLOYMENT_TARGET = 9.2;
				LD_RUNPATH_SEARCH_PATHS = "$(inherited) @executable_path/Frameworks @loader_path/Frameworks";
				MTL_ENABLE_DEBUG_INFO = NO;
				PRODUCT_BUNDLE_IDENTIFIER = "mobi.anoda.alester-tests.Alister-Example-Tests";
				PRODUCT_NAME = "$(TARGET_NAME)";
				TEST_HOST = "$(BUILT_PRODUCTS_DIR)/Alister-Example_Example.app/Alister-Example_Example";
			};
			name = Release;
		};
/* End XCBuildConfiguration section */

/* Begin XCConfigurationList section */
		078A75B61D7F60BE003DD106 /* Build configuration list for PBXNativeTarget "Alister-Example-ExampleUITests" */ = {
			isa = XCConfigurationList;
			buildConfigurations = (
				078A75B41D7F60BE003DD106 /* Debug */,
				078A75B51D7F60BE003DD106 /* Release */,
			);
			defaultConfigurationIsVisible = 0;
			defaultConfigurationName = Release;
		};
		6003F585195388D10070C39A /* Build configuration list for PBXProject "Alister-Example" */ = {
			isa = XCConfigurationList;
			buildConfigurations = (
				6003F5BD195388D20070C39A /* Debug */,
				6003F5BE195388D20070C39A /* Release */,
			);
			defaultConfigurationIsVisible = 0;
			defaultConfigurationName = Release;
		};
		6003F5BF195388D20070C39A /* Build configuration list for PBXNativeTarget "Alister-Example" */ = {
			isa = XCConfigurationList;
			buildConfigurations = (
				6003F5C0195388D20070C39A /* Debug */,
				6003F5C1195388D20070C39A /* Release */,
			);
			defaultConfigurationIsVisible = 0;
			defaultConfigurationName = Release;
		};
		D7EC43D31D512EE300128012 /* Build configuration list for PBXNativeTarget "Alister-Example-Tests" */ = {
			isa = XCConfigurationList;
			buildConfigurations = (
				D7EC43D41D512EE300128012 /* Debug */,
				D7EC43D51D512EE300128012 /* Release */,
			);
			defaultConfigurationIsVisible = 0;
			defaultConfigurationName = Release;
		};
/* End XCConfigurationList section */
	};
	rootObject = 6003F582195388D10070C39A /* Project object */;
}
