// !$*UTF8*$!
{
	archiveVersion = 1;
	classes = {
	};
	objectVersion = 46;
	objects = {

/* Begin PBXBuildFile section */
		1803356F1DB7AA0100332F5F /* ANECustomSupplementaryController.m in Sources */ = {isa = PBXBuildFile; fileRef = 180335651DB7AA0100332F5F /* ANECustomSupplementaryController.m */; };
		180335701DB7AA0100332F5F /* ANECustomSupplementaryVC.m in Sources */ = {isa = PBXBuildFile; fileRef = 180335671DB7AA0100332F5F /* ANECustomSupplementaryVC.m */; };
		180335711DB7AA0100332F5F /* ANEDefaultSupplementaryVC.m in Sources */ = {isa = PBXBuildFile; fileRef = 1803356A1DB7AA0100332F5F /* ANEDefaultSupplementaryVC.m */; };
		180335721DB7AA0100332F5F /* Localizable.strings in Resources */ = {isa = PBXBuildFile; fileRef = 1803356B1DB7AA0100332F5F /* Localizable.strings */; };
		180335731DB7AA0100332F5F /* ANEMainVC.m in Sources */ = {isa = PBXBuildFile; fileRef = 1803356E1DB7AA0100332F5F /* ANEMainVC.m */; };
		180335771DB7AE7B00332F5F /* ANEBottomStickedFooterVC.m in Sources */ = {isa = PBXBuildFile; fileRef = 180335761DB7AE7B00332F5F /* ANEBottomStickedFooterVC.m */; };
		1803357A1DB7B1EA00332F5F /* ANEButtonFooterView.m in Sources */ = {isa = PBXBuildFile; fileRef = 180335791DB7B1EA00332F5F /* ANEButtonFooterView.m */; };
		1803357E1DB8C65A00332F5F /* ANEReorderingVC.m in Sources */ = {isa = PBXBuildFile; fileRef = 1803357D1DB8C65A00332F5F /* ANEReorderingVC.m */; };
		180335841DB8D9F800332F5F /* ANEReorderingController.m in Sources */ = {isa = PBXBuildFile; fileRef = 180335831DB8D9F800332F5F /* ANEReorderingController.m */; };
		180335941DB919A600332F5F /* ANEReorderingControllerSpec.m in Sources */ = {isa = PBXBuildFile; fileRef = 180335921DB919A600332F5F /* ANEReorderingControllerSpec.m */; };
		180335951DB919A600332F5F /* ANEReorderingVCSpec.m in Sources */ = {isa = PBXBuildFile; fileRef = 180335931DB919A600332F5F /* ANEReorderingVCSpec.m */; };
		180335981DB91A1100332F5F /* ANBottomStickedFooterVCSpec.m in Sources */ = {isa = PBXBuildFile; fileRef = 180335971DB91A1100332F5F /* ANBottomStickedFooterVCSpec.m */; };
		1803359A1DB91A2600332F5F /* ANButtonFooterViewSpec.m in Sources */ = {isa = PBXBuildFile; fileRef = 180335991DB91A2600332F5F /* ANButtonFooterViewSpec.m */; };
		1803359F1DB920B400332F5F /* ANEDefaultSupplementaryVCSpec.m in Sources */ = {isa = PBXBuildFile; fileRef = 1803359E1DB920B400332F5F /* ANEDefaultSupplementaryVCSpec.m */; };
		18B792DB1DB78F3C00C5A46A /* ANEDataGenerator.m in Sources */ = {isa = PBXBuildFile; fileRef = 18B792DA1DB78F3C00C5A46A /* ANEDataGenerator.m */; };
		3575344DD3C6C07070509DB1 /* libPods-Alister-Example-Tests.a in Frameworks */ = {isa = PBXBuildFile; fileRef = AC990585C63BBA3EFB2F905E /* libPods-Alister-Example-Tests.a */; };
		458D05147925A10E0D7BA49B /* libPods-Alister-Example.a in Frameworks */ = {isa = PBXBuildFile; fileRef = 714527334026D6C1A2430887 /* libPods-Alister-Example.a */; };
		6003F58E195388D20070C39A /* Foundation.framework in Frameworks */ = {isa = PBXBuildFile; fileRef = 6003F58D195388D20070C39A /* Foundation.framework */; };
		6003F590195388D20070C39A /* CoreGraphics.framework in Frameworks */ = {isa = PBXBuildFile; fileRef = 6003F58F195388D20070C39A /* CoreGraphics.framework */; };
		6003F592195388D20070C39A /* UIKit.framework in Frameworks */ = {isa = PBXBuildFile; fileRef = 6003F591195388D20070C39A /* UIKit.framework */; };
		D73FD53C1DA91C2100AB5B7D /* ANStorageController_CRUD_Spec.m in Sources */ = {isa = PBXBuildFile; fileRef = D73FD5301DA91C2100AB5B7D /* ANStorageController_CRUD_Spec.m */; };
		D73FD5401DA91C2100AB5B7D /* ANStorageModelSpec.m in Sources */ = {isa = PBXBuildFile; fileRef = D73FD5351DA91C2100AB5B7D /* ANStorageModelSpec.m */; };
		D73FD5421DA91C2100AB5B7D /* ANStorageSectionModelSpec.m in Sources */ = {isa = PBXBuildFile; fileRef = D73FD5371DA91C2100AB5B7D /* ANStorageSectionModelSpec.m */; };
		D73FD5431DA91C2100AB5B7D /* ANStorageUpdateModelSpec.m in Sources */ = {isa = PBXBuildFile; fileRef = D73FD5381DA91C2100AB5B7D /* ANStorageUpdateModelSpec.m */; };
		D74129801DAF07FD00D7BB72 /* ANStorageRemover_UpdateVerification_Spec.m in Sources */ = {isa = PBXBuildFile; fileRef = D7549A691DADAA5300956D8D /* ANStorageRemover_UpdateVerification_Spec.m */; };
		D74129821DB15D5300D7BB72 /* ANStorageLoaderSpec.m in Sources */ = {isa = PBXBuildFile; fileRef = D74129811DB15D5300D7BB72 /* ANStorageLoaderSpec.m */; };
		D74129841DB17FE500D7BB72 /* ANStorageSupplementaryManagerSpec.m in Sources */ = {isa = PBXBuildFile; fileRef = D74129831DB17FE500D7BB72 /* ANStorageSupplementaryManagerSpec.m */; };
		D74129861DB1A18100D7BB72 /* ANStorageSupplementaryManager_UpdateVerification_Spec.m in Sources */ = {isa = PBXBuildFile; fileRef = D74129851DB1A18100D7BB72 /* ANStorageSupplementaryManager_UpdateVerification_Spec.m */; };
		D741298A1DB5926F00D7BB72 /* ANStorageMovedIndexPathModelSpec.m in Sources */ = {isa = PBXBuildFile; fileRef = D74129891DB5926F00D7BB72 /* ANStorageMovedIndexPathModelSpec.m */; };
		D741298C1DB5939800D7BB72 /* ANStorageUpdateOperationSpec.m in Sources */ = {isa = PBXBuildFile; fileRef = D741298B1DB5939800D7BB72 /* ANStorageUpdateOperationSpec.m */; };
		D741298F1DB5AA4700D7BB72 /* ANStorageOperationFakeDelegate.m in Sources */ = {isa = PBXBuildFile; fileRef = D741298E1DB5AA4700D7BB72 /* ANStorageOperationFakeDelegate.m */; };
		D74129911DB66FF300D7BB72 /* ANStorageSpec.m in Sources */ = {isa = PBXBuildFile; fileRef = D74129901DB66FF300D7BB72 /* ANStorageSpec.m */; };
		D7549A531DAAA36700956D8D /* ANStorageUpdateModel+Test.m in Sources */ = {isa = PBXBuildFile; fileRef = D7549A521DAAA36700956D8D /* ANStorageUpdateModel+Test.m */; };
		D7549A581DAC2C4200956D8D /* ANStorageController_Supplemetaries_Spec.m in Sources */ = {isa = PBXBuildFile; fileRef = D7549A571DAC2C4200956D8D /* ANStorageController_Supplemetaries_Spec.m */; };
		D7549A5A1DAC358100956D8D /* ANStorageUpdater_Spec.m in Sources */ = {isa = PBXBuildFile; fileRef = D7549A591DAC358100956D8D /* ANStorageUpdater_Spec.m */; };
		D7549A661DAD3E3B00956D8D /* ANStorageUpdater_UpdateVerification_Spec.m in Sources */ = {isa = PBXBuildFile; fileRef = D7549A651DAD3E3B00956D8D /* ANStorageUpdater_UpdateVerification_Spec.m */; };
		D7549A6D1DAEEA3E00956D8D /* ANStorageRemoverSpec.m in Sources */ = {isa = PBXBuildFile; fileRef = D7549A671DADAA2000956D8D /* ANStorageRemoverSpec.m */; };
		D795BA071DA7253400668587 /* StyleSettings.plist in Resources */ = {isa = PBXBuildFile; fileRef = D795BA061DA7253400668587 /* StyleSettings.plist */; };
		D7A21E011DA895B500D6D803 /* ANAppDelegate.m in Sources */ = {isa = PBXBuildFile; fileRef = D7A21DE71DA895B500D6D803 /* ANAppDelegate.m */; };
		D7A21E031DA895B500D6D803 /* Assets.xcassets in Resources */ = {isa = PBXBuildFile; fileRef = D7A21DEB1DA895B500D6D803 /* Assets.xcassets */; };
		D7A21E041DA895B500D6D803 /* InfoPlist.strings in Resources */ = {isa = PBXBuildFile; fileRef = D7A21DEC1DA895B500D6D803 /* InfoPlist.strings */; };
		D7A21E051DA895B500D6D803 /* main.m in Sources */ = {isa = PBXBuildFile; fileRef = D7A21DEE1DA895B500D6D803 /* main.m */; };
		D7A21E061DA895B500D6D803 /* ANECustomFooterView.m in Sources */ = {isa = PBXBuildFile; fileRef = D7A21DF11DA895B500D6D803 /* ANECustomFooterView.m */; };
		D7A21E071DA895B500D6D803 /* ANECustomFooterViewModel.m in Sources */ = {isa = PBXBuildFile; fileRef = D7A21DF31DA895B500D6D803 /* ANECustomFooterViewModel.m */; };
		D7A21E081DA895B500D6D803 /* ANECustomHeaderView.m in Sources */ = {isa = PBXBuildFile; fileRef = D7A21DF51DA895B500D6D803 /* ANECustomHeaderView.m */; };
		D7A21E091DA895B500D6D803 /* ANECustomHeaderViewModel.m in Sources */ = {isa = PBXBuildFile; fileRef = D7A21DF71DA895B500D6D803 /* ANECustomHeaderViewModel.m */; };
		D7A21E0A1DA895B500D6D803 /* ANELabelTableViewCell.m in Sources */ = {isa = PBXBuildFile; fileRef = D7A21DF91DA895B500D6D803 /* ANELabelTableViewCell.m */; };
		D7A21E221DA89AD300D6D803 /* Alister_Example_ExampleUITests.m in Sources */ = {isa = PBXBuildFile; fileRef = D7A21E1C1DA89AD300D6D803 /* Alister_Example_ExampleUITests.m */; };
		D7A21E231DA89AD300D6D803 /* SnapshotHelper.m in Sources */ = {isa = PBXBuildFile; fileRef = D7A21E1F1DA89AD300D6D803 /* SnapshotHelper.m */; };
		D7A21E241DA89AD300D6D803 /* XCTestCase+Springboard.m in Sources */ = {isa = PBXBuildFile; fileRef = D7A21E211DA89AD300D6D803 /* XCTestCase+Springboard.m */; };
		D7A21E6D1DA8A2A500D6D803 /* ANCollectionUpdateOperationTests.m in Sources */ = {isa = PBXBuildFile; fileRef = D7A21E271DA8A2A500D6D803 /* ANCollectionUpdateOperationTests.m */; };
		D7A21E6E1DA8A2A500D6D803 /* ANKeyboardHandlerTest.m in Sources */ = {isa = PBXBuildFile; fileRef = D7A21E291DA8A2A500D6D803 /* ANKeyboardHandlerTest.m */; };
		D7A21E6F1DA8A2A500D6D803 /* ANCollectionControllerConfigurationModelTest.m in Sources */ = {isa = PBXBuildFile; fileRef = D7A21E2B1DA8A2A500D6D803 /* ANCollectionControllerConfigurationModelTest.m */; };
		D7A21E701DA8A2A500D6D803 /* ANCollectionControllerTest.m in Sources */ = {isa = PBXBuildFile; fileRef = D7A21E2C1DA8A2A500D6D803 /* ANCollectionControllerTest.m */; };
		D7A21E711DA8A2A500D6D803 /* ANListControllerConfigurationModelTest.m in Sources */ = {isa = PBXBuildFile; fileRef = D7A21E2D1DA8A2A500D6D803 /* ANListControllerConfigurationModelTest.m */; };
		D7A21E721DA8A2A500D6D803 /* ANListControllerMappingModelTest.m in Sources */ = {isa = PBXBuildFile; fileRef = D7A21E2E1DA8A2A500D6D803 /* ANListControllerMappingModelTest.m */; };
		D7A21E731DA8A2A500D6D803 /* ANTableControllerReusableTest.m in Sources */ = {isa = PBXBuildFile; fileRef = D7A21E2F1DA8A2A500D6D803 /* ANTableControllerReusableTest.m */; };
		D7A21E741DA8A2A500D6D803 /* ANTableControllerTest.m in Sources */ = {isa = PBXBuildFile; fileRef = D7A21E301DA8A2A500D6D803 /* ANTableControllerTest.m */; };
		D7A21E751DA8A2A500D6D803 /* ANListControllerReloadOperationTests.m in Sources */ = {isa = PBXBuildFile; fileRef = D7A21E321DA8A2A500D6D803 /* ANListControllerReloadOperationTests.m */; };
		D7A21E761DA8A2A500D6D803 /* ANListControllerSearchManagerTest.m in Sources */ = {isa = PBXBuildFile; fileRef = D7A21E341DA8A2A500D6D803 /* ANListControllerSearchManagerTest.m */; };
		D7A21E771DA8A2A500D6D803 /* ANBaseTableFooterViewSpec.m in Sources */ = {isa = PBXBuildFile; fileRef = D7A21E361DA8A2A500D6D803 /* ANBaseTableFooterViewSpec.m */; };
		D7A21E781DA8A2A500D6D803 /* ANBaseTableViewHeaderFooterViewSpec.m in Sources */ = {isa = PBXBuildFile; fileRef = D7A21E371DA8A2A500D6D803 /* ANBaseTableViewHeaderFooterViewSpec.m */; };
		D7A21E791DA8A2A500D6D803 /* ANCollectionReusableViewSpec.m in Sources */ = {isa = PBXBuildFile; fileRef = D7A21E381DA8A2A500D6D803 /* ANCollectionReusableViewSpec.m */; };
		D7A21E7A1DA8A2A500D6D803 /* ANCollectionViewCellSpec.m in Sources */ = {isa = PBXBuildFile; fileRef = D7A21E391DA8A2A500D6D803 /* ANCollectionViewCellSpec.m */; };
		D7A21E7C1DA8A2A500D6D803 /* ANTableContainerViewSpec.m in Sources */ = {isa = PBXBuildFile; fileRef = D7A21E3B1DA8A2A500D6D803 /* ANTableContainerViewSpec.m */; };
		D7A21E7D1DA8A2A500D6D803 /* ANTableViewSpec.m in Sources */ = {isa = PBXBuildFile; fileRef = D7A21E3C1DA8A2A500D6D803 /* ANTableViewSpec.m */; };
		D7A21E7E1DA8A2A500D6D803 /* ANTestTableHeaderFooter.m in Sources */ = {isa = PBXBuildFile; fileRef = D7A21E3E1DA8A2A500D6D803 /* ANTestTableHeaderFooter.m */; };
		D7A21E881DA8A2A500D6D803 /* ANTableControllerUpdateOperationTests.m in Sources */ = {isa = PBXBuildFile; fileRef = D7A21E4B1DA8A2A500D6D803 /* ANTableControllerUpdateOperationTests.m */; };
		D7A21E891DA8A2A500D6D803 /* ANECustomHeaderViewModelTest.m in Sources */ = {isa = PBXBuildFile; fileRef = D7A21E4D1DA8A2A500D6D803 /* ANECustomHeaderViewModelTest.m */; };
		D7A21E8A1DA8A2A500D6D803 /* ANECustomHeaderViewTest.m in Sources */ = {isa = PBXBuildFile; fileRef = D7A21E4E1DA8A2A500D6D803 /* ANECustomHeaderViewTest.m */; };
		D7A21E8B1DA8A2A500D6D803 /* ANELabelTableViewCellTest.m in Sources */ = {isa = PBXBuildFile; fileRef = D7A21E4F1DA8A2A500D6D803 /* ANELabelTableViewCellTest.m */; };
		D7A21E8C1DA8A2A500D6D803 /* ANTestableCollectionUpdateOperation.m in Sources */ = {isa = PBXBuildFile; fileRef = D7A21E521DA8A2A500D6D803 /* ANTestableCollectionUpdateOperation.m */; };
		D7A21E8D1DA8A2A500D6D803 /* ANTestableCollectionView.m in Sources */ = {isa = PBXBuildFile; fileRef = D7A21E541DA8A2A500D6D803 /* ANTestableCollectionView.m */; };
		D7A21E8E1DA8A2A500D6D803 /* ANTestableListControllerReloadOperationDelegate.m in Sources */ = {isa = PBXBuildFile; fileRef = D7A21E561DA8A2A500D6D803 /* ANTestableListControllerReloadOperationDelegate.m */; };
		D7A21E8F1DA8A2A500D6D803 /* ANTestableListControllerUpdateOperationDelegate.m in Sources */ = {isa = PBXBuildFile; fileRef = D7A21E581DA8A2A500D6D803 /* ANTestableListControllerUpdateOperationDelegate.m */; };
		D7A21E901DA8A2A500D6D803 /* ANTestableListView.m in Sources */ = {isa = PBXBuildFile; fileRef = D7A21E5A1DA8A2A500D6D803 /* ANTestableListView.m */; };
		D7A21E911DA8A2A500D6D803 /* ANTestableRange.m in Sources */ = {isa = PBXBuildFile; fileRef = D7A21E5C1DA8A2A500D6D803 /* ANTestableRange.m */; };
		D7A21E921DA8A2A500D6D803 /* ANTestableStorageUpateOperation.m in Sources */ = {isa = PBXBuildFile; fileRef = D7A21E5E1DA8A2A500D6D803 /* ANTestableStorageUpateOperation.m */; };
		D7A21E931DA8A2A500D6D803 /* ANTestableTableUpdateOperation.m in Sources */ = {isa = PBXBuildFile; fileRef = D7A21E601DA8A2A500D6D803 /* ANTestableTableUpdateOperation.m */; };
		D7A21E941DA8A2A500D6D803 /* ANTestableTableView.m in Sources */ = {isa = PBXBuildFile; fileRef = D7A21E621DA8A2A500D6D803 /* ANTestableTableView.m */; };
		D7A21E951DA8A2A500D6D803 /* ANTestableTextField.m in Sources */ = {isa = PBXBuildFile; fileRef = D7A21E641DA8A2A500D6D803 /* ANTestableTextField.m */; };
		D7A21E961DA8A2A500D6D803 /* ANTestableTouch.m in Sources */ = {isa = PBXBuildFile; fileRef = D7A21E661DA8A2A500D6D803 /* ANTestableTouch.m */; };
		D7A21E971DA8A2A500D6D803 /* ANTestKeyboardHandlerDelegate.m in Sources */ = {isa = PBXBuildFile; fileRef = D7A21E681DA8A2A500D6D803 /* ANTestKeyboardHandlerDelegate.m */; };
		D7A21E981DA8A2A500D6D803 /* ANTestTableCell.m in Sources */ = {isa = PBXBuildFile; fileRef = D7A21E6A1DA8A2A500D6D803 /* ANTestTableCell.m */; };
		D7A21E991DA8A2A500D6D803 /* ANTestViewModel.m in Sources */ = {isa = PBXBuildFile; fileRef = D7A21E6C1DA8A2A500D6D803 /* ANTestViewModel.m */; };
		D7A21E9B1DA8A49C00D6D803 /* ANECustomFooterViewTest.m in Sources */ = {isa = PBXBuildFile; fileRef = D7A21E9A1DA8A49C00D6D803 /* ANECustomFooterViewTest.m */; };
		D7A21E9D1DA8A4C400D6D803 /* ANECustomFooterViewModelTest.m in Sources */ = {isa = PBXBuildFile; fileRef = D7A21E9C1DA8A4C400D6D803 /* ANECustomFooterViewModelTest.m */; };
/* End PBXBuildFile section */

/* Begin PBXContainerItemProxy section */
		D7A21E171DA89A7500D6D803 /* PBXContainerItemProxy */ = {
			isa = PBXContainerItemProxy;
			containerPortal = 6003F582195388D10070C39A /* Project object */;
			proxyType = 1;
			remoteGlobalIDString = 6003F589195388D20070C39A;
			remoteInfo = "Alister-Example";
		};
		D7EC43D11D512EE300128012 /* PBXContainerItemProxy */ = {
			isa = PBXContainerItemProxy;
			containerPortal = 6003F582195388D10070C39A /* Project object */;
			proxyType = 1;
			remoteGlobalIDString = 6003F589195388D20070C39A;
			remoteInfo = "Alister-Example";
		};
/* End PBXContainerItemProxy section */

/* Begin PBXFileReference section */
		019F2C73D93E6032B674EAE3 /* Pods-Alister-Example-Tests.debug.xcconfig */ = {isa = PBXFileReference; includeInIndex = 1; lastKnownFileType = text.xcconfig; name = "Pods-Alister-Example-Tests.debug.xcconfig"; path = "Pods/Target Support Files/Pods-Alister-Example-Tests/Pods-Alister-Example-Tests.debug.xcconfig"; sourceTree = "<group>"; };
		07CE62481D5169B300D1A43C /* Tests-Prefix.pch */ = {isa = PBXFileReference; fileEncoding = 4; lastKnownFileType = sourcecode.c.h; path = "Tests-Prefix.pch"; sourceTree = "<group>"; };
		12C7B2C3A579D51E17C98434 /* README.md */ = {isa = PBXFileReference; includeInIndex = 1; lastKnownFileType = net.daringfireball.markdown; name = README.md; path = ../README.md; sourceTree = "<group>"; };
		180335641DB7AA0100332F5F /* ANECustomSupplementaryController.h */ = {isa = PBXFileReference; fileEncoding = 4; lastKnownFileType = sourcecode.c.h; path = ANECustomSupplementaryController.h; sourceTree = "<group>"; };
		180335651DB7AA0100332F5F /* ANECustomSupplementaryController.m */ = {isa = PBXFileReference; fileEncoding = 4; lastKnownFileType = sourcecode.c.objc; path = ANECustomSupplementaryController.m; sourceTree = "<group>"; };
		180335661DB7AA0100332F5F /* ANECustomSupplementaryVC.h */ = {isa = PBXFileReference; fileEncoding = 4; lastKnownFileType = sourcecode.c.h; path = ANECustomSupplementaryVC.h; sourceTree = "<group>"; };
		180335671DB7AA0100332F5F /* ANECustomSupplementaryVC.m */ = {isa = PBXFileReference; fileEncoding = 4; lastKnownFileType = sourcecode.c.objc; path = ANECustomSupplementaryVC.m; sourceTree = "<group>"; };
		180335691DB7AA0100332F5F /* ANEDefaultSupplementaryVC.h */ = {isa = PBXFileReference; fileEncoding = 4; lastKnownFileType = sourcecode.c.h; path = ANEDefaultSupplementaryVC.h; sourceTree = "<group>"; };
		1803356A1DB7AA0100332F5F /* ANEDefaultSupplementaryVC.m */ = {isa = PBXFileReference; fileEncoding = 4; lastKnownFileType = sourcecode.c.objc; path = ANEDefaultSupplementaryVC.m; sourceTree = "<group>"; };
		1803356B1DB7AA0100332F5F /* Localizable.strings */ = {isa = PBXFileReference; fileEncoding = 4; lastKnownFileType = text.plist.strings; path = Localizable.strings; sourceTree = "<group>"; };
		1803356D1DB7AA0100332F5F /* ANEMainVC.h */ = {isa = PBXFileReference; fileEncoding = 4; lastKnownFileType = sourcecode.c.h; path = ANEMainVC.h; sourceTree = "<group>"; };
		1803356E1DB7AA0100332F5F /* ANEMainVC.m */ = {isa = PBXFileReference; fileEncoding = 4; lastKnownFileType = sourcecode.c.objc; path = ANEMainVC.m; sourceTree = "<group>"; };
		180335751DB7AE7B00332F5F /* ANEBottomStickedFooterVC.h */ = {isa = PBXFileReference; fileEncoding = 4; lastKnownFileType = sourcecode.c.h; path = ANEBottomStickedFooterVC.h; sourceTree = "<group>"; };
		180335761DB7AE7B00332F5F /* ANEBottomStickedFooterVC.m */ = {isa = PBXFileReference; fileEncoding = 4; lastKnownFileType = sourcecode.c.objc; path = ANEBottomStickedFooterVC.m; sourceTree = "<group>"; };
		180335781DB7B1EA00332F5F /* ANEButtonFooterView.h */ = {isa = PBXFileReference; fileEncoding = 4; lastKnownFileType = sourcecode.c.h; path = ANEButtonFooterView.h; sourceTree = "<group>"; };
		180335791DB7B1EA00332F5F /* ANEButtonFooterView.m */ = {isa = PBXFileReference; fileEncoding = 4; lastKnownFileType = sourcecode.c.objc; path = ANEButtonFooterView.m; sourceTree = "<group>"; };
		1803357C1DB8C65A00332F5F /* ANEReorderingVC.h */ = {isa = PBXFileReference; fileEncoding = 4; lastKnownFileType = sourcecode.c.h; path = ANEReorderingVC.h; sourceTree = "<group>"; };
		1803357D1DB8C65A00332F5F /* ANEReorderingVC.m */ = {isa = PBXFileReference; fileEncoding = 4; lastKnownFileType = sourcecode.c.objc; path = ANEReorderingVC.m; sourceTree = "<group>"; };
		180335821DB8D9F800332F5F /* ANEReorderingController.h */ = {isa = PBXFileReference; fileEncoding = 4; lastKnownFileType = sourcecode.c.h; path = ANEReorderingController.h; sourceTree = "<group>"; };
		180335831DB8D9F800332F5F /* ANEReorderingController.m */ = {isa = PBXFileReference; fileEncoding = 4; lastKnownFileType = sourcecode.c.objc; path = ANEReorderingController.m; sourceTree = "<group>"; };
		1803358D1DB8EBBF00332F5F /* ANEConstants.h */ = {isa = PBXFileReference; fileEncoding = 4; lastKnownFileType = sourcecode.c.h; path = ANEConstants.h; sourceTree = "<group>"; };
		1803358E1DB8EBBF00332F5F /* ANEGlobalHeader.h */ = {isa = PBXFileReference; fileEncoding = 4; lastKnownFileType = sourcecode.c.h; path = ANEGlobalHeader.h; sourceTree = "<group>"; };
		180335921DB919A600332F5F /* ANEReorderingControllerSpec.m */ = {isa = PBXFileReference; fileEncoding = 4; lastKnownFileType = sourcecode.c.objc; path = ANEReorderingControllerSpec.m; sourceTree = "<group>"; };
		180335931DB919A600332F5F /* ANEReorderingVCSpec.m */ = {isa = PBXFileReference; fileEncoding = 4; lastKnownFileType = sourcecode.c.objc; path = ANEReorderingVCSpec.m; sourceTree = "<group>"; };
		180335971DB91A1100332F5F /* ANBottomStickedFooterVCSpec.m */ = {isa = PBXFileReference; fileEncoding = 4; lastKnownFileType = sourcecode.c.objc; path = ANBottomStickedFooterVCSpec.m; sourceTree = "<group>"; };
		180335991DB91A2600332F5F /* ANButtonFooterViewSpec.m */ = {isa = PBXFileReference; fileEncoding = 4; lastKnownFileType = sourcecode.c.objc; path = ANButtonFooterViewSpec.m; sourceTree = "<group>"; };
		1803359E1DB920B400332F5F /* ANEDefaultSupplementaryVCSpec.m */ = {isa = PBXFileReference; fileEncoding = 4; lastKnownFileType = sourcecode.c.objc; path = ANEDefaultSupplementaryVCSpec.m; sourceTree = "<group>"; };
		18B792D91DB78F3C00C5A46A /* ANEDataGenerator.h */ = {isa = PBXFileReference; fileEncoding = 4; lastKnownFileType = sourcecode.c.h; path = ANEDataGenerator.h; sourceTree = "<group>"; };
		18B792DA1DB78F3C00C5A46A /* ANEDataGenerator.m */ = {isa = PBXFileReference; fileEncoding = 4; lastKnownFileType = sourcecode.c.objc; path = ANEDataGenerator.m; sourceTree = "<group>"; };
		5A48C1C6D522CC417AF71E09 /* Pods-Alister-Example.release.xcconfig */ = {isa = PBXFileReference; includeInIndex = 1; lastKnownFileType = text.xcconfig; name = "Pods-Alister-Example.release.xcconfig"; path = "Pods/Target Support Files/Pods-Alister-Example/Pods-Alister-Example.release.xcconfig"; sourceTree = "<group>"; };
		6003F58A195388D20070C39A /* Alister-Example_Example.app */ = {isa = PBXFileReference; explicitFileType = wrapper.application; includeInIndex = 0; path = "Alister-Example_Example.app"; sourceTree = BUILT_PRODUCTS_DIR; };
		6003F58D195388D20070C39A /* Foundation.framework */ = {isa = PBXFileReference; lastKnownFileType = wrapper.framework; name = Foundation.framework; path = System/Library/Frameworks/Foundation.framework; sourceTree = SDKROOT; };
		6003F58F195388D20070C39A /* CoreGraphics.framework */ = {isa = PBXFileReference; lastKnownFileType = wrapper.framework; name = CoreGraphics.framework; path = System/Library/Frameworks/CoreGraphics.framework; sourceTree = SDKROOT; };
		6003F591195388D20070C39A /* UIKit.framework */ = {isa = PBXFileReference; lastKnownFileType = wrapper.framework; name = UIKit.framework; path = System/Library/Frameworks/UIKit.framework; sourceTree = SDKROOT; };
		6003F5AF195388D20070C39A /* XCTest.framework */ = {isa = PBXFileReference; lastKnownFileType = wrapper.framework; name = XCTest.framework; path = Library/Frameworks/XCTest.framework; sourceTree = DEVELOPER_DIR; };
		714527334026D6C1A2430887 /* libPods-Alister-Example.a */ = {isa = PBXFileReference; explicitFileType = archive.ar; includeInIndex = 0; path = "libPods-Alister-Example.a"; sourceTree = BUILT_PRODUCTS_DIR; };
		A8D594C6A1CAF9F8A83D2691 /* LICENSE */ = {isa = PBXFileReference; includeInIndex = 1; lastKnownFileType = text; name = LICENSE; path = ../LICENSE; sourceTree = "<group>"; };
		AC990585C63BBA3EFB2F905E /* libPods-Alister-Example-Tests.a */ = {isa = PBXFileReference; explicitFileType = archive.ar; includeInIndex = 0; path = "libPods-Alister-Example-Tests.a"; sourceTree = BUILT_PRODUCTS_DIR; };
		CB2099F6E4049388FFBA7187 /* Pods-Alister-Example.debug.xcconfig */ = {isa = PBXFileReference; includeInIndex = 1; lastKnownFileType = text.xcconfig; name = "Pods-Alister-Example.debug.xcconfig"; path = "Pods/Target Support Files/Pods-Alister-Example/Pods-Alister-Example.debug.xcconfig"; sourceTree = "<group>"; };
		D73FD5301DA91C2100AB5B7D /* ANStorageController_CRUD_Spec.m */ = {isa = PBXFileReference; fileEncoding = 4; lastKnownFileType = sourcecode.c.objc; path = ANStorageController_CRUD_Spec.m; sourceTree = "<group>"; };
		D73FD5351DA91C2100AB5B7D /* ANStorageModelSpec.m */ = {isa = PBXFileReference; fileEncoding = 4; lastKnownFileType = sourcecode.c.objc; path = ANStorageModelSpec.m; sourceTree = "<group>"; };
		D73FD5371DA91C2100AB5B7D /* ANStorageSectionModelSpec.m */ = {isa = PBXFileReference; fileEncoding = 4; lastKnownFileType = sourcecode.c.objc; path = ANStorageSectionModelSpec.m; sourceTree = "<group>"; };
		D73FD5381DA91C2100AB5B7D /* ANStorageUpdateModelSpec.m */ = {isa = PBXFileReference; fileEncoding = 4; lastKnownFileType = sourcecode.c.objc; path = ANStorageUpdateModelSpec.m; sourceTree = "<group>"; };
		D74129811DB15D5300D7BB72 /* ANStorageLoaderSpec.m */ = {isa = PBXFileReference; fileEncoding = 4; lastKnownFileType = sourcecode.c.objc; path = ANStorageLoaderSpec.m; sourceTree = "<group>"; };
		D74129831DB17FE500D7BB72 /* ANStorageSupplementaryManagerSpec.m */ = {isa = PBXFileReference; fileEncoding = 4; lastKnownFileType = sourcecode.c.objc; path = ANStorageSupplementaryManagerSpec.m; sourceTree = "<group>"; };
		D74129851DB1A18100D7BB72 /* ANStorageSupplementaryManager_UpdateVerification_Spec.m */ = {isa = PBXFileReference; fileEncoding = 4; lastKnownFileType = sourcecode.c.objc; path = ANStorageSupplementaryManager_UpdateVerification_Spec.m; sourceTree = "<group>"; };
		D74129891DB5926F00D7BB72 /* ANStorageMovedIndexPathModelSpec.m */ = {isa = PBXFileReference; fileEncoding = 4; lastKnownFileType = sourcecode.c.objc; path = ANStorageMovedIndexPathModelSpec.m; sourceTree = "<group>"; };
		D741298B1DB5939800D7BB72 /* ANStorageUpdateOperationSpec.m */ = {isa = PBXFileReference; fileEncoding = 4; lastKnownFileType = sourcecode.c.objc; name = ANStorageUpdateOperationSpec.m; path = ../ANStorageUpdateOperationSpec.m; sourceTree = "<group>"; };
		D741298D1DB5AA4700D7BB72 /* ANStorageOperationFakeDelegate.h */ = {isa = PBXFileReference; fileEncoding = 4; lastKnownFileType = sourcecode.c.h; name = ANStorageOperationFakeDelegate.h; path = ../ANStorageOperationFakeDelegate.h; sourceTree = "<group>"; };
		D741298E1DB5AA4700D7BB72 /* ANStorageOperationFakeDelegate.m */ = {isa = PBXFileReference; fileEncoding = 4; lastKnownFileType = sourcecode.c.objc; name = ANStorageOperationFakeDelegate.m; path = ../ANStorageOperationFakeDelegate.m; sourceTree = "<group>"; };
		D74129901DB66FF300D7BB72 /* ANStorageSpec.m */ = {isa = PBXFileReference; fileEncoding = 4; lastKnownFileType = sourcecode.c.objc; path = ANStorageSpec.m; sourceTree = "<group>"; };
		D7549A511DAAA36700956D8D /* ANStorageUpdateModel+Test.h */ = {isa = PBXFileReference; fileEncoding = 4; lastKnownFileType = sourcecode.c.h; name = "ANStorageUpdateModel+Test.h"; path = "Helpers/ANStorageUpdateModel+Test.h"; sourceTree = "<group>"; };
		D7549A521DAAA36700956D8D /* ANStorageUpdateModel+Test.m */ = {isa = PBXFileReference; fileEncoding = 4; lastKnownFileType = sourcecode.c.objc; name = "ANStorageUpdateModel+Test.m"; path = "Helpers/ANStorageUpdateModel+Test.m"; sourceTree = "<group>"; };
		D7549A571DAC2C4200956D8D /* ANStorageController_Supplemetaries_Spec.m */ = {isa = PBXFileReference; fileEncoding = 4; lastKnownFileType = sourcecode.c.objc; path = ANStorageController_Supplemetaries_Spec.m; sourceTree = "<group>"; };
		D7549A591DAC358100956D8D /* ANStorageUpdater_Spec.m */ = {isa = PBXFileReference; fileEncoding = 4; lastKnownFileType = sourcecode.c.objc; path = ANStorageUpdater_Spec.m; sourceTree = "<group>"; };
		D7549A651DAD3E3B00956D8D /* ANStorageUpdater_UpdateVerification_Spec.m */ = {isa = PBXFileReference; fileEncoding = 4; lastKnownFileType = sourcecode.c.objc; path = ANStorageUpdater_UpdateVerification_Spec.m; sourceTree = "<group>"; };
		D7549A671DADAA2000956D8D /* ANStorageRemoverSpec.m */ = {isa = PBXFileReference; fileEncoding = 4; lastKnownFileType = sourcecode.c.objc; path = ANStorageRemoverSpec.m; sourceTree = "<group>"; };
		D7549A691DADAA5300956D8D /* ANStorageRemover_UpdateVerification_Spec.m */ = {isa = PBXFileReference; fileEncoding = 4; lastKnownFileType = sourcecode.c.objc; path = ANStorageRemover_UpdateVerification_Spec.m; sourceTree = "<group>"; };
		D795BA061DA7253400668587 /* StyleSettings.plist */ = {isa = PBXFileReference; fileEncoding = 4; lastKnownFileType = text.plist.xml; path = StyleSettings.plist; sourceTree = "<group>"; };
		D7A21DE61DA895B500D6D803 /* ANAppDelegate.h */ = {isa = PBXFileReference; fileEncoding = 4; lastKnownFileType = sourcecode.c.h; path = ANAppDelegate.h; sourceTree = "<group>"; };
		D7A21DE71DA895B500D6D803 /* ANAppDelegate.m */ = {isa = PBXFileReference; fileEncoding = 4; lastKnownFileType = sourcecode.c.objc; path = ANAppDelegate.m; sourceTree = "<group>"; };
		D7A21DE91DA895B500D6D803 /* Alister-Example-Info.plist */ = {isa = PBXFileReference; fileEncoding = 4; lastKnownFileType = text.plist.xml; path = "Alister-Example-Info.plist"; sourceTree = "<group>"; };
		D7A21DEA1DA895B500D6D803 /* Alister-Example-Prefix.pch */ = {isa = PBXFileReference; fileEncoding = 4; lastKnownFileType = sourcecode.c.h; path = "Alister-Example-Prefix.pch"; sourceTree = "<group>"; };
		D7A21DEB1DA895B500D6D803 /* Assets.xcassets */ = {isa = PBXFileReference; lastKnownFileType = folder.assetcatalog; path = Assets.xcassets; sourceTree = "<group>"; };
		D7A21DED1DA895B500D6D803 /* en */ = {isa = PBXFileReference; lastKnownFileType = text.plist.strings; name = en; path = en.lproj/InfoPlist.strings; sourceTree = "<group>"; };
		D7A21DEE1DA895B500D6D803 /* main.m */ = {isa = PBXFileReference; fileEncoding = 4; lastKnownFileType = sourcecode.c.objc; path = main.m; sourceTree = "<group>"; };
		D7A21DF01DA895B500D6D803 /* ANECustomFooterView.h */ = {isa = PBXFileReference; fileEncoding = 4; lastKnownFileType = sourcecode.c.h; path = ANECustomFooterView.h; sourceTree = "<group>"; };
		D7A21DF11DA895B500D6D803 /* ANECustomFooterView.m */ = {isa = PBXFileReference; fileEncoding = 4; lastKnownFileType = sourcecode.c.objc; path = ANECustomFooterView.m; sourceTree = "<group>"; };
		D7A21DF21DA895B500D6D803 /* ANECustomFooterViewModel.h */ = {isa = PBXFileReference; fileEncoding = 4; lastKnownFileType = sourcecode.c.h; path = ANECustomFooterViewModel.h; sourceTree = "<group>"; };
		D7A21DF31DA895B500D6D803 /* ANECustomFooterViewModel.m */ = {isa = PBXFileReference; fileEncoding = 4; lastKnownFileType = sourcecode.c.objc; path = ANECustomFooterViewModel.m; sourceTree = "<group>"; };
		D7A21DF41DA895B500D6D803 /* ANECustomHeaderView.h */ = {isa = PBXFileReference; fileEncoding = 4; lastKnownFileType = sourcecode.c.h; path = ANECustomHeaderView.h; sourceTree = "<group>"; };
		D7A21DF51DA895B500D6D803 /* ANECustomHeaderView.m */ = {isa = PBXFileReference; fileEncoding = 4; lastKnownFileType = sourcecode.c.objc; path = ANECustomHeaderView.m; sourceTree = "<group>"; };
		D7A21DF61DA895B500D6D803 /* ANECustomHeaderViewModel.h */ = {isa = PBXFileReference; fileEncoding = 4; lastKnownFileType = sourcecode.c.h; path = ANECustomHeaderViewModel.h; sourceTree = "<group>"; };
		D7A21DF71DA895B500D6D803 /* ANECustomHeaderViewModel.m */ = {isa = PBXFileReference; fileEncoding = 4; lastKnownFileType = sourcecode.c.objc; path = ANECustomHeaderViewModel.m; sourceTree = "<group>"; };
		D7A21DF81DA895B500D6D803 /* ANELabelTableViewCell.h */ = {isa = PBXFileReference; fileEncoding = 4; lastKnownFileType = sourcecode.c.h; path = ANELabelTableViewCell.h; sourceTree = "<group>"; };
		D7A21DF91DA895B500D6D803 /* ANELabelTableViewCell.m */ = {isa = PBXFileReference; fileEncoding = 4; lastKnownFileType = sourcecode.c.objc; path = ANELabelTableViewCell.m; sourceTree = "<group>"; };
		D7A21E121DA89A7500D6D803 /* Alister-Example-UITests.xctest */ = {isa = PBXFileReference; explicitFileType = wrapper.cfbundle; includeInIndex = 0; path = "Alister-Example-UITests.xctest"; sourceTree = BUILT_PRODUCTS_DIR; };
		D7A21E161DA89A7500D6D803 /* Info.plist */ = {isa = PBXFileReference; lastKnownFileType = text.plist.xml; path = Info.plist; sourceTree = "<group>"; };
		D7A21E1C1DA89AD300D6D803 /* Alister_Example_ExampleUITests.m */ = {isa = PBXFileReference; fileEncoding = 4; lastKnownFileType = sourcecode.c.objc; path = Alister_Example_ExampleUITests.m; sourceTree = "<group>"; };
		D7A21E1E1DA89AD300D6D803 /* SnapshotHelper.h */ = {isa = PBXFileReference; fileEncoding = 4; lastKnownFileType = sourcecode.c.h; path = SnapshotHelper.h; sourceTree = "<group>"; };
		D7A21E1F1DA89AD300D6D803 /* SnapshotHelper.m */ = {isa = PBXFileReference; fileEncoding = 4; lastKnownFileType = sourcecode.c.objc; path = SnapshotHelper.m; sourceTree = "<group>"; };
		D7A21E201DA89AD300D6D803 /* XCTestCase+Springboard.h */ = {isa = PBXFileReference; fileEncoding = 4; lastKnownFileType = sourcecode.c.h; path = "XCTestCase+Springboard.h"; sourceTree = "<group>"; };
		D7A21E211DA89AD300D6D803 /* XCTestCase+Springboard.m */ = {isa = PBXFileReference; fileEncoding = 4; lastKnownFileType = sourcecode.c.objc; path = "XCTestCase+Springboard.m"; sourceTree = "<group>"; };
		D7A21E271DA8A2A500D6D803 /* ANCollectionUpdateOperationTests.m */ = {isa = PBXFileReference; fileEncoding = 4; lastKnownFileType = sourcecode.c.objc; path = ANCollectionUpdateOperationTests.m; sourceTree = "<group>"; };
		D7A21E291DA8A2A500D6D803 /* ANKeyboardHandlerTest.m */ = {isa = PBXFileReference; fileEncoding = 4; lastKnownFileType = sourcecode.c.objc; path = ANKeyboardHandlerTest.m; sourceTree = "<group>"; };
		D7A21E2B1DA8A2A500D6D803 /* ANCollectionControllerConfigurationModelTest.m */ = {isa = PBXFileReference; fileEncoding = 4; lastKnownFileType = sourcecode.c.objc; path = ANCollectionControllerConfigurationModelTest.m; sourceTree = "<group>"; };
		D7A21E2C1DA8A2A500D6D803 /* ANCollectionControllerTest.m */ = {isa = PBXFileReference; fileEncoding = 4; lastKnownFileType = sourcecode.c.objc; path = ANCollectionControllerTest.m; sourceTree = "<group>"; };
		D7A21E2D1DA8A2A500D6D803 /* ANListControllerConfigurationModelTest.m */ = {isa = PBXFileReference; fileEncoding = 4; lastKnownFileType = sourcecode.c.objc; path = ANListControllerConfigurationModelTest.m; sourceTree = "<group>"; };
		D7A21E2E1DA8A2A500D6D803 /* ANListControllerMappingModelTest.m */ = {isa = PBXFileReference; fileEncoding = 4; lastKnownFileType = sourcecode.c.objc; path = ANListControllerMappingModelTest.m; sourceTree = "<group>"; };
		D7A21E2F1DA8A2A500D6D803 /* ANTableControllerReusableTest.m */ = {isa = PBXFileReference; fileEncoding = 4; lastKnownFileType = sourcecode.c.objc; path = ANTableControllerReusableTest.m; sourceTree = "<group>"; };
		D7A21E301DA8A2A500D6D803 /* ANTableControllerTest.m */ = {isa = PBXFileReference; fileEncoding = 4; lastKnownFileType = sourcecode.c.objc; path = ANTableControllerTest.m; sourceTree = "<group>"; };
		D7A21E321DA8A2A500D6D803 /* ANListControllerReloadOperationTests.m */ = {isa = PBXFileReference; fileEncoding = 4; lastKnownFileType = sourcecode.c.objc; path = ANListControllerReloadOperationTests.m; sourceTree = "<group>"; };
		D7A21E341DA8A2A500D6D803 /* ANListControllerSearchManagerTest.m */ = {isa = PBXFileReference; fileEncoding = 4; lastKnownFileType = sourcecode.c.objc; path = ANListControllerSearchManagerTest.m; sourceTree = "<group>"; };
		D7A21E361DA8A2A500D6D803 /* ANBaseTableFooterViewSpec.m */ = {isa = PBXFileReference; fileEncoding = 4; lastKnownFileType = sourcecode.c.objc; path = ANBaseTableFooterViewSpec.m; sourceTree = "<group>"; };
		D7A21E371DA8A2A500D6D803 /* ANBaseTableViewHeaderFooterViewSpec.m */ = {isa = PBXFileReference; fileEncoding = 4; lastKnownFileType = sourcecode.c.objc; path = ANBaseTableViewHeaderFooterViewSpec.m; sourceTree = "<group>"; };
		D7A21E381DA8A2A500D6D803 /* ANCollectionReusableViewSpec.m */ = {isa = PBXFileReference; fileEncoding = 4; lastKnownFileType = sourcecode.c.objc; path = ANCollectionReusableViewSpec.m; sourceTree = "<group>"; };
		D7A21E391DA8A2A500D6D803 /* ANCollectionViewCellSpec.m */ = {isa = PBXFileReference; fileEncoding = 4; lastKnownFileType = sourcecode.c.objc; path = ANCollectionViewCellSpec.m; sourceTree = "<group>"; };
		D7A21E3B1DA8A2A500D6D803 /* ANTableContainerViewSpec.m */ = {isa = PBXFileReference; fileEncoding = 4; lastKnownFileType = sourcecode.c.objc; path = ANTableContainerViewSpec.m; sourceTree = "<group>"; };
		D7A21E3C1DA8A2A500D6D803 /* ANTableViewSpec.m */ = {isa = PBXFileReference; fileEncoding = 4; lastKnownFileType = sourcecode.c.objc; path = ANTableViewSpec.m; sourceTree = "<group>"; };
		D7A21E3D1DA8A2A500D6D803 /* ANTestTableHeaderFooter.h */ = {isa = PBXFileReference; fileEncoding = 4; lastKnownFileType = sourcecode.c.h; path = ANTestTableHeaderFooter.h; sourceTree = "<group>"; };
		D7A21E3E1DA8A2A500D6D803 /* ANTestTableHeaderFooter.m */ = {isa = PBXFileReference; fileEncoding = 4; lastKnownFileType = sourcecode.c.objc; path = ANTestTableHeaderFooter.m; sourceTree = "<group>"; };
		D7A21E4B1DA8A2A500D6D803 /* ANTableControllerUpdateOperationTests.m */ = {isa = PBXFileReference; fileEncoding = 4; lastKnownFileType = sourcecode.c.objc; path = ANTableControllerUpdateOperationTests.m; sourceTree = "<group>"; };
		D7A21E4D1DA8A2A500D6D803 /* ANECustomHeaderViewModelTest.m */ = {isa = PBXFileReference; fileEncoding = 4; lastKnownFileType = sourcecode.c.objc; path = ANECustomHeaderViewModelTest.m; sourceTree = "<group>"; };
		D7A21E4E1DA8A2A500D6D803 /* ANECustomHeaderViewTest.m */ = {isa = PBXFileReference; fileEncoding = 4; lastKnownFileType = sourcecode.c.objc; path = ANECustomHeaderViewTest.m; sourceTree = "<group>"; };
		D7A21E4F1DA8A2A500D6D803 /* ANELabelTableViewCellTest.m */ = {isa = PBXFileReference; fileEncoding = 4; lastKnownFileType = sourcecode.c.objc; path = ANELabelTableViewCellTest.m; sourceTree = "<group>"; };
		D7A21E511DA8A2A500D6D803 /* ANTestableCollectionUpdateOperation.h */ = {isa = PBXFileReference; fileEncoding = 4; lastKnownFileType = sourcecode.c.h; path = ANTestableCollectionUpdateOperation.h; sourceTree = "<group>"; };
		D7A21E521DA8A2A500D6D803 /* ANTestableCollectionUpdateOperation.m */ = {isa = PBXFileReference; fileEncoding = 4; lastKnownFileType = sourcecode.c.objc; path = ANTestableCollectionUpdateOperation.m; sourceTree = "<group>"; };
		D7A21E531DA8A2A500D6D803 /* ANTestableCollectionView.h */ = {isa = PBXFileReference; fileEncoding = 4; lastKnownFileType = sourcecode.c.h; path = ANTestableCollectionView.h; sourceTree = "<group>"; };
		D7A21E541DA8A2A500D6D803 /* ANTestableCollectionView.m */ = {isa = PBXFileReference; fileEncoding = 4; lastKnownFileType = sourcecode.c.objc; path = ANTestableCollectionView.m; sourceTree = "<group>"; };
		D7A21E551DA8A2A500D6D803 /* ANTestableListControllerReloadOperationDelegate.h */ = {isa = PBXFileReference; fileEncoding = 4; lastKnownFileType = sourcecode.c.h; path = ANTestableListControllerReloadOperationDelegate.h; sourceTree = "<group>"; };
		D7A21E561DA8A2A500D6D803 /* ANTestableListControllerReloadOperationDelegate.m */ = {isa = PBXFileReference; fileEncoding = 4; lastKnownFileType = sourcecode.c.objc; path = ANTestableListControllerReloadOperationDelegate.m; sourceTree = "<group>"; };
		D7A21E571DA8A2A500D6D803 /* ANTestableListControllerUpdateOperationDelegate.h */ = {isa = PBXFileReference; fileEncoding = 4; lastKnownFileType = sourcecode.c.h; path = ANTestableListControllerUpdateOperationDelegate.h; sourceTree = "<group>"; };
		D7A21E581DA8A2A500D6D803 /* ANTestableListControllerUpdateOperationDelegate.m */ = {isa = PBXFileReference; fileEncoding = 4; lastKnownFileType = sourcecode.c.objc; path = ANTestableListControllerUpdateOperationDelegate.m; sourceTree = "<group>"; };
		D7A21E591DA8A2A500D6D803 /* ANTestableListView.h */ = {isa = PBXFileReference; fileEncoding = 4; lastKnownFileType = sourcecode.c.h; path = ANTestableListView.h; sourceTree = "<group>"; };
		D7A21E5A1DA8A2A500D6D803 /* ANTestableListView.m */ = {isa = PBXFileReference; fileEncoding = 4; lastKnownFileType = sourcecode.c.objc; path = ANTestableListView.m; sourceTree = "<group>"; };
		D7A21E5B1DA8A2A500D6D803 /* ANTestableRange.h */ = {isa = PBXFileReference; fileEncoding = 4; lastKnownFileType = sourcecode.c.h; path = ANTestableRange.h; sourceTree = "<group>"; };
		D7A21E5C1DA8A2A500D6D803 /* ANTestableRange.m */ = {isa = PBXFileReference; fileEncoding = 4; lastKnownFileType = sourcecode.c.objc; path = ANTestableRange.m; sourceTree = "<group>"; };
		D7A21E5D1DA8A2A500D6D803 /* ANTestableStorageUpateOperation.h */ = {isa = PBXFileReference; fileEncoding = 4; lastKnownFileType = sourcecode.c.h; path = ANTestableStorageUpateOperation.h; sourceTree = "<group>"; };
		D7A21E5E1DA8A2A500D6D803 /* ANTestableStorageUpateOperation.m */ = {isa = PBXFileReference; fileEncoding = 4; lastKnownFileType = sourcecode.c.objc; path = ANTestableStorageUpateOperation.m; sourceTree = "<group>"; };
		D7A21E5F1DA8A2A500D6D803 /* ANTestableTableUpdateOperation.h */ = {isa = PBXFileReference; fileEncoding = 4; lastKnownFileType = sourcecode.c.h; path = ANTestableTableUpdateOperation.h; sourceTree = "<group>"; };
		D7A21E601DA8A2A500D6D803 /* ANTestableTableUpdateOperation.m */ = {isa = PBXFileReference; fileEncoding = 4; lastKnownFileType = sourcecode.c.objc; path = ANTestableTableUpdateOperation.m; sourceTree = "<group>"; };
		D7A21E611DA8A2A500D6D803 /* ANTestableTableView.h */ = {isa = PBXFileReference; fileEncoding = 4; lastKnownFileType = sourcecode.c.h; path = ANTestableTableView.h; sourceTree = "<group>"; };
		D7A21E621DA8A2A500D6D803 /* ANTestableTableView.m */ = {isa = PBXFileReference; fileEncoding = 4; lastKnownFileType = sourcecode.c.objc; path = ANTestableTableView.m; sourceTree = "<group>"; };
		D7A21E631DA8A2A500D6D803 /* ANTestableTextField.h */ = {isa = PBXFileReference; fileEncoding = 4; lastKnownFileType = sourcecode.c.h; path = ANTestableTextField.h; sourceTree = "<group>"; };
		D7A21E641DA8A2A500D6D803 /* ANTestableTextField.m */ = {isa = PBXFileReference; fileEncoding = 4; lastKnownFileType = sourcecode.c.objc; path = ANTestableTextField.m; sourceTree = "<group>"; };
		D7A21E651DA8A2A500D6D803 /* ANTestableTouch.h */ = {isa = PBXFileReference; fileEncoding = 4; lastKnownFileType = sourcecode.c.h; path = ANTestableTouch.h; sourceTree = "<group>"; };
		D7A21E661DA8A2A500D6D803 /* ANTestableTouch.m */ = {isa = PBXFileReference; fileEncoding = 4; lastKnownFileType = sourcecode.c.objc; path = ANTestableTouch.m; sourceTree = "<group>"; };
		D7A21E671DA8A2A500D6D803 /* ANTestKeyboardHandlerDelegate.h */ = {isa = PBXFileReference; fileEncoding = 4; lastKnownFileType = sourcecode.c.h; path = ANTestKeyboardHandlerDelegate.h; sourceTree = "<group>"; };
		D7A21E681DA8A2A500D6D803 /* ANTestKeyboardHandlerDelegate.m */ = {isa = PBXFileReference; fileEncoding = 4; lastKnownFileType = sourcecode.c.objc; path = ANTestKeyboardHandlerDelegate.m; sourceTree = "<group>"; };
		D7A21E691DA8A2A500D6D803 /* ANTestTableCell.h */ = {isa = PBXFileReference; fileEncoding = 4; lastKnownFileType = sourcecode.c.h; path = ANTestTableCell.h; sourceTree = "<group>"; };
		D7A21E6A1DA8A2A500D6D803 /* ANTestTableCell.m */ = {isa = PBXFileReference; fileEncoding = 4; lastKnownFileType = sourcecode.c.objc; path = ANTestTableCell.m; sourceTree = "<group>"; };
		D7A21E6B1DA8A2A500D6D803 /* ANTestViewModel.h */ = {isa = PBXFileReference; fileEncoding = 4; lastKnownFileType = sourcecode.c.h; path = ANTestViewModel.h; sourceTree = "<group>"; };
		D7A21E6C1DA8A2A500D6D803 /* ANTestViewModel.m */ = {isa = PBXFileReference; fileEncoding = 4; lastKnownFileType = sourcecode.c.objc; path = ANTestViewModel.m; sourceTree = "<group>"; };
		D7A21E9A1DA8A49C00D6D803 /* ANECustomFooterViewTest.m */ = {isa = PBXFileReference; fileEncoding = 4; lastKnownFileType = sourcecode.c.objc; path = ANECustomFooterViewTest.m; sourceTree = "<group>"; };
		D7A21E9C1DA8A4C400D6D803 /* ANECustomFooterViewModelTest.m */ = {isa = PBXFileReference; fileEncoding = 4; lastKnownFileType = sourcecode.c.objc; path = ANECustomFooterViewModelTest.m; sourceTree = "<group>"; };
		D7EC43CC1D512EE300128012 /* Alister-Example-Tests.xctest */ = {isa = PBXFileReference; explicitFileType = wrapper.cfbundle; includeInIndex = 0; path = "Alister-Example-Tests.xctest"; sourceTree = BUILT_PRODUCTS_DIR; };
		D7EC43D01D512EE300128012 /* Info.plist */ = {isa = PBXFileReference; lastKnownFileType = text.plist.xml; path = Info.plist; sourceTree = "<group>"; };
		E301602B7936D5180834423D /* Alister.podspec */ = {isa = PBXFileReference; includeInIndex = 1; lastKnownFileType = text; name = Alister.podspec; path = ../Alister.podspec; sourceTree = "<group>"; xcLanguageSpecificationIdentifier = xcode.lang.ruby; };
		F94C3A38CF0AB0BC1BBB034E /* Pods-Alister-Example-Tests.release.xcconfig */ = {isa = PBXFileReference; includeInIndex = 1; lastKnownFileType = text.xcconfig; name = "Pods-Alister-Example-Tests.release.xcconfig"; path = "Pods/Target Support Files/Pods-Alister-Example-Tests/Pods-Alister-Example-Tests.release.xcconfig"; sourceTree = "<group>"; };
/* End PBXFileReference section */

/* Begin PBXFrameworksBuildPhase section */
		6003F587195388D20070C39A /* Frameworks */ = {
			isa = PBXFrameworksBuildPhase;
			buildActionMask = 2147483647;
			files = (
				6003F590195388D20070C39A /* CoreGraphics.framework in Frameworks */,
				6003F592195388D20070C39A /* UIKit.framework in Frameworks */,
				6003F58E195388D20070C39A /* Foundation.framework in Frameworks */,
				458D05147925A10E0D7BA49B /* libPods-Alister-Example.a in Frameworks */,
			);
			runOnlyForDeploymentPostprocessing = 0;
		};
		D7A21E0F1DA89A7500D6D803 /* Frameworks */ = {
			isa = PBXFrameworksBuildPhase;
			buildActionMask = 2147483647;
			files = (
			);
			runOnlyForDeploymentPostprocessing = 0;
		};
		D7EC43C91D512EE300128012 /* Frameworks */ = {
			isa = PBXFrameworksBuildPhase;
			buildActionMask = 2147483647;
			files = (
				3575344DD3C6C07070509DB1 /* libPods-Alister-Example-Tests.a in Frameworks */,
			);
			runOnlyForDeploymentPostprocessing = 0;
		};
/* End PBXFrameworksBuildPhase section */

/* Begin PBXGroup section */
		180335621DB7AA0100332F5F /* ViewControllers */ = {
			isa = PBXGroup;
			children = (
				1803357B1DB8C63E00332F5F /* Reordering */,
				180335741DB7AE5A00332F5F /* BottomStickedFooter */,
				180335631DB7AA0100332F5F /* CustomSupplementary */,
				180335681DB7AA0100332F5F /* DefaultSupplementary */,
				1803356B1DB7AA0100332F5F /* Localizable.strings */,
				1803356C1DB7AA0100332F5F /* Main */,
			);
			path = ViewControllers;
			sourceTree = "<group>";
		};
		180335631DB7AA0100332F5F /* CustomSupplementary */ = {
			isa = PBXGroup;
			children = (
				180335641DB7AA0100332F5F /* ANECustomSupplementaryController.h */,
				180335651DB7AA0100332F5F /* ANECustomSupplementaryController.m */,
				180335661DB7AA0100332F5F /* ANECustomSupplementaryVC.h */,
				180335671DB7AA0100332F5F /* ANECustomSupplementaryVC.m */,
			);
			path = CustomSupplementary;
			sourceTree = "<group>";
		};
		180335681DB7AA0100332F5F /* DefaultSupplementary */ = {
			isa = PBXGroup;
			children = (
				180335691DB7AA0100332F5F /* ANEDefaultSupplementaryVC.h */,
				1803356A1DB7AA0100332F5F /* ANEDefaultSupplementaryVC.m */,
			);
			path = DefaultSupplementary;
			sourceTree = "<group>";
		};
		1803356C1DB7AA0100332F5F /* Main */ = {
			isa = PBXGroup;
			children = (
				1803356D1DB7AA0100332F5F /* ANEMainVC.h */,
				1803356E1DB7AA0100332F5F /* ANEMainVC.m */,
			);
			path = Main;
			sourceTree = "<group>";
		};
		180335741DB7AE5A00332F5F /* BottomStickedFooter */ = {
			isa = PBXGroup;
			children = (
				180335751DB7AE7B00332F5F /* ANEBottomStickedFooterVC.h */,
				180335761DB7AE7B00332F5F /* ANEBottomStickedFooterVC.m */,
				180335781DB7B1EA00332F5F /* ANEButtonFooterView.h */,
				180335791DB7B1EA00332F5F /* ANEButtonFooterView.m */,
			);
			path = BottomStickedFooter;
			sourceTree = "<group>";
		};
		1803357B1DB8C63E00332F5F /* Reordering */ = {
			isa = PBXGroup;
			children = (
				180335821DB8D9F800332F5F /* ANEReorderingController.h */,
				180335831DB8D9F800332F5F /* ANEReorderingController.m */,
				1803357C1DB8C65A00332F5F /* ANEReorderingVC.h */,
				1803357D1DB8C65A00332F5F /* ANEReorderingVC.m */,
			);
			path = Reordering;
			sourceTree = "<group>";
		};
		1803357F1DB8CB6200332F5F /* ControllersTests */ = {
			isa = PBXGroup;
			children = (
				1803359B1DB9204A00332F5F /* DefaultSupplementary */,
				180335961DB919FF00332F5F /* BottomStickedFooter */,
				180335911DB919A600332F5F /* Reordering */,
			);
			path = ControllersTests;
			sourceTree = "<group>";
		};
		1803358B1DB8EBBF00332F5F /* Library */ = {
			isa = PBXGroup;
			children = (
				1803358C1DB8EBBF00332F5F /* Headers */,
			);
			path = Library;
			sourceTree = "<group>";
		};
		1803358C1DB8EBBF00332F5F /* Headers */ = {
			isa = PBXGroup;
			children = (
				1803358D1DB8EBBF00332F5F /* ANEConstants.h */,
				1803358E1DB8EBBF00332F5F /* ANEGlobalHeader.h */,
			);
			path = Headers;
			sourceTree = "<group>";
		};
		180335911DB919A600332F5F /* Reordering */ = {
			isa = PBXGroup;
			children = (
				180335921DB919A600332F5F /* ANEReorderingControllerSpec.m */,
				180335931DB919A600332F5F /* ANEReorderingVCSpec.m */,
			);
			path = Reordering;
			sourceTree = "<group>";
		};
		180335961DB919FF00332F5F /* BottomStickedFooter */ = {
			isa = PBXGroup;
			children = (
				180335971DB91A1100332F5F /* ANBottomStickedFooterVCSpec.m */,
				180335991DB91A2600332F5F /* ANButtonFooterViewSpec.m */,
			);
			path = BottomStickedFooter;
			sourceTree = "<group>";
		};
		1803359B1DB9204A00332F5F /* DefaultSupplementary */ = {
			isa = PBXGroup;
			children = (
				1803359E1DB920B400332F5F /* ANEDefaultSupplementaryVCSpec.m */,
			);
			path = DefaultSupplementary;
			sourceTree = "<group>";
		};
		18B792D81DB78F2A00C5A46A /* DataGenerator */ = {
			isa = PBXGroup;
			children = (
				18B792D91DB78F3C00C5A46A /* ANEDataGenerator.h */,
				18B792DA1DB78F3C00C5A46A /* ANEDataGenerator.m */,
			);
			path = DataGenerator;
			sourceTree = "<group>";
		};
		6003F581195388D10070C39A = {
			isa = PBXGroup;
			children = (
				60FF7A9C1954A5C5007DD14C /* Podspec Metadata */,
				D7A21DE41DA895B500D6D803 /* Alister-Example */,
				D795BA061DA7253400668587 /* StyleSettings.plist */,
				D7EC43CD1D512EE300128012 /* Alister-Example-Tests */,
				D7A21E131DA89A7500D6D803 /* Alister-Example-UITests */,
				6003F58C195388D20070C39A /* Frameworks */,
				6003F58B195388D20070C39A /* Products */,
				FABC739016B08881E2AEF090 /* Pods */,
			);
			sourceTree = "<group>";
		};
		6003F58B195388D20070C39A /* Products */ = {
			isa = PBXGroup;
			children = (
				6003F58A195388D20070C39A /* Alister-Example_Example.app */,
				D7EC43CC1D512EE300128012 /* Alister-Example-Tests.xctest */,
				D7A21E121DA89A7500D6D803 /* Alister-Example-UITests.xctest */,
			);
			name = Products;
			sourceTree = "<group>";
		};
		6003F58C195388D20070C39A /* Frameworks */ = {
			isa = PBXGroup;
			children = (
				6003F58D195388D20070C39A /* Foundation.framework */,
				6003F58F195388D20070C39A /* CoreGraphics.framework */,
				6003F591195388D20070C39A /* UIKit.framework */,
				6003F5AF195388D20070C39A /* XCTest.framework */,
				714527334026D6C1A2430887 /* libPods-Alister-Example.a */,
				AC990585C63BBA3EFB2F905E /* libPods-Alister-Example-Tests.a */,
			);
			name = Frameworks;
			sourceTree = "<group>";
		};
		60FF7A9C1954A5C5007DD14C /* Podspec Metadata */ = {
			isa = PBXGroup;
			children = (
				E301602B7936D5180834423D /* Alister.podspec */,
				12C7B2C3A579D51E17C98434 /* README.md */,
				A8D594C6A1CAF9F8A83D2691 /* LICENSE */,
			);
			name = "Podspec Metadata";
			sourceTree = "<group>";
		};
		D73FD52F1DA91C2100AB5B7D /* ANStorage */ = {
			isa = PBXGroup;
			children = (
				D74129831DB17FE500D7BB72 /* ANStorageSupplementaryManagerSpec.m */,
				D74129851DB1A18100D7BB72 /* ANStorageSupplementaryManager_UpdateVerification_Spec.m */,
				D74129811DB15D5300D7BB72 /* ANStorageLoaderSpec.m */,
				D7549A571DAC2C4200956D8D /* ANStorageController_Supplemetaries_Spec.m */,
				D73FD5301DA91C2100AB5B7D /* ANStorageController_CRUD_Spec.m */,
				D7549A671DADAA2000956D8D /* ANStorageRemoverSpec.m */,
				D7549A691DADAA5300956D8D /* ANStorageRemover_UpdateVerification_Spec.m */,
				D7549A591DAC358100956D8D /* ANStorageUpdater_Spec.m */,
				D7549A651DAD3E3B00956D8D /* ANStorageUpdater_UpdateVerification_Spec.m */,
				D73FD5341DA91C2100AB5B7D /* Models */,
				D73FD5391DA91C2100AB5B7D /* Operations */,
				D73FD53A1DA91C2100AB5B7D /* Private */,
				D73FD53B1DA91C2100AB5B7D /* Storage */,
			);
			path = ANStorage;
			sourceTree = "<group>";
		};
		D73FD5341DA91C2100AB5B7D /* Models */ = {
			isa = PBXGroup;
			children = (
				D74129891DB5926F00D7BB72 /* ANStorageMovedIndexPathModelSpec.m */,
				D73FD5351DA91C2100AB5B7D /* ANStorageModelSpec.m */,
				D73FD5371DA91C2100AB5B7D /* ANStorageSectionModelSpec.m */,
				D73FD5381DA91C2100AB5B7D /* ANStorageUpdateModelSpec.m */,
				D7549A511DAAA36700956D8D /* ANStorageUpdateModel+Test.h */,
				D7549A521DAAA36700956D8D /* ANStorageUpdateModel+Test.m */,
			);
			path = Models;
			sourceTree = "<group>";
		};
		D73FD5391DA91C2100AB5B7D /* Operations */ = {
			isa = PBXGroup;
			children = (
				D741298D1DB5AA4700D7BB72 /* ANStorageOperationFakeDelegate.h */,
				D741298E1DB5AA4700D7BB72 /* ANStorageOperationFakeDelegate.m */,
				D741298B1DB5939800D7BB72 /* ANStorageUpdateOperationSpec.m */,
			);
			path = Operations;
			sourceTree = "<group>";
		};
		D73FD53A1DA91C2100AB5B7D /* Private */ = {
			isa = PBXGroup;
			children = (
			);
			path = Private;
			sourceTree = "<group>";
		};
		D73FD53B1DA91C2100AB5B7D /* Storage */ = {
			isa = PBXGroup;
			children = (
				D74129901DB66FF300D7BB72 /* ANStorageSpec.m */,
			);
			path = Storage;
			sourceTree = "<group>";
		};
		D7A21DE41DA895B500D6D803 /* Alister-Example */ = {
			isa = PBXGroup;
			children = (
				1803358B1DB8EBBF00332F5F /* Library */,
				180335621DB7AA0100332F5F /* ViewControllers */,
				D7A21DE51DA895B500D6D803 /* AppDelegate */,
				D7A21DE81DA895B500D6D803 /* BundleFiles */,
				D7A21DEF1DA895B500D6D803 /* Cells */,
				18B792D81DB78F2A00C5A46A /* DataGenerator */,
			);
			path = "Alister-Example";
			sourceTree = "<group>";
		};
		D7A21DE51DA895B500D6D803 /* AppDelegate */ = {
			isa = PBXGroup;
			children = (
				D7A21DE61DA895B500D6D803 /* ANAppDelegate.h */,
				D7A21DE71DA895B500D6D803 /* ANAppDelegate.m */,
			);
			path = AppDelegate;
			sourceTree = "<group>";
		};
		D7A21DE81DA895B500D6D803 /* BundleFiles */ = {
			isa = PBXGroup;
			children = (
				D7A21DE91DA895B500D6D803 /* Alister-Example-Info.plist */,
				D7A21DEA1DA895B500D6D803 /* Alister-Example-Prefix.pch */,
				D7A21DEB1DA895B500D6D803 /* Assets.xcassets */,
				D7A21DEC1DA895B500D6D803 /* InfoPlist.strings */,
				D7A21DEE1DA895B500D6D803 /* main.m */,
			);
			path = BundleFiles;
			sourceTree = "<group>";
		};
		D7A21DEF1DA895B500D6D803 /* Cells */ = {
			isa = PBXGroup;
			children = (
				D7A21DF01DA895B500D6D803 /* ANECustomFooterView.h */,
				D7A21DF11DA895B500D6D803 /* ANECustomFooterView.m */,
				D7A21DF21DA895B500D6D803 /* ANECustomFooterViewModel.h */,
				D7A21DF31DA895B500D6D803 /* ANECustomFooterViewModel.m */,
				D7A21DF41DA895B500D6D803 /* ANECustomHeaderView.h */,
				D7A21DF51DA895B500D6D803 /* ANECustomHeaderView.m */,
				D7A21DF61DA895B500D6D803 /* ANECustomHeaderViewModel.h */,
				D7A21DF71DA895B500D6D803 /* ANECustomHeaderViewModel.m */,
				D7A21DF81DA895B500D6D803 /* ANELabelTableViewCell.h */,
				D7A21DF91DA895B500D6D803 /* ANELabelTableViewCell.m */,
			);
			path = Cells;
			sourceTree = "<group>";
		};
		D7A21E131DA89A7500D6D803 /* Alister-Example-UITests */ = {
			isa = PBXGroup;
			children = (
				D7A21E1C1DA89AD300D6D803 /* Alister_Example_ExampleUITests.m */,
				D7A21E1D1DA89AD300D6D803 /* Helpers */,
				D7A21E161DA89A7500D6D803 /* Info.plist */,
			);
			path = "Alister-Example-UITests";
			sourceTree = "<group>";
		};
		D7A21E1D1DA89AD300D6D803 /* Helpers */ = {
			isa = PBXGroup;
			children = (
				D7A21E1E1DA89AD300D6D803 /* SnapshotHelper.h */,
				D7A21E1F1DA89AD300D6D803 /* SnapshotHelper.m */,
				D7A21E201DA89AD300D6D803 /* XCTestCase+Springboard.h */,
				D7A21E211DA89AD300D6D803 /* XCTestCase+Springboard.m */,
			);
			path = Helpers;
			sourceTree = "<group>";
		};
		D7A21E251DA8A2A500D6D803 /* Alister */ = {
			isa = PBXGroup;
			children = (
				D7A21E351DA8A2A500D6D803 /* ANPrototypingUIKit */,
				D73FD52F1DA91C2100AB5B7D /* ANStorage */,
				D7A21E261DA8A2A500D6D803 /* ANCollectionUpdateOperationTests */,
				D7A21E281DA8A2A500D6D803 /* ANKeyboardHandler */,
				D7A21E2A1DA8A2A500D6D803 /* ANListController */,
				D7A21E311DA8A2A500D6D803 /* ANListControllerReloadOperationTests */,
				D7A21E331DA8A2A500D6D803 /* ANListControllerSearchManagerTests */,
				D7A21E4A1DA8A2A500D6D803 /* ANTableControllerUpdateOperationTests */,
			);
			path = Alister;
			sourceTree = "<group>";
		};
		D7A21E261DA8A2A500D6D803 /* ANCollectionUpdateOperationTests */ = {
			isa = PBXGroup;
			children = (
				D7A21E271DA8A2A500D6D803 /* ANCollectionUpdateOperationTests.m */,
			);
			path = ANCollectionUpdateOperationTests;
			sourceTree = "<group>";
		};
		D7A21E281DA8A2A500D6D803 /* ANKeyboardHandler */ = {
			isa = PBXGroup;
			children = (
				D7A21E291DA8A2A500D6D803 /* ANKeyboardHandlerTest.m */,
			);
			path = ANKeyboardHandler;
			sourceTree = "<group>";
		};
		D7A21E2A1DA8A2A500D6D803 /* ANListController */ = {
			isa = PBXGroup;
			children = (
				D7A21E2B1DA8A2A500D6D803 /* ANCollectionControllerConfigurationModelTest.m */,
				D7A21E2C1DA8A2A500D6D803 /* ANCollectionControllerTest.m */,
				D7A21E2D1DA8A2A500D6D803 /* ANListControllerConfigurationModelTest.m */,
				D7A21E2E1DA8A2A500D6D803 /* ANListControllerMappingModelTest.m */,
				D7A21E2F1DA8A2A500D6D803 /* ANTableControllerReusableTest.m */,
				D7A21E301DA8A2A500D6D803 /* ANTableControllerTest.m */,
			);
			path = ANListController;
			sourceTree = "<group>";
		};
		D7A21E311DA8A2A500D6D803 /* ANListControllerReloadOperationTests */ = {
			isa = PBXGroup;
			children = (
				D7A21E321DA8A2A500D6D803 /* ANListControllerReloadOperationTests.m */,
			);
			path = ANListControllerReloadOperationTests;
			sourceTree = "<group>";
		};
		D7A21E331DA8A2A500D6D803 /* ANListControllerSearchManagerTests */ = {
			isa = PBXGroup;
			children = (
				D7A21E341DA8A2A500D6D803 /* ANListControllerSearchManagerTest.m */,
			);
			path = ANListControllerSearchManagerTests;
			sourceTree = "<group>";
		};
		D7A21E351DA8A2A500D6D803 /* ANPrototypingUIKit */ = {
			isa = PBXGroup;
			children = (
				D7A21E361DA8A2A500D6D803 /* ANBaseTableFooterViewSpec.m */,
				D7A21E371DA8A2A500D6D803 /* ANBaseTableViewHeaderFooterViewSpec.m */,
				D7A21E381DA8A2A500D6D803 /* ANCollectionReusableViewSpec.m */,
				D7A21E391DA8A2A500D6D803 /* ANCollectionViewCellSpec.m */,
				D7A21E3B1DA8A2A500D6D803 /* ANTableContainerViewSpec.m */,
				D7A21E3C1DA8A2A500D6D803 /* ANTableViewSpec.m */,
				D7A21E3D1DA8A2A500D6D803 /* ANTestTableHeaderFooter.h */,
				D7A21E3E1DA8A2A500D6D803 /* ANTestTableHeaderFooter.m */,
			);
			path = ANPrototypingUIKit;
			sourceTree = "<group>";
		};
		D7A21E4A1DA8A2A500D6D803 /* ANTableControllerUpdateOperationTests */ = {
			isa = PBXGroup;
			children = (
				D7A21E4B1DA8A2A500D6D803 /* ANTableControllerUpdateOperationTests.m */,
			);
			path = ANTableControllerUpdateOperationTests;
			sourceTree = "<group>";
		};
		D7A21E4C1DA8A2A500D6D803 /* ExampleTests */ = {
			isa = PBXGroup;
			children = (
				1803357F1DB8CB6200332F5F /* ControllersTests */,
				D7A21E4D1DA8A2A500D6D803 /* ANECustomHeaderViewModelTest.m */,
				D7A21E4E1DA8A2A500D6D803 /* ANECustomHeaderViewTest.m */,
				D7A21E4F1DA8A2A500D6D803 /* ANELabelTableViewCellTest.m */,
				D7A21E9A1DA8A49C00D6D803 /* ANECustomFooterViewTest.m */,
				D7A21E9C1DA8A4C400D6D803 /* ANECustomFooterViewModelTest.m */,
			);
			path = ExampleTests;
			sourceTree = "<group>";
		};
		D7A21E501DA8A2A500D6D803 /* HelperClasses */ = {
			isa = PBXGroup;
			children = (
				D7A21E511DA8A2A500D6D803 /* ANTestableCollectionUpdateOperation.h */,
				D7A21E521DA8A2A500D6D803 /* ANTestableCollectionUpdateOperation.m */,
				D7A21E531DA8A2A500D6D803 /* ANTestableCollectionView.h */,
				D7A21E541DA8A2A500D6D803 /* ANTestableCollectionView.m */,
				D7A21E551DA8A2A500D6D803 /* ANTestableListControllerReloadOperationDelegate.h */,
				D7A21E561DA8A2A500D6D803 /* ANTestableListControllerReloadOperationDelegate.m */,
				D7A21E571DA8A2A500D6D803 /* ANTestableListControllerUpdateOperationDelegate.h */,
				D7A21E581DA8A2A500D6D803 /* ANTestableListControllerUpdateOperationDelegate.m */,
				D7A21E591DA8A2A500D6D803 /* ANTestableListView.h */,
				D7A21E5A1DA8A2A500D6D803 /* ANTestableListView.m */,
				D7A21E5B1DA8A2A500D6D803 /* ANTestableRange.h */,
				D7A21E5C1DA8A2A500D6D803 /* ANTestableRange.m */,
				D7A21E5D1DA8A2A500D6D803 /* ANTestableStorageUpateOperation.h */,
				D7A21E5E1DA8A2A500D6D803 /* ANTestableStorageUpateOperation.m */,
				D7A21E5F1DA8A2A500D6D803 /* ANTestableTableUpdateOperation.h */,
				D7A21E601DA8A2A500D6D803 /* ANTestableTableUpdateOperation.m */,
				D7A21E611DA8A2A500D6D803 /* ANTestableTableView.h */,
				D7A21E621DA8A2A500D6D803 /* ANTestableTableView.m */,
				D7A21E631DA8A2A500D6D803 /* ANTestableTextField.h */,
				D7A21E641DA8A2A500D6D803 /* ANTestableTextField.m */,
				D7A21E651DA8A2A500D6D803 /* ANTestableTouch.h */,
				D7A21E661DA8A2A500D6D803 /* ANTestableTouch.m */,
				D7A21E671DA8A2A500D6D803 /* ANTestKeyboardHandlerDelegate.h */,
				D7A21E681DA8A2A500D6D803 /* ANTestKeyboardHandlerDelegate.m */,
				D7A21E691DA8A2A500D6D803 /* ANTestTableCell.h */,
				D7A21E6A1DA8A2A500D6D803 /* ANTestTableCell.m */,
				D7A21E6B1DA8A2A500D6D803 /* ANTestViewModel.h */,
				D7A21E6C1DA8A2A500D6D803 /* ANTestViewModel.m */,
			);
			path = HelperClasses;
			sourceTree = "<group>";
		};
		D7EC43CD1D512EE300128012 /* Alister-Example-Tests */ = {
			isa = PBXGroup;
			children = (
				D7A21E251DA8A2A500D6D803 /* Alister */,
				D7A21E4C1DA8A2A500D6D803 /* ExampleTests */,
				D7A21E501DA8A2A500D6D803 /* HelperClasses */,
				07CE62481D5169B300D1A43C /* Tests-Prefix.pch */,
				D7EC43D01D512EE300128012 /* Info.plist */,
			);
			path = "Alister-Example-Tests";
			sourceTree = "<group>";
		};
		FABC739016B08881E2AEF090 /* Pods */ = {
			isa = PBXGroup;
			children = (
				CB2099F6E4049388FFBA7187 /* Pods-Alister-Example.debug.xcconfig */,
				5A48C1C6D522CC417AF71E09 /* Pods-Alister-Example.release.xcconfig */,
				019F2C73D93E6032B674EAE3 /* Pods-Alister-Example-Tests.debug.xcconfig */,
				F94C3A38CF0AB0BC1BBB034E /* Pods-Alister-Example-Tests.release.xcconfig */,
			);
			name = Pods;
			sourceTree = "<group>";
		};
/* End PBXGroup section */

/* Begin PBXNativeTarget section */
		6003F589195388D20070C39A /* Alister-Example */ = {
			isa = PBXNativeTarget;
			buildConfigurationList = 6003F5BF195388D20070C39A /* Build configuration list for PBXNativeTarget "Alister-Example" */;
			buildPhases = (
				8DEFFEDDAE67F3651325332D /* [CP] Check Pods Manifest.lock */,
				59A0B9A8A89BB973779AF899 /* [CP] Check Pods Manifest.lock */,
				6003F586195388D20070C39A /* Sources */,
				6003F587195388D20070C39A /* Frameworks */,
				6003F588195388D20070C39A /* Resources */,
				6D237E929AC908222EA8BC93 /* [CP] Embed Pods Frameworks */,
				7026C6C66CCE5A847CEDB1A9 /* [CP] Copy Pods Resources */,
				D08A4EF17770C1C105F37053 /* üì¶ Embed Pods Frameworks */,
				10AA9226888A63821B7F7B0E /* üì¶ Copy Pods Resources */,
				OBJCLEANCUSTOMRUNSCRIPTT /* Objective-Clean Run Script */,
			);
			buildRules = (
			);
			dependencies = (
			);
			name = "Alister-Example";
			productName = Alister;
			productReference = 6003F58A195388D20070C39A /* Alister-Example_Example.app */;
			productType = "com.apple.product-type.application";
		};
		D7A21E111DA89A7500D6D803 /* Alister-Example-UITests */ = {
			isa = PBXNativeTarget;
			buildConfigurationList = D7A21E1B1DA89A7500D6D803 /* Build configuration list for PBXNativeTarget "Alister-Example-UITests" */;
			buildPhases = (
				D7A21E0E1DA89A7500D6D803 /* Sources */,
				D7A21E0F1DA89A7500D6D803 /* Frameworks */,
				D7A21E101DA89A7500D6D803 /* Resources */,
			);
			buildRules = (
			);
			dependencies = (
				D7A21E181DA89A7500D6D803 /* PBXTargetDependency */,
			);
			name = "Alister-Example-UITests";
			productName = "Alister-Example-UITests";
			productReference = D7A21E121DA89A7500D6D803 /* Alister-Example-UITests.xctest */;
			productType = "com.apple.product-type.bundle.ui-testing";
		};
		D7EC43CB1D512EE300128012 /* Alister-Example-Tests */ = {
			isa = PBXNativeTarget;
			buildConfigurationList = D7EC43D31D512EE300128012 /* Build configuration list for PBXNativeTarget "Alister-Example-Tests" */;
			buildPhases = (
				57D5A486518A6A5E7C136536 /* [CP] Check Pods Manifest.lock */,
				F021BB144B54D21DD699B183 /* [CP] Check Pods Manifest.lock */,
				D7EC43C81D512EE300128012 /* Sources */,
				D7EC43C91D512EE300128012 /* Frameworks */,
				D7EC43CA1D512EE300128012 /* Resources */,
				71C0A3D1AB9BD8D5A6B7F42F /* [CP] Embed Pods Frameworks */,
				C4FA3412C402A21750F737FF /* [CP] Copy Pods Resources */,
				305A6DD883E3CEEFE78A4585 /* üì¶ Embed Pods Frameworks */,
				D56DD72273A720591DF36757 /* üì¶ Copy Pods Resources */,
			);
			buildRules = (
			);
			dependencies = (
				D7EC43D21D512EE300128012 /* PBXTargetDependency */,
			);
			name = "Alister-Example-Tests";
			productName = "Alister-Example-Tests";
			productReference = D7EC43CC1D512EE300128012 /* Alister-Example-Tests.xctest */;
			productType = "com.apple.product-type.bundle.unit-test";
		};
/* End PBXNativeTarget section */

/* Begin PBXProject section */
		6003F582195388D10070C39A /* Project object */ = {
			isa = PBXProject;
			attributes = {
				CLASSPREFIX = AN;
				LastUpgradeCheck = 0800;
				ORGANIZATIONNAME = "Oksana Kovalchuk";
				TargetAttributes = {
					6003F589195388D20070C39A = {
						DevelopmentTeam = 7VYW9J77NX;
						ProvisioningStyle = Automatic;
					};
					D7A21E111DA89A7500D6D803 = {
						CreatedOnToolsVersion = 8.0;
						ProvisioningStyle = Automatic;
						TestTargetID = 6003F589195388D20070C39A;
					};
					D7EC43CB1D512EE300128012 = {
						CreatedOnToolsVersion = 7.2.1;
						DevelopmentTeam = 7VYW9J77NX;
						ProvisioningStyle = Manual;
						TestTargetID = 6003F589195388D20070C39A;
					};
				};
			};
			buildConfigurationList = 6003F585195388D10070C39A /* Build configuration list for PBXProject "Alister-Example" */;
			compatibilityVersion = "Xcode 3.2";
			developmentRegion = English;
			hasScannedForEncodings = 0;
			knownRegions = (
				en,
				Base,
			);
			mainGroup = 6003F581195388D10070C39A;
			productRefGroup = 6003F58B195388D20070C39A /* Products */;
			projectDirPath = "";
			projectRoot = "";
			targets = (
				6003F589195388D20070C39A /* Alister-Example */,
				D7EC43CB1D512EE300128012 /* Alister-Example-Tests */,
				D7A21E111DA89A7500D6D803 /* Alister-Example-UITests */,
			);
		};
/* End PBXProject section */

/* Begin PBXResourcesBuildPhase section */
		6003F588195388D20070C39A /* Resources */ = {
			isa = PBXResourcesBuildPhase;
			buildActionMask = 2147483647;
			files = (
				D7A21E041DA895B500D6D803 /* InfoPlist.strings in Resources */,
				180335721DB7AA0100332F5F /* Localizable.strings in Resources */,
				D795BA071DA7253400668587 /* StyleSettings.plist in Resources */,
				D7A21E031DA895B500D6D803 /* Assets.xcassets in Resources */,
			);
			runOnlyForDeploymentPostprocessing = 0;
		};
		D7A21E101DA89A7500D6D803 /* Resources */ = {
			isa = PBXResourcesBuildPhase;
			buildActionMask = 2147483647;
			files = (
			);
			runOnlyForDeploymentPostprocessing = 0;
		};
		D7EC43CA1D512EE300128012 /* Resources */ = {
			isa = PBXResourcesBuildPhase;
			buildActionMask = 2147483647;
			files = (
			);
			runOnlyForDeploymentPostprocessing = 0;
		};
/* End PBXResourcesBuildPhase section */

/* Begin PBXShellScriptBuildPhase section */
		10AA9226888A63821B7F7B0E /* üì¶ Copy Pods Resources */ = {
			isa = PBXShellScriptBuildPhase;
			buildActionMask = 2147483647;
			files = (
			);
			inputPaths = (
			);
			name = "üì¶ Copy Pods Resources";
			outputPaths = (
			);
			runOnlyForDeploymentPostprocessing = 0;
			shellPath = /bin/sh;
			shellScript = "\"${SRCROOT}/Pods/Target Support Files/Pods-Alister-Example/Pods-Alister-Example-resources.sh\"\n";
			showEnvVarsInLog = 0;
		};
		305A6DD883E3CEEFE78A4585 /* üì¶ Embed Pods Frameworks */ = {
			isa = PBXShellScriptBuildPhase;
			buildActionMask = 2147483647;
			files = (
			);
			inputPaths = (
			);
			name = "üì¶ Embed Pods Frameworks";
			outputPaths = (
			);
			runOnlyForDeploymentPostprocessing = 0;
			shellPath = /bin/sh;
			shellScript = "\"${SRCROOT}/Pods/Target Support Files/Pods-Alister-Example-Tests/Pods-Alister-Example-Tests-frameworks.sh\"\n";
			showEnvVarsInLog = 0;
		};
		57D5A486518A6A5E7C136536 /* [CP] Check Pods Manifest.lock */ = {
			isa = PBXShellScriptBuildPhase;
			buildActionMask = 2147483647;
			files = (
			);
			inputPaths = (
			);
			name = "[CP] Check Pods Manifest.lock";
			outputPaths = (
			);
			runOnlyForDeploymentPostprocessing = 0;
			shellPath = /bin/sh;
			shellScript = "diff \"${PODS_ROOT}/../Podfile.lock\" \"${PODS_ROOT}/Manifest.lock\" > /dev/null\nif [[ $? != 0 ]] ; then\n    cat << EOM\nerror: The sandbox is not in sync with the Podfile.lock. Run 'pod install' or update your CocoaPods installation.\nEOM\n    exit 1\nfi\n";
			showEnvVarsInLog = 0;
		};
		59A0B9A8A89BB973779AF899 /* [CP] Check Pods Manifest.lock */ = {
			isa = PBXShellScriptBuildPhase;
			buildActionMask = 2147483647;
			files = (
			);
			inputPaths = (
			);
			name = "[CP] Check Pods Manifest.lock";
			outputPaths = (
			);
			runOnlyForDeploymentPostprocessing = 0;
			shellPath = /bin/sh;
			shellScript = "diff \"${PODS_ROOT}/../Podfile.lock\" \"${PODS_ROOT}/Manifest.lock\" > /dev/null\nif [[ $? != 0 ]] ; then\n    cat << EOM\nerror: The sandbox is not in sync with the Podfile.lock. Run 'pod install' or update your CocoaPods installation.\nEOM\n    exit 1\nfi\n";
			showEnvVarsInLog = 0;
		};
		6D237E929AC908222EA8BC93 /* [CP] Embed Pods Frameworks */ = {
			isa = PBXShellScriptBuildPhase;
			buildActionMask = 2147483647;
			files = (
			);
			inputPaths = (
			);
			name = "[CP] Embed Pods Frameworks";
			outputPaths = (
			);
			runOnlyForDeploymentPostprocessing = 0;
			shellPath = /bin/sh;
			shellScript = "\"${SRCROOT}/Pods/Target Support Files/Pods-Alister-Example/Pods-Alister-Example-frameworks.sh\"\n";
			showEnvVarsInLog = 0;
		};
		7026C6C66CCE5A847CEDB1A9 /* [CP] Copy Pods Resources */ = {
			isa = PBXShellScriptBuildPhase;
			buildActionMask = 2147483647;
			files = (
			);
			inputPaths = (
			);
			name = "[CP] Copy Pods Resources";
			outputPaths = (
			);
			runOnlyForDeploymentPostprocessing = 0;
			shellPath = /bin/sh;
			shellScript = "\"${SRCROOT}/Pods/Target Support Files/Pods-Alister-Example/Pods-Alister-Example-resources.sh\"\n";
			showEnvVarsInLog = 0;
		};
		71C0A3D1AB9BD8D5A6B7F42F /* [CP] Embed Pods Frameworks */ = {
			isa = PBXShellScriptBuildPhase;
			buildActionMask = 2147483647;
			files = (
			);
			inputPaths = (
			);
			name = "[CP] Embed Pods Frameworks";
			outputPaths = (
			);
			runOnlyForDeploymentPostprocessing = 0;
			shellPath = /bin/sh;
			shellScript = "\"${SRCROOT}/Pods/Target Support Files/Pods-Alister-Example-Tests/Pods-Alister-Example-Tests-frameworks.sh\"\n";
			showEnvVarsInLog = 0;
		};
		8DEFFEDDAE67F3651325332D /* [CP] Check Pods Manifest.lock */ = {
			isa = PBXShellScriptBuildPhase;
			buildActionMask = 2147483647;
			files = (
			);
			inputPaths = (
			);
			name = "[CP] Check Pods Manifest.lock";
			outputPaths = (
			);
			runOnlyForDeploymentPostprocessing = 0;
			shellPath = /bin/sh;
			shellScript = "diff \"${PODS_ROOT}/../Podfile.lock\" \"${PODS_ROOT}/Manifest.lock\" > /dev/null\nif [[ $? != 0 ]] ; then\n    cat << EOM\nerror: The sandbox is not in sync with the Podfile.lock. Run 'pod install' or update your CocoaPods installation.\nEOM\n    exit 1\nfi\n";
			showEnvVarsInLog = 0;
		};
		C4FA3412C402A21750F737FF /* [CP] Copy Pods Resources */ = {
			isa = PBXShellScriptBuildPhase;
			buildActionMask = 2147483647;
			files = (
			);
			inputPaths = (
			);
			name = "[CP] Copy Pods Resources";
			outputPaths = (
			);
			runOnlyForDeploymentPostprocessing = 0;
			shellPath = /bin/sh;
			shellScript = "\"${SRCROOT}/Pods/Target Support Files/Pods-Alister-Example-Tests/Pods-Alister-Example-Tests-resources.sh\"\n";
			showEnvVarsInLog = 0;
		};
		D08A4EF17770C1C105F37053 /* üì¶ Embed Pods Frameworks */ = {
			isa = PBXShellScriptBuildPhase;
			buildActionMask = 2147483647;
			files = (
			);
			inputPaths = (
			);
			name = "üì¶ Embed Pods Frameworks";
			outputPaths = (
			);
			runOnlyForDeploymentPostprocessing = 0;
			shellPath = /bin/sh;
			shellScript = "\"${SRCROOT}/Pods/Target Support Files/Pods-Alister-Example/Pods-Alister-Example-frameworks.sh\"\n";
			showEnvVarsInLog = 0;
		};
		D56DD72273A720591DF36757 /* üì¶ Copy Pods Resources */ = {
			isa = PBXShellScriptBuildPhase;
			buildActionMask = 2147483647;
			files = (
			);
			inputPaths = (
			);
			name = "üì¶ Copy Pods Resources";
			outputPaths = (
			);
			runOnlyForDeploymentPostprocessing = 0;
			shellPath = /bin/sh;
			shellScript = "\"${SRCROOT}/Pods/Target Support Files/Pods-Alister-Example-Tests/Pods-Alister-Example-Tests-resources.sh\"\n";
			showEnvVarsInLog = 0;
		};
		F021BB144B54D21DD699B183 /* [CP] Check Pods Manifest.lock */ = {
			isa = PBXShellScriptBuildPhase;
			buildActionMask = 2147483647;
			files = (
			);
			inputPaths = (
			);
			name = "[CP] Check Pods Manifest.lock";
			outputPaths = (
			);
			runOnlyForDeploymentPostprocessing = 0;
			shellPath = /bin/sh;
			shellScript = "diff \"${PODS_ROOT}/../Podfile.lock\" \"${PODS_ROOT}/Manifest.lock\" > /dev/null\nif [[ $? != 0 ]] ; then\n    cat << EOM\nerror: The sandbox is not in sync with the Podfile.lock. Run 'pod install' or update your CocoaPods installation.\nEOM\n    exit 1\nfi\n";
			showEnvVarsInLog = 0;
		};
		OBJCLEANCUSTOMRUNSCRIPTT /* Objective-Clean Run Script */ = {
			isa = PBXShellScriptBuildPhase;
			buildActionMask = 2147483647;
			files = (
			);
			inputPaths = (
			);
			name = "Objective-Clean Run Script";
			outputPaths = (
			);
			runOnlyForDeploymentPostprocessing = 0;
			shellPath = /bin/bash;
			shellScript = "if [[ -z ${SKIP_OBJCLEAN} || ${SKIP_OBJCLEAN} != 1 ]]; then\nif [[ -d \"${LOCAL_APPS_DIR}/Objective-Clean.app\" ]]; then\n\"${LOCAL_APPS_DIR}\"/Objective-Clean.app/Contents/Resources/ObjClean.app/Contents/MacOS/ObjClean \"${SRCROOT}\"?-NS,-UI,-XC\nelse\necho \"warning: You have to install and set up Objective-Clean to use its features!\"\nfi\nfi";
		};
/* End PBXShellScriptBuildPhase section */

/* Begin PBXSourcesBuildPhase section */
		6003F586195388D20070C39A /* Sources */ = {
			isa = PBXSourcesBuildPhase;
			buildActionMask = 2147483647;
			files = (
				180335731DB7AA0100332F5F /* ANEMainVC.m in Sources */,
				D7A21E0A1DA895B500D6D803 /* ANELabelTableViewCell.m in Sources */,
				D7A21E061DA895B500D6D803 /* ANECustomFooterView.m in Sources */,
				D7A21E091DA895B500D6D803 /* ANECustomHeaderViewModel.m in Sources */,
				1803357A1DB7B1EA00332F5F /* ANEButtonFooterView.m in Sources */,
				D7A21E051DA895B500D6D803 /* main.m in Sources */,
				18B792DB1DB78F3C00C5A46A /* ANEDataGenerator.m in Sources */,
				1803356F1DB7AA0100332F5F /* ANECustomSupplementaryController.m in Sources */,
				D7A21E081DA895B500D6D803 /* ANECustomHeaderView.m in Sources */,
				1803357E1DB8C65A00332F5F /* ANEReorderingVC.m in Sources */,
				D7A21E011DA895B500D6D803 /* ANAppDelegate.m in Sources */,
				180335701DB7AA0100332F5F /* ANECustomSupplementaryVC.m in Sources */,
				D7A21E071DA895B500D6D803 /* ANECustomFooterViewModel.m in Sources */,
				180335841DB8D9F800332F5F /* ANEReorderingController.m in Sources */,
				180335711DB7AA0100332F5F /* ANEDefaultSupplementaryVC.m in Sources */,
				180335771DB7AE7B00332F5F /* ANEBottomStickedFooterVC.m in Sources */,
			);
			runOnlyForDeploymentPostprocessing = 0;
		};
		D7A21E0E1DA89A7500D6D803 /* Sources */ = {
			isa = PBXSourcesBuildPhase;
			buildActionMask = 2147483647;
			files = (
				D7A21E241DA89AD300D6D803 /* XCTestCase+Springboard.m in Sources */,
				D7A21E221DA89AD300D6D803 /* Alister_Example_ExampleUITests.m in Sources */,
				D7A21E231DA89AD300D6D803 /* SnapshotHelper.m in Sources */,
			);
			runOnlyForDeploymentPostprocessing = 0;
		};
		D7EC43C81D512EE300128012 /* Sources */ = {
			isa = PBXSourcesBuildPhase;
			buildActionMask = 2147483647;
			files = (
				D7A21E991DA8A2A500D6D803 /* ANTestViewModel.m in Sources */,
				D74129841DB17FE500D7BB72 /* ANStorageSupplementaryManagerSpec.m in Sources */,
				D7A21E971DA8A2A500D6D803 /* ANTestKeyboardHandlerDelegate.m in Sources */,
				D7A21E901DA8A2A500D6D803 /* ANTestableListView.m in Sources */,
				D7A21E7D1DA8A2A500D6D803 /* ANTableViewSpec.m in Sources */,
				D7A21E781DA8A2A500D6D803 /* ANBaseTableViewHeaderFooterViewSpec.m in Sources */,
				D7A21E8C1DA8A2A500D6D803 /* ANTestableCollectionUpdateOperation.m in Sources */,
				D7549A661DAD3E3B00956D8D /* ANStorageUpdater_UpdateVerification_Spec.m in Sources */,
				D73FD5431DA91C2100AB5B7D /* ANStorageUpdateModelSpec.m in Sources */,
				180335941DB919A600332F5F /* ANEReorderingControllerSpec.m in Sources */,
				D7A21E751DA8A2A500D6D803 /* ANListControllerReloadOperationTests.m in Sources */,
				D7A21E791DA8A2A500D6D803 /* ANCollectionReusableViewSpec.m in Sources */,
				D74129801DAF07FD00D7BB72 /* ANStorageRemover_UpdateVerification_Spec.m in Sources */,
				D7A21E8A1DA8A2A500D6D803 /* ANECustomHeaderViewTest.m in Sources */,
				D7A21E6E1DA8A2A500D6D803 /* ANKeyboardHandlerTest.m in Sources */,
				D74129911DB66FF300D7BB72 /* ANStorageSpec.m in Sources */,
				D7A21E721DA8A2A500D6D803 /* ANListControllerMappingModelTest.m in Sources */,
				D7A21E6D1DA8A2A500D6D803 /* ANCollectionUpdateOperationTests.m in Sources */,
				D7A21E8F1DA8A2A500D6D803 /* ANTestableListControllerUpdateOperationDelegate.m in Sources */,
				D7549A5A1DAC358100956D8D /* ANStorageUpdater_Spec.m in Sources */,
				D7A21E881DA8A2A500D6D803 /* ANTableControllerUpdateOperationTests.m in Sources */,
				D7A21E8D1DA8A2A500D6D803 /* ANTestableCollectionView.m in Sources */,
				D7A21E7E1DA8A2A500D6D803 /* ANTestTableHeaderFooter.m in Sources */,
				D7A21E961DA8A2A500D6D803 /* ANTestableTouch.m in Sources */,
				D74129821DB15D5300D7BB72 /* ANStorageLoaderSpec.m in Sources */,
				D7A21E761DA8A2A500D6D803 /* ANListControllerSearchManagerTest.m in Sources */,
				D741298C1DB5939800D7BB72 /* ANStorageUpdateOperationSpec.m in Sources */,
				D7A21E731DA8A2A500D6D803 /* ANTableControllerReusableTest.m in Sources */,
				D73FD5401DA91C2100AB5B7D /* ANStorageModelSpec.m in Sources */,
				D7A21E701DA8A2A500D6D803 /* ANCollectionControllerTest.m in Sources */,
				D7A21E931DA8A2A500D6D803 /* ANTestableTableUpdateOperation.m in Sources */,
				D7A21E741DA8A2A500D6D803 /* ANTableControllerTest.m in Sources */,
				D7549A531DAAA36700956D8D /* ANStorageUpdateModel+Test.m in Sources */,
				D7A21E911DA8A2A500D6D803 /* ANTestableRange.m in Sources */,
				D7A21E891DA8A2A500D6D803 /* ANECustomHeaderViewModelTest.m in Sources */,
				D7A21E8B1DA8A2A500D6D803 /* ANELabelTableViewCellTest.m in Sources */,
				D7549A6D1DAEEA3E00956D8D /* ANStorageRemoverSpec.m in Sources */,
				D7A21E7C1DA8A2A500D6D803 /* ANTableContainerViewSpec.m in Sources */,
				1803359F1DB920B400332F5F /* ANEDefaultSupplementaryVCSpec.m in Sources */,
				D73FD5421DA91C2100AB5B7D /* ANStorageSectionModelSpec.m in Sources */,
				D7A21E9D1DA8A4C400D6D803 /* ANECustomFooterViewModelTest.m in Sources */,
				D7A21E9B1DA8A49C00D6D803 /* ANECustomFooterViewTest.m in Sources */,
				1803359A1DB91A2600332F5F /* ANButtonFooterViewSpec.m in Sources */,
				D7A21E941DA8A2A500D6D803 /* ANTestableTableView.m in Sources */,
				D73FD53C1DA91C2100AB5B7D /* ANStorageController_CRUD_Spec.m in Sources */,
				D7A21E921DA8A2A500D6D803 /* ANTestableStorageUpateOperation.m in Sources */,
				D7A21E711DA8A2A500D6D803 /* ANListControllerConfigurationModelTest.m in Sources */,
				D7A21E6F1DA8A2A500D6D803 /* ANCollectionControllerConfigurationModelTest.m in Sources */,
				D741298F1DB5AA4700D7BB72 /* ANStorageOperationFakeDelegate.m in Sources */,
				D74129861DB1A18100D7BB72 /* ANStorageSupplementaryManager_UpdateVerification_Spec.m in Sources */,
				180335981DB91A1100332F5F /* ANBottomStickedFooterVCSpec.m in Sources */,
				D7549A581DAC2C4200956D8D /* ANStorageController_Supplemetaries_Spec.m in Sources */,
				180335951DB919A600332F5F /* ANEReorderingVCSpec.m in Sources */,
				D7A21E771DA8A2A500D6D803 /* ANBaseTableFooterViewSpec.m in Sources */,
				D7A21E951DA8A2A500D6D803 /* ANTestableTextField.m in Sources */,
				D741298A1DB5926F00D7BB72 /* ANStorageMovedIndexPathModelSpec.m in Sources */,
				D7A21E7A1DA8A2A500D6D803 /* ANCollectionViewCellSpec.m in Sources */,
				D7A21E8E1DA8A2A500D6D803 /* ANTestableListControllerReloadOperationDelegate.m in Sources */,
				D7A21E981DA8A2A500D6D803 /* ANTestTableCell.m in Sources */,
			);
			runOnlyForDeploymentPostprocessing = 0;
		};
/* End PBXSourcesBuildPhase section */

/* Begin PBXTargetDependency section */
		D7A21E181DA89A7500D6D803 /* PBXTargetDependency */ = {
			isa = PBXTargetDependency;
			target = 6003F589195388D20070C39A /* Alister-Example */;
			targetProxy = D7A21E171DA89A7500D6D803 /* PBXContainerItemProxy */;
		};
		D7EC43D21D512EE300128012 /* PBXTargetDependency */ = {
			isa = PBXTargetDependency;
			target = 6003F589195388D20070C39A /* Alister-Example */;
			targetProxy = D7EC43D11D512EE300128012 /* PBXContainerItemProxy */;
		};
/* End PBXTargetDependency section */

/* Begin PBXVariantGroup section */
		D7A21DEC1DA895B500D6D803 /* InfoPlist.strings */ = {
			isa = PBXVariantGroup;
			children = (
				D7A21DED1DA895B500D6D803 /* en */,
			);
			name = InfoPlist.strings;
			sourceTree = "<group>";
		};
/* End PBXVariantGroup section */

/* Begin XCBuildConfiguration section */
		6003F5BD195388D20070C39A /* Debug */ = {
			isa = XCBuildConfiguration;
			buildSettings = {
				ALWAYS_SEARCH_USER_PATHS = NO;
				ASSETCATALOG_COMPILER_OPTIMIZATION = time;
				CLANG_ANALYZER_LOCALIZABILITY_EMPTY_CONTEXT = YES;
				CLANG_ANALYZER_LOCALIZABILITY_NONLOCALIZED = YES;
				CLANG_ANALYZER_SECURITY_FLOATLOOPCOUNTER = YES;
				CLANG_ANALYZER_SECURITY_INSECUREAPI_RAND = YES;
				CLANG_ANALYZER_SECURITY_INSECUREAPI_STRCPY = YES;
				CLANG_CXX_LANGUAGE_STANDARD = "gnu++0x";
				CLANG_CXX_LIBRARY = "libc++";
				CLANG_ENABLE_MODULES = YES;
				CLANG_ENABLE_OBJC_ARC = YES;
				CLANG_STATIC_ANALYZER_MODE = deep;
				CLANG_WARN_ASSIGN_ENUM = YES;
				CLANG_WARN_BOOL_CONVERSION = YES;
				CLANG_WARN_CONSTANT_CONVERSION = YES;
				CLANG_WARN_CXX0X_EXTENSIONS = YES;
				CLANG_WARN_DEPRECATED_OBJC_IMPLEMENTATIONS = YES;
				CLANG_WARN_DIRECT_OBJC_ISA_USAGE = YES_ERROR;
				CLANG_WARN_DOCUMENTATION_COMMENTS = YES;
				CLANG_WARN_EMPTY_BODY = YES;
				CLANG_WARN_ENUM_CONVERSION = YES;
				CLANG_WARN_IMPLICIT_SIGN_CONVERSION = NO;
				CLANG_WARN_INFINITE_RECURSION = YES;
				CLANG_WARN_INT_CONVERSION = YES;
				CLANG_WARN_OBJC_EXPLICIT_OWNERSHIP_TYPE = YES;
				CLANG_WARN_OBJC_IMPLICIT_ATOMIC_PROPERTIES = YES;
				CLANG_WARN_OBJC_IMPLICIT_RETAIN_SELF = YES;
				CLANG_WARN_OBJC_MISSING_PROPERTY_SYNTHESIS = YES;
				CLANG_WARN_OBJC_REPEATED_USE_OF_WEAK = YES;
				CLANG_WARN_OBJC_ROOT_CLASS = YES_ERROR;
				CLANG_WARN_SUSPICIOUS_IMPLICIT_CONVERSION = YES;
				CLANG_WARN_SUSPICIOUS_MOVE = YES;
				CLANG_WARN_UNREACHABLE_CODE = YES;
				CLANG_WARN__DUPLICATE_METHOD_MATCH = YES;
				CLANG_WARN__EXIT_TIME_DESTRUCTORS = YES;
				"CODE_SIGN_IDENTITY[sdk=iphoneos*]" = "iPhone Developer";
				COPY_PHASE_STRIP = NO;
				ENABLE_STRICT_OBJC_MSGSEND = YES;
				ENABLE_TESTABILITY = YES;
				GCC_C_LANGUAGE_STANDARD = gnu99;
				GCC_DYNAMIC_NO_PIC = NO;
				GCC_GENERATE_TEST_COVERAGE_FILES = YES;
				GCC_NO_COMMON_BLOCKS = YES;
				GCC_OPTIMIZATION_LEVEL = 0;
				GCC_PREPROCESSOR_DEFINITIONS = (
					"DEBUG=1",
					"$(inherited)",
				);
				GCC_SYMBOLS_PRIVATE_EXTERN = NO;
				GCC_TREAT_IMPLICIT_FUNCTION_DECLARATIONS_AS_ERRORS = NO;
				GCC_TREAT_INCOMPATIBLE_POINTER_TYPE_WARNINGS_AS_ERRORS = YES;
				GCC_WARN_64_TO_32_BIT_CONVERSION = YES;
				GCC_WARN_ABOUT_MISSING_FIELD_INITIALIZERS = YES;
				GCC_WARN_ABOUT_MISSING_NEWLINE = YES;
				GCC_WARN_ABOUT_MISSING_PROTOTYPES = YES;
				GCC_WARN_ABOUT_RETURN_TYPE = YES_ERROR;
				GCC_WARN_FOUR_CHARACTER_CONSTANTS = YES;
				GCC_WARN_HIDDEN_VIRTUAL_FUNCTIONS = YES;
				GCC_WARN_INITIALIZER_NOT_FULLY_BRACKETED = YES;
				GCC_WARN_NON_VIRTUAL_DESTRUCTOR = YES;
				GCC_WARN_SHADOW = YES;
				GCC_WARN_SIGN_COMPARE = YES;
				GCC_WARN_STRICT_SELECTOR_MATCH = YES;
				GCC_WARN_UNDECLARED_SELECTOR = YES;
				GCC_WARN_UNINITIALIZED_AUTOS = YES_AGGRESSIVE;
				GCC_WARN_UNKNOWN_PRAGMAS = YES;
				GCC_WARN_UNUSED_FUNCTION = YES;
				GCC_WARN_UNUSED_LABEL = YES;
				GCC_WARN_UNUSED_PARAMETER = YES;
				GCC_WARN_UNUSED_VARIABLE = YES;
				IPHONEOS_DEPLOYMENT_TARGET = 9.0;
				ONLY_ACTIVE_ARCH = YES;
				RUN_CLANG_STATIC_ANALYZER = YES;
				SDKROOT = iphoneos;
				TARGETED_DEVICE_FAMILY = "1,2";
			};
			name = Debug;
		};
		6003F5BE195388D20070C39A /* Release */ = {
			isa = XCBuildConfiguration;
			buildSettings = {
				ALWAYS_SEARCH_USER_PATHS = NO;
				ASSETCATALOG_COMPILER_OPTIMIZATION = time;
				CLANG_ANALYZER_LOCALIZABILITY_EMPTY_CONTEXT = YES;
				CLANG_ANALYZER_LOCALIZABILITY_NONLOCALIZED = YES;
				CLANG_ANALYZER_SECURITY_FLOATLOOPCOUNTER = YES;
				CLANG_ANALYZER_SECURITY_INSECUREAPI_RAND = YES;
				CLANG_ANALYZER_SECURITY_INSECUREAPI_STRCPY = YES;
				CLANG_CXX_LANGUAGE_STANDARD = "gnu++0x";
				CLANG_CXX_LIBRARY = "libc++";
				CLANG_ENABLE_MODULES = YES;
				CLANG_ENABLE_OBJC_ARC = YES;
				CLANG_STATIC_ANALYZER_MODE = deep;
				CLANG_WARN_ASSIGN_ENUM = YES;
				CLANG_WARN_BOOL_CONVERSION = YES;
				CLANG_WARN_CONSTANT_CONVERSION = YES;
				CLANG_WARN_CXX0X_EXTENSIONS = YES;
				CLANG_WARN_DEPRECATED_OBJC_IMPLEMENTATIONS = YES;
				CLANG_WARN_DIRECT_OBJC_ISA_USAGE = YES_ERROR;
				CLANG_WARN_DOCUMENTATION_COMMENTS = YES;
				CLANG_WARN_EMPTY_BODY = YES;
				CLANG_WARN_ENUM_CONVERSION = YES;
				CLANG_WARN_IMPLICIT_SIGN_CONVERSION = NO;
				CLANG_WARN_INFINITE_RECURSION = YES;
				CLANG_WARN_INT_CONVERSION = YES;
				CLANG_WARN_OBJC_EXPLICIT_OWNERSHIP_TYPE = YES;
				CLANG_WARN_OBJC_IMPLICIT_ATOMIC_PROPERTIES = YES;
				CLANG_WARN_OBJC_IMPLICIT_RETAIN_SELF = YES;
				CLANG_WARN_OBJC_MISSING_PROPERTY_SYNTHESIS = YES;
				CLANG_WARN_OBJC_REPEATED_USE_OF_WEAK = YES;
				CLANG_WARN_OBJC_ROOT_CLASS = YES_ERROR;
				CLANG_WARN_SUSPICIOUS_IMPLICIT_CONVERSION = YES;
				CLANG_WARN_SUSPICIOUS_MOVE = YES;
				CLANG_WARN_UNREACHABLE_CODE = YES;
				CLANG_WARN__DUPLICATE_METHOD_MATCH = YES;
				CLANG_WARN__EXIT_TIME_DESTRUCTORS = YES;
				"CODE_SIGN_IDENTITY[sdk=iphoneos*]" = "iPhone Developer";
				COPY_PHASE_STRIP = YES;
				ENABLE_NS_ASSERTIONS = NO;
				ENABLE_STRICT_OBJC_MSGSEND = YES;
				GCC_C_LANGUAGE_STANDARD = gnu99;
				GCC_NO_COMMON_BLOCKS = YES;
				GCC_TREAT_IMPLICIT_FUNCTION_DECLARATIONS_AS_ERRORS = NO;
				GCC_TREAT_INCOMPATIBLE_POINTER_TYPE_WARNINGS_AS_ERRORS = YES;
				GCC_WARN_64_TO_32_BIT_CONVERSION = YES;
				GCC_WARN_ABOUT_MISSING_FIELD_INITIALIZERS = YES;
				GCC_WARN_ABOUT_MISSING_NEWLINE = YES;
				GCC_WARN_ABOUT_MISSING_PROTOTYPES = YES;
				GCC_WARN_ABOUT_RETURN_TYPE = YES_ERROR;
				GCC_WARN_FOUR_CHARACTER_CONSTANTS = YES;
				GCC_WARN_HIDDEN_VIRTUAL_FUNCTIONS = YES;
				GCC_WARN_INITIALIZER_NOT_FULLY_BRACKETED = YES;
				GCC_WARN_NON_VIRTUAL_DESTRUCTOR = YES;
				GCC_WARN_SHADOW = YES;
				GCC_WARN_SIGN_COMPARE = YES;
				GCC_WARN_STRICT_SELECTOR_MATCH = YES;
				GCC_WARN_UNDECLARED_SELECTOR = YES;
				GCC_WARN_UNINITIALIZED_AUTOS = YES_AGGRESSIVE;
				GCC_WARN_UNKNOWN_PRAGMAS = YES;
				GCC_WARN_UNUSED_FUNCTION = YES;
				GCC_WARN_UNUSED_LABEL = YES;
				GCC_WARN_UNUSED_PARAMETER = YES;
				GCC_WARN_UNUSED_VARIABLE = YES;
				IPHONEOS_DEPLOYMENT_TARGET = 9.0;
				RUN_CLANG_STATIC_ANALYZER = YES;
				SDKROOT = iphoneos;
				TARGETED_DEVICE_FAMILY = "1,2";
				VALIDATE_PRODUCT = YES;
			};
			name = Release;
		};
		6003F5C0195388D20070C39A /* Debug */ = {
			isa = XCBuildConfiguration;
			baseConfigurationReference = CB2099F6E4049388FFBA7187 /* Pods-Alister-Example.debug.xcconfig */;
			buildSettings = {
				ASSETCATALOG_COMPILER_APPICON_NAME = AppIcon;
				ASSETCATALOG_COMPILER_LAUNCHIMAGE_NAME = LaunchImage;
				CLANG_ANALYZER_SECURITY_FLOATLOOPCOUNTER = YES;
				CLANG_ANALYZER_SECURITY_INSECUREAPI_RAND = YES;
				CLANG_ANALYZER_SECURITY_INSECUREAPI_STRCPY = YES;
				CLANG_STATIC_ANALYZER_MODE = deep;
				CLANG_WARN_ASSIGN_ENUM = YES;
				CLANG_WARN_CXX0X_EXTENSIONS = YES;
				CLANG_WARN_DEPRECATED_OBJC_IMPLEMENTATIONS = YES;
				CLANG_WARN_DOCUMENTATION_COMMENTS = YES;
				CLANG_WARN_IMPLICIT_SIGN_CONVERSION = YES;
				CLANG_WARN_NULLABLE_TO_NONNULL_CONVERSION = YES;
				CLANG_WARN_OBJC_EXPLICIT_OWNERSHIP_TYPE = YES;
				CLANG_WARN_OBJC_IMPLICIT_ATOMIC_PROPERTIES = YES;
				CLANG_WARN_OBJC_IMPLICIT_RETAIN_SELF = YES;
				CLANG_WARN_OBJC_MISSING_PROPERTY_SYNTHESIS = NO;
				CLANG_WARN_OBJC_REPEATED_USE_OF_WEAK = YES;
				CLANG_WARN_SUSPICIOUS_IMPLICIT_CONVERSION = YES;
				CLANG_WARN_UNREACHABLE_CODE = YES_AGGRESSIVE;
				CLANG_WARN__EXIT_TIME_DESTRUCTORS = YES;
				"CODE_SIGN_IDENTITY[sdk=iphoneos*]" = "iPhone Developer";
				DEVELOPMENT_TEAM = "";
				GCC_PRECOMPILE_PREFIX_HEADER = YES;
				GCC_PREFIX_HEADER = "Alister-Example/BundleFiles/Alister-Example-Prefix.pch";
				GCC_TREAT_IMPLICIT_FUNCTION_DECLARATIONS_AS_ERRORS = YES;
				GCC_TREAT_INCOMPATIBLE_POINTER_TYPE_WARNINGS_AS_ERRORS = YES;
				GCC_WARN_ABOUT_MISSING_FIELD_INITIALIZERS = YES;
				GCC_WARN_ABOUT_MISSING_NEWLINE = YES;
				GCC_WARN_ABOUT_MISSING_PROTOTYPES = YES;
				GCC_WARN_FOUR_CHARACTER_CONSTANTS = YES;
				GCC_WARN_HIDDEN_VIRTUAL_FUNCTIONS = YES;
				GCC_WARN_INITIALIZER_NOT_FULLY_BRACKETED = YES;
				GCC_WARN_NON_VIRTUAL_DESTRUCTOR = YES;
				GCC_WARN_SHADOW = YES;
				GCC_WARN_SIGN_COMPARE = YES;
				GCC_WARN_STRICT_SELECTOR_MATCH = YES;
				GCC_WARN_UNKNOWN_PRAGMAS = YES;
				GCC_WARN_UNUSED_LABEL = YES;
				GCC_WARN_UNUSED_PARAMETER = YES;
				INFOPLIST_FILE = "$(SRCROOT)/Alister-Example/BundleFiles/Alister-Example-Info.plist";
				IPHONEOS_DEPLOYMENT_TARGET = 9.0;
				MODULE_NAME = ExampleApp;
				PRODUCT_BUNDLE_IDENTIFIER = "mobi.anoda.Alister-Example";
				PRODUCT_NAME = "Alister-Example_Example";
				PROVISIONING_PROFILE = "";
				PROVISIONING_PROFILE_SPECIFIER = "";
				RUN_CLANG_STATIC_ANALYZER = YES;
				WRAPPER_EXTENSION = app;
			};
			name = Debug;
		};
		6003F5C1195388D20070C39A /* Release */ = {
			isa = XCBuildConfiguration;
			baseConfigurationReference = 5A48C1C6D522CC417AF71E09 /* Pods-Alister-Example.release.xcconfig */;
			buildSettings = {
				ASSETCATALOG_COMPILER_APPICON_NAME = AppIcon;
				ASSETCATALOG_COMPILER_LAUNCHIMAGE_NAME = LaunchImage;
				CLANG_ANALYZER_SECURITY_FLOATLOOPCOUNTER = YES;
				CLANG_ANALYZER_SECURITY_INSECUREAPI_RAND = YES;
				CLANG_ANALYZER_SECURITY_INSECUREAPI_STRCPY = YES;
				CLANG_STATIC_ANALYZER_MODE = deep;
				CLANG_WARN_ASSIGN_ENUM = YES;
				CLANG_WARN_CXX0X_EXTENSIONS = YES;
				CLANG_WARN_DEPRECATED_OBJC_IMPLEMENTATIONS = YES;
				CLANG_WARN_DOCUMENTATION_COMMENTS = YES;
				CLANG_WARN_IMPLICIT_SIGN_CONVERSION = YES;
				CLANG_WARN_NULLABLE_TO_NONNULL_CONVERSION = YES;
				CLANG_WARN_OBJC_EXPLICIT_OWNERSHIP_TYPE = YES;
				CLANG_WARN_OBJC_IMPLICIT_ATOMIC_PROPERTIES = YES;
				CLANG_WARN_OBJC_IMPLICIT_RETAIN_SELF = YES;
				CLANG_WARN_OBJC_MISSING_PROPERTY_SYNTHESIS = NO;
				CLANG_WARN_OBJC_REPEATED_USE_OF_WEAK = YES;
				CLANG_WARN_SUSPICIOUS_IMPLICIT_CONVERSION = YES;
				CLANG_WARN_UNREACHABLE_CODE = YES_AGGRESSIVE;
				CLANG_WARN__EXIT_TIME_DESTRUCTORS = YES;
				"CODE_SIGN_IDENTITY[sdk=iphoneos*]" = "iPhone Developer";
				DEVELOPMENT_TEAM = "";
				GCC_PRECOMPILE_PREFIX_HEADER = YES;
				GCC_PREFIX_HEADER = "Alister-Example/BundleFiles/Alister-Example-Prefix.pch";
				GCC_TREAT_IMPLICIT_FUNCTION_DECLARATIONS_AS_ERRORS = YES;
				GCC_TREAT_INCOMPATIBLE_POINTER_TYPE_WARNINGS_AS_ERRORS = YES;
				GCC_WARN_ABOUT_MISSING_FIELD_INITIALIZERS = YES;
				GCC_WARN_ABOUT_MISSING_NEWLINE = YES;
				GCC_WARN_ABOUT_MISSING_PROTOTYPES = YES;
				GCC_WARN_FOUR_CHARACTER_CONSTANTS = YES;
				GCC_WARN_HIDDEN_VIRTUAL_FUNCTIONS = YES;
				GCC_WARN_INITIALIZER_NOT_FULLY_BRACKETED = YES;
				GCC_WARN_NON_VIRTUAL_DESTRUCTOR = YES;
				GCC_WARN_SHADOW = YES;
				GCC_WARN_SIGN_COMPARE = YES;
				GCC_WARN_STRICT_SELECTOR_MATCH = YES;
				GCC_WARN_UNKNOWN_PRAGMAS = YES;
				GCC_WARN_UNUSED_LABEL = YES;
				GCC_WARN_UNUSED_PARAMETER = YES;
				INFOPLIST_FILE = "$(SRCROOT)/Alister-Example/BundleFiles/Alister-Example-Info.plist";
				IPHONEOS_DEPLOYMENT_TARGET = 9.0;
				MODULE_NAME = ExampleApp;
				PRODUCT_BUNDLE_IDENTIFIER = "mobi.anoda.Alister-Example";
				PRODUCT_NAME = "Alister-Example_Example";
				PROVISIONING_PROFILE = "";
				PROVISIONING_PROFILE_SPECIFIER = "";
				RUN_CLANG_STATIC_ANALYZER = YES;
				WRAPPER_EXTENSION = app;
			};
			name = Release;
		};
		D7A21E191DA89A7500D6D803 /* Debug */ = {
			isa = XCBuildConfiguration;
			buildSettings = {
				CLANG_ANALYZER_NONNULL = YES;
				CLANG_WARN_SUSPICIOUS_MOVES = YES;
				"CODE_SIGN_IDENTITY[sdk=iphoneos*]" = "iPhone Developer";
				DEBUG_INFORMATION_FORMAT = dwarf;
				DEVELOPMENT_TEAM = "";
				INFOPLIST_FILE = "Alister-Example-UITests/Info.plist";
				IPHONEOS_DEPLOYMENT_TARGET = 10.0;
				LD_RUNPATH_SEARCH_PATHS = "$(inherited) @executable_path/Frameworks @loader_path/Frameworks";
				MTL_ENABLE_DEBUG_INFO = YES;
				PRODUCT_BUNDLE_IDENTIFIER = "mobi.anoda.alister-uitests.Alister-Example-UITests";
				PRODUCT_NAME = "$(TARGET_NAME)";
				TEST_TARGET_NAME = "Alister-Example";
			};
			name = Debug;
		};
		D7A21E1A1DA89A7500D6D803 /* Release */ = {
			isa = XCBuildConfiguration;
			buildSettings = {
				CLANG_ANALYZER_NONNULL = YES;
				CLANG_WARN_SUSPICIOUS_MOVES = YES;
				"CODE_SIGN_IDENTITY[sdk=iphoneos*]" = "iPhone Developer";
				COPY_PHASE_STRIP = NO;
				DEBUG_INFORMATION_FORMAT = "dwarf-with-dsym";
				DEVELOPMENT_TEAM = "";
				INFOPLIST_FILE = "Alister-Example-UITests/Info.plist";
				IPHONEOS_DEPLOYMENT_TARGET = 10.0;
				LD_RUNPATH_SEARCH_PATHS = "$(inherited) @executable_path/Frameworks @loader_path/Frameworks";
				MTL_ENABLE_DEBUG_INFO = NO;
				PRODUCT_BUNDLE_IDENTIFIER = "mobi.anoda.alister-uitests.Alister-Example-UITests";
				PRODUCT_NAME = "$(TARGET_NAME)";
				TEST_TARGET_NAME = "Alister-Example";
			};
			name = Release;
		};
		D7EC43D41D512EE300128012 /* Debug */ = {
			isa = XCBuildConfiguration;
			baseConfigurationReference = 019F2C73D93E6032B674EAE3 /* Pods-Alister-Example-Tests.debug.xcconfig */;
			buildSettings = {
				BUNDLE_LOADER = "$(TEST_HOST)";
				CLANG_WARN_OBJC_MISSING_PROPERTY_SYNTHESIS = NO;
				DEBUG_INFORMATION_FORMAT = dwarf;
				DEVELOPMENT_TEAM = 7VYW9J77NX;
				ENABLE_STRICT_OBJC_MSGSEND = YES;
				GCC_NO_COMMON_BLOCKS = YES;
				GCC_PRECOMPILE_PREFIX_HEADER = YES;
				GCC_PREFIX_HEADER = "Alister-Example-Tests/Tests-Prefix.pch";
				INFOPLIST_FILE = "Alister-Example-Tests/Info.plist";
				IPHONEOS_DEPLOYMENT_TARGET = 9.2;
				LD_RUNPATH_SEARCH_PATHS = "$(inherited) @executable_path/Frameworks @loader_path/Frameworks";
				MTL_ENABLE_DEBUG_INFO = YES;
				PRODUCT_BUNDLE_IDENTIFIER = "mobi.anoda.alester-tests.Alister-Example-Tests";
				PRODUCT_NAME = "$(TARGET_NAME)";
				TEST_HOST = "$(BUILT_PRODUCTS_DIR)/Alister-Example_Example.app/Alister-Example_Example";
			};
			name = Debug;
		};
		D7EC43D51D512EE300128012 /* Release */ = {
			isa = XCBuildConfiguration;
			baseConfigurationReference = F94C3A38CF0AB0BC1BBB034E /* Pods-Alister-Example-Tests.release.xcconfig */;
			buildSettings = {
				BUNDLE_LOADER = "$(TEST_HOST)";
				CLANG_WARN_OBJC_MISSING_PROPERTY_SYNTHESIS = NO;
				COPY_PHASE_STRIP = NO;
				DEBUG_INFORMATION_FORMAT = "dwarf-with-dsym";
				DEVELOPMENT_TEAM = 7VYW9J77NX;
				ENABLE_STRICT_OBJC_MSGSEND = YES;
				GCC_NO_COMMON_BLOCKS = YES;
				GCC_PRECOMPILE_PREFIX_HEADER = YES;
				GCC_PREFIX_HEADER = "Alister-Example-Tests/Tests-Prefix.pch";
				INFOPLIST_FILE = "Alister-Example-Tests/Info.plist";
				IPHONEOS_DEPLOYMENT_TARGET = 9.2;
				LD_RUNPATH_SEARCH_PATHS = "$(inherited) @executable_path/Frameworks @loader_path/Frameworks";
				MTL_ENABLE_DEBUG_INFO = NO;
				PRODUCT_BUNDLE_IDENTIFIER = "mobi.anoda.alester-tests.Alister-Example-Tests";
				PRODUCT_NAME = "$(TARGET_NAME)";
				TEST_HOST = "$(BUILT_PRODUCTS_DIR)/Alister-Example_Example.app/Alister-Example_Example";
			};
			name = Release;
		};
/* End XCBuildConfiguration section */

/* Begin XCConfigurationList section */
		6003F585195388D10070C39A /* Build configuration list for PBXProject "Alister-Example" */ = {
			isa = XCConfigurationList;
			buildConfigurations = (
				6003F5BD195388D20070C39A /* Debug */,
				6003F5BE195388D20070C39A /* Release */,
			);
			defaultConfigurationIsVisible = 0;
			defaultConfigurationName = Release;
		};
		6003F5BF195388D20070C39A /* Build configuration list for PBXNativeTarget "Alister-Example" */ = {
			isa = XCConfigurationList;
			buildConfigurations = (
				6003F5C0195388D20070C39A /* Debug */,
				6003F5C1195388D20070C39A /* Release */,
			);
			defaultConfigurationIsVisible = 0;
			defaultConfigurationName = Release;
		};
		D7A21E1B1DA89A7500D6D803 /* Build configuration list for PBXNativeTarget "Alister-Example-UITests" */ = {
			isa = XCConfigurationList;
			buildConfigurations = (
				D7A21E191DA89A7500D6D803 /* Debug */,
				D7A21E1A1DA89A7500D6D803 /* Release */,
			);
			defaultConfigurationIsVisible = 0;
			defaultConfigurationName = Release;
		};
		D7EC43D31D512EE300128012 /* Build configuration list for PBXNativeTarget "Alister-Example-Tests" */ = {
			isa = XCConfigurationList;
			buildConfigurations = (
				D7EC43D41D512EE300128012 /* Debug */,
				D7EC43D51D512EE300128012 /* Release */,
			);
			defaultConfigurationIsVisible = 0;
			defaultConfigurationName = Release;
		};
/* End XCConfigurationList section */
	};
	rootObject = 6003F582195388D10070C39A /* Project object */;
}
